
Microsoft Visual Studio Solution File, Format Version 12.00
# Visual Studio Version 16
VisualStudioVersion = 16.0.28508.60
MinimumVisualStudioVersion = 16.0.0.0
Project("{2150E333-8FDC-42A3-9474-1A3956D46DE8}") = "DI.External.Tests", "DI.External.Tests", "{2AB3CFC2-9E7D-4928-ADC3-07DC42778DC8}"
EndProject
Project("{9A19103F-16F7-4668-BE54-9A1E7A4F7556}") = "Microsoft.Extensions.DependencyInjection.ExternalContainers.Tests", "DI.External.Tests\test\Microsoft.Extensions.DependencyInjection.ExternalContainers.Tests.csproj", "{61A474DD-2FA9-47CE-BA61-D5D441C6924B}"
EndProject
Project("{2150E333-8FDC-42A3-9474-1A3956D46DE8}") = "DI.Specification.Tests", "DI.Specification.Tests", "{DCE2FA14-0ADC-4774-AAFB-604FE4AB423A}"
EndProject
Project("{9A19103F-16F7-4668-BE54-9A1E7A4F7556}") = "Microsoft.Extensions.DependencyInjection.Specification.Tests", "DI.Specification.Tests\src\Microsoft.Extensions.DependencyInjection.Specification.Tests.csproj", "{F1F351F3-B92F-49DE-93E1-DD7FFC137C0F}"
EndProject
Global
	GlobalSection(SolutionConfigurationPlatforms) = preSolution
		Debug|Any CPU = Debug|Any CPU
		Debug|x64 = Debug|x64
		Debug|x86 = Debug|x86
		Release|Any CPU = Release|Any CPU
		Release|x64 = Release|x64
		Release|x86 = Release|x86
	EndGlobalSection
	GlobalSection(ProjectConfigurationPlatforms) = postSolution
		{61A474DD-2FA9-47CE-BA61-D5D441C6924B}.Debug|Any CPU.ActiveCfg = Debug|Any CPU
		{61A474DD-2FA9-47CE-BA61-D5D441C6924B}.Debug|Any CPU.Build.0 = Debug|Any CPU
		{61A474DD-2FA9-47CE-BA61-D5D441C6924B}.Debug|x64.ActiveCfg = Debug|Any CPU
		{61A474DD-2FA9-47CE-BA61-D5D441C6924B}.Debug|x64.Build.0 = Debug|Any CPU
		{61A474DD-2FA9-47CE-BA61-D5D441C6924B}.Debug|x86.ActiveCfg = Debug|Any CPU
		{61A474DD-2FA9-47CE-BA61-D5D441C6924B}.Debug|x86.Build.0 = Debug|Any CPU
		{61A474DD-2FA9-47CE-BA61-D5D441C6924B}.Release|Any CPU.ActiveCfg = Release|Any CPU
		{61A474DD-2FA9-47CE-BA61-D5D441C6924B}.Release|Any CPU.Build.0 = Release|Any CPU
		{61A474DD-2FA9-47CE-BA61-D5D441C6924B}.Release|x64.ActiveCfg = Release|Any CPU
		{61A474DD-2FA9-47CE-BA61-D5D441C6924B}.Release|x64.Build.0 = Release|Any CPU
		{61A474DD-2FA9-47CE-BA61-D5D441C6924B}.Release|x86.ActiveCfg = Release|Any CPU
		{61A474DD-2FA9-47CE-BA61-D5D441C6924B}.Release|x86.Build.0 = Release|Any CPU
		{F1F351F3-B92F-49DE-93E1-DD7FFC137C0F}.Debug|Any CPU.ActiveCfg = Debug|Any CPU
		{F1F351F3-B92F-49DE-93E1-DD7FFC137C0F}.Debug|Any CPU.Build.0 = Debug|Any CPU
		{F1F351F3-B92F-49DE-93E1-DD7FFC137C0F}.Debug|x64.ActiveCfg = Debug|Any CPU
		{F1F351F3-B92F-49DE-93E1-DD7FFC137C0F}.Debug|x64.Build.0 = Debug|Any CPU
		{F1F351F3-B92F-49DE-93E1-DD7FFC137C0F}.Debug|x86.ActiveCfg = Debug|Any CPU
		{F1F351F3-B92F-49DE-93E1-DD7FFC137C0F}.Debug|x86.Build.0 = Debug|Any CPU
		{F1F351F3-B92F-49DE-93E1-DD7FFC137C0F}.Release|Any CPU.ActiveCfg = Release|Any CPU
		{F1F351F3-B92F-49DE-93E1-DD7FFC137C0F}.Release|Any CPU.Build.0 = Release|Any CPU
		{F1F351F3-B92F-49DE-93E1-DD7FFC137C0F}.Release|x64.ActiveCfg = Release|Any CPU
		{F1F351F3-B92F-49DE-93E1-DD7FFC137C0F}.Release|x64.Build.0 = Release|Any CPU
		{F1F351F3-B92F-49DE-93E1-DD7FFC137C0F}.Release|x86.ActiveCfg = Release|Any CPU
		{F1F351F3-B92F-49DE-93E1-DD7FFC137C0F}.Release|x86.Build.0 = Release|Any CPU
	EndGlobalSection
	GlobalSection(SolutionProperties) = preSolution
		HideSolutionNode = FALSE
	EndGlobalSection
	GlobalSection(NestedProjects) = preSolution
		{61A474DD-2FA9-47CE-BA61-D5D441C6924B} = {2AB3CFC2-9E7D-4928-ADC3-07DC42778DC8}
		{F1F351F3-B92F-49DE-93E1-DD7FFC137C0F} = {DCE2FA14-0ADC-4774-AAFB-604FE4AB423A}
	EndGlobalSection
	GlobalSection(ExtensibilityGlobals) = postSolution
		SolutionGuid = {E8C39812-56AD-485D-8101-15D1A77D27C7}
	EndGlobalSection
EndGlobal
