Microsoft Visual Studio Solution File, Format Version 12.00
# Visual Studio 15
VisualStudioVersion = 15.0.26814.0
MinimumVisualStudioVersion = 15.0.26730.03
Project("{2150E333-8FDC-42A3-9474-1A3956D46DE8}") = "src", "src", "{D26F6F80-63EE-4081-A814-EF3DBABE24D9}"
	ProjectSection(SolutionItems) = preProject
		src\Directory.Build.props = src\Directory.Build.props
	EndProjectSection
EndProject
Project("{2150E333-8FDC-42A3-9474-1A3956D46DE8}") = "test", "test", "{88B347C1-CCEC-4827-9564-FFF07C9BF7C7}"
	ProjectSection(SolutionItems) = preProject
		test\Directory.Build.props = test\Directory.Build.props
	EndProjectSection
EndProject
Project("{9A19103F-16F7-4668-BE54-9A1E7A4F7556}") = "DI", "src\DI\DI.csproj", "{07ABDD98-9974-48CB-8265-53D1A8EC9E34}"
EndProject
Project("{9A19103F-16F7-4668-BE54-9A1E7A4F7556}") = "DI.Tests", "test\DI.Tests\DI.Tests.csproj", "{20201277-5461-49EF-811B-63ED3CD274EF}"
EndProject
Project("{9A19103F-16F7-4668-BE54-9A1E7A4F7556}") = "DI.Abstractions", "src\DI.Abstractions\DI.Abstractions.csproj", "{4E959D3B-2E0D-4296-B22C-D428DED294F0}"
EndProject
Project("{2150E333-8FDC-42A3-9474-1A3956D46DE8}") = "SolutionItems", "SolutionItems", "{39447DAF-CDD6-456F-B473-1E9A9D21ADF5}"
	ProjectSection(SolutionItems) = preProject
		.appveyor.yml = .appveyor.yml
		.gitattributes = .gitattributes
		.gitignore = .gitignore
		.travis.yml = .travis.yml
		build.cmd = build.cmd
		build.ps1 = build.ps1
		build.sh = build.sh
		CONTRIBUTING.md = CONTRIBUTING.md
		Directory.Build.props = Directory.Build.props
		Directory.Build.targets = Directory.Build.targets
		LICENSE.txt = LICENSE.txt
		NuGet.config = NuGet.config
		NuGetPackageVerifier.json = NuGetPackageVerifier.json
		README.md = README.md
		version.xml = version.xml
	EndProjectSection
EndProject
Project("{9A19103F-16F7-4668-BE54-9A1E7A4F7556}") = "DI.Specification.Tests", "src\DI.Specification.Tests\DI.Specification.Tests.csproj", "{B9395B0F-E8E3-4913-BABF-E71A76F21231}"
EndProject
Project("{9A19103F-16F7-4668-BE54-9A1E7A4F7556}") = "DI.Performance", "benchmarks\DI.Performance\DI.Performance.csproj", "{2AB56E17-8ADC-4763-B298-79BFECC351A8}"
EndProject
Project("{2150E333-8FDC-42A3-9474-1A3956D46DE8}") = "build", "build", "{483CFA4B-18DB-404D-BCA0-E39E6734733F}"
	ProjectSection(SolutionItems) = preProject
		build\dependencies.props = build\dependencies.props
		build\repo.props = build\repo.props
	EndProjectSection
EndProject
Project("{2150E333-8FDC-42A3-9474-1A3956D46DE8}") = "shared", "shared", "{4AF469F9-F632-4F4A-AA1D-63094E932023}"
EndProject
Project("{2150E333-8FDC-42A3-9474-1A3956D46DE8}") = "Microsoft.Extensions.ParameterDefaultValue.Sources", "Microsoft.Extensions.ParameterDefaultValue.Sources", "{B3C89BF1-5232-40C6-99AD-B7A67611207A}"
	ProjectSection(SolutionItems) = preProject
		shared\Microsoft.Extensions.ParameterDefaultValue.Sources\ParameterDefaultValue.cs = shared\Microsoft.Extensions.ParameterDefaultValue.Sources\ParameterDefaultValue.cs
	EndProjectSection
EndProject
Project("{2150E333-8FDC-42A3-9474-1A3956D46DE8}") = "Microsoft.Extensions.ActivatorUtilities.Sources", "Microsoft.Extensions.ActivatorUtilities.Sources", "{D9306F3C-ADE0-4874-98C2-3E82576F88A6}"
	ProjectSection(SolutionItems) = preProject
		shared\Microsoft.Extensions.ActivatorUtilities.Sources\ActivatorUtilities.cs = shared\Microsoft.Extensions.ActivatorUtilities.Sources\ActivatorUtilities.cs
		shared\Microsoft.Extensions.ActivatorUtilities.Sources\ObjectFactory.cs = shared\Microsoft.Extensions.ActivatorUtilities.Sources\ObjectFactory.cs
		shared\Microsoft.Extensions.ActivatorUtilities.Sources\sharedsources.props = shared\Microsoft.Extensions.ActivatorUtilities.Sources\sharedsources.props
	EndProjectSection
EndProject
Global
	GlobalSection(SolutionConfigurationPlatforms) = preSolution
		Debug|Any CPU = Debug|Any CPU
		Debug|Mixed Platforms = Debug|Mixed Platforms
		Debug|x86 = Debug|x86
		Release|Any CPU = Release|Any CPU
		Release|Mixed Platforms = Release|Mixed Platforms
		Release|x86 = Release|x86
	EndGlobalSection
	GlobalSection(ProjectConfigurationPlatforms) = postSolution
		{07ABDD98-9974-48CB-8265-53D1A8EC9E34}.Debug|Any CPU.ActiveCfg = Debug|Any CPU
		{07ABDD98-9974-48CB-8265-53D1A8EC9E34}.Debug|Any CPU.Build.0 = Debug|Any CPU
		{07ABDD98-9974-48CB-8265-53D1A8EC9E34}.Debug|Mixed Platforms.ActiveCfg = Debug|Any CPU
		{07ABDD98-9974-48CB-8265-53D1A8EC9E34}.Debug|Mixed Platforms.Build.0 = Debug|Any CPU
		{07ABDD98-9974-48CB-8265-53D1A8EC9E34}.Debug|x86.ActiveCfg = Debug|Any CPU
		{07ABDD98-9974-48CB-8265-53D1A8EC9E34}.Release|Any CPU.ActiveCfg = Release|Any CPU
		{07ABDD98-9974-48CB-8265-53D1A8EC9E34}.Release|Any CPU.Build.0 = Release|Any CPU
		{07ABDD98-9974-48CB-8265-53D1A8EC9E34}.Release|Mixed Platforms.ActiveCfg = Release|Any CPU
		{07ABDD98-9974-48CB-8265-53D1A8EC9E34}.Release|Mixed Platforms.Build.0 = Release|Any CPU
		{07ABDD98-9974-48CB-8265-53D1A8EC9E34}.Release|x86.ActiveCfg = Release|Any CPU
		{20201277-5461-49EF-811B-63ED3CD274EF}.Debug|Any CPU.ActiveCfg = Debug|Any CPU
		{20201277-5461-49EF-811B-63ED3CD274EF}.Debug|Any CPU.Build.0 = Debug|Any CPU
		{20201277-5461-49EF-811B-63ED3CD274EF}.Debug|Mixed Platforms.ActiveCfg = Debug|Any CPU
		{20201277-5461-49EF-811B-63ED3CD274EF}.Debug|Mixed Platforms.Build.0 = Debug|Any CPU
		{20201277-5461-49EF-811B-63ED3CD274EF}.Debug|x86.ActiveCfg = Debug|Any CPU
		{20201277-5461-49EF-811B-63ED3CD274EF}.Release|Any CPU.ActiveCfg = Release|Any CPU
		{20201277-5461-49EF-811B-63ED3CD274EF}.Release|Any CPU.Build.0 = Release|Any CPU
		{20201277-5461-49EF-811B-63ED3CD274EF}.Release|Mixed Platforms.ActiveCfg = Release|Any CPU
		{20201277-5461-49EF-811B-63ED3CD274EF}.Release|Mixed Platforms.Build.0 = Release|Any CPU
		{20201277-5461-49EF-811B-63ED3CD274EF}.Release|x86.ActiveCfg = Release|Any CPU
		{4E959D3B-2E0D-4296-B22C-D428DED294F0}.Debug|Any CPU.ActiveCfg = Debug|Any CPU
		{4E959D3B-2E0D-4296-B22C-D428DED294F0}.Debug|Any CPU.Build.0 = Debug|Any CPU
		{4E959D3B-2E0D-4296-B22C-D428DED294F0}.Debug|Mixed Platforms.ActiveCfg = Debug|Any CPU
		{4E959D3B-2E0D-4296-B22C-D428DED294F0}.Debug|Mixed Platforms.Build.0 = Debug|Any CPU
		{4E959D3B-2E0D-4296-B22C-D428DED294F0}.Debug|x86.ActiveCfg = Debug|Any CPU
		{4E959D3B-2E0D-4296-B22C-D428DED294F0}.Debug|x86.Build.0 = Debug|Any CPU
		{4E959D3B-2E0D-4296-B22C-D428DED294F0}.Release|Any CPU.ActiveCfg = Release|Any CPU
		{4E959D3B-2E0D-4296-B22C-D428DED294F0}.Release|Any CPU.Build.0 = Release|Any CPU
		{4E959D3B-2E0D-4296-B22C-D428DED294F0}.Release|Mixed Platforms.ActiveCfg = Release|Any CPU
		{4E959D3B-2E0D-4296-B22C-D428DED294F0}.Release|Mixed Platforms.Build.0 = Release|Any CPU
		{4E959D3B-2E0D-4296-B22C-D428DED294F0}.Release|x86.ActiveCfg = Release|Any CPU
		{4E959D3B-2E0D-4296-B22C-D428DED294F0}.Release|x86.Build.0 = Release|Any CPU
		{B9395B0F-E8E3-4913-BABF-E71A76F21231}.Debug|Any CPU.ActiveCfg = Debug|Any CPU
		{B9395B0F-E8E3-4913-BABF-E71A76F21231}.Debug|Any CPU.Build.0 = Debug|Any CPU
		{B9395B0F-E8E3-4913-BABF-E71A76F21231}.Debug|Mixed Platforms.ActiveCfg = Debug|Any CPU
		{B9395B0F-E8E3-4913-BABF-E71A76F21231}.Debug|Mixed Platforms.Build.0 = Debug|Any CPU
		{B9395B0F-E8E3-4913-BABF-E71A76F21231}.Debug|x86.ActiveCfg = Debug|Any CPU
		{B9395B0F-E8E3-4913-BABF-E71A76F21231}.Debug|x86.Build.0 = Debug|Any CPU
		{B9395B0F-E8E3-4913-BABF-E71A76F21231}.Release|Any CPU.ActiveCfg = Release|Any CPU
		{B9395B0F-E8E3-4913-BABF-E71A76F21231}.Release|Any CPU.Build.0 = Release|Any CPU
		{B9395B0F-E8E3-4913-BABF-E71A76F21231}.Release|Mixed Platforms.ActiveCfg = Release|Any CPU
		{B9395B0F-E8E3-4913-BABF-E71A76F21231}.Release|Mixed Platforms.Build.0 = Release|Any CPU
		{B9395B0F-E8E3-4913-BABF-E71A76F21231}.Release|x86.ActiveCfg = Release|Any CPU
		{B9395B0F-E8E3-4913-BABF-E71A76F21231}.Release|x86.Build.0 = Release|Any CPU
		{2AB56E17-8ADC-4763-B298-79BFECC351A8}.Debug|Any CPU.ActiveCfg = Debug|Any CPU
		{2AB56E17-8ADC-4763-B298-79BFECC351A8}.Debug|Any CPU.Build.0 = Debug|Any CPU
		{2AB56E17-8ADC-4763-B298-79BFECC351A8}.Debug|Mixed Platforms.ActiveCfg = Debug|Any CPU
		{2AB56E17-8ADC-4763-B298-79BFECC351A8}.Debug|Mixed Platforms.Build.0 = Debug|Any CPU
		{2AB56E17-8ADC-4763-B298-79BFECC351A8}.Debug|x86.ActiveCfg = Debug|Any CPU
		{2AB56E17-8ADC-4763-B298-79BFECC351A8}.Debug|x86.Build.0 = Debug|Any CPU
		{2AB56E17-8ADC-4763-B298-79BFECC351A8}.Release|Any CPU.ActiveCfg = Release|Any CPU
		{2AB56E17-8ADC-4763-B298-79BFECC351A8}.Release|Any CPU.Build.0 = Release|Any CPU
		{2AB56E17-8ADC-4763-B298-79BFECC351A8}.Release|Mixed Platforms.ActiveCfg = Release|Any CPU
		{2AB56E17-8ADC-4763-B298-79BFECC351A8}.Release|Mixed Platforms.Build.0 = Release|Any CPU
		{2AB56E17-8ADC-4763-B298-79BFECC351A8}.Release|x86.ActiveCfg = Release|Any CPU
		{2AB56E17-8ADC-4763-B298-79BFECC351A8}.Release|x86.Build.0 = Release|Any CPU
	EndGlobalSection
	GlobalSection(SolutionProperties) = preSolution
		HideSolutionNode = FALSE
	EndGlobalSection
	GlobalSection(NestedProjects) = preSolution
		{07ABDD98-9974-48CB-8265-53D1A8EC9E34} = {D26F6F80-63EE-4081-A814-EF3DBABE24D9}
		{20201277-5461-49EF-811B-63ED3CD274EF} = {88B347C1-CCEC-4827-9564-FFF07C9BF7C7}
		{4E959D3B-2E0D-4296-B22C-D428DED294F0} = {D26F6F80-63EE-4081-A814-EF3DBABE24D9}
		{B9395B0F-E8E3-4913-BABF-E71A76F21231} = {D26F6F80-63EE-4081-A814-EF3DBABE24D9}
		{2AB56E17-8ADC-4763-B298-79BFECC351A8} = {88B347C1-CCEC-4827-9564-FFF07C9BF7C7}
		{483CFA4B-18DB-404D-BCA0-E39E6734733F} = {39447DAF-CDD6-456F-B473-1E9A9D21ADF5}
		{B3C89BF1-5232-40C6-99AD-B7A67611207A} = {4AF469F9-F632-4F4A-AA1D-63094E932023}
		{D9306F3C-ADE0-4874-98C2-3E82576F88A6} = {4AF469F9-F632-4F4A-AA1D-63094E932023}
	EndGlobalSection
	GlobalSection(ExtensibilityGlobals) = postSolution
		SolutionGuid = {C6654A46-2519-44F2-9C86-0D4BF9F6E0F3}
	EndGlobalSection
EndGlobal
