
Microsoft Visual Studio Solution File, Format Version 12.00
# Visual Studio 2013
VisualStudioVersion = 12.0.30401.0
MinimumVisualStudioVersion = 10.0.40219.1
Project("{2150E333-8FDC-42A3-9474-1A3956D46DE8}") = "src", "src", "{D26F6F80-63EE-4081-A814-EF3DBABE24D9}"
EndProject
Project("{2150E333-8FDC-42A3-9474-1A3956D46DE8}") = "test", "test", "{88B347C1-CCEC-4827-9564-FFF07C9BF7C7}"
EndProject
Project("{8BB2217D-0F2D-49D1-97BC-3654ED321F3B}") = "Microsoft.AspNet.DependencyInjection", "src\Microsoft.AspNet.DependencyInjection\Microsoft.AspNet.DependencyInjection.kproj", "{07ABDD98-9974-48CB-8265-53D1A8EC9E34}"
EndProject
Project("{8BB2217D-0F2D-49D1-97BC-3654ED321F3B}") = "Microsoft.AspNet.DependencyInjection.Autofac", "src\Microsoft.AspNet.DependencyInjection.Autofac\Microsoft.AspNet.DependencyInjection.Autofac.kproj", "{02E94030-B7B8-4629-8664-1096A56FFDD5}"
EndProject
Project("{8BB2217D-0F2D-49D1-97BC-3654ED321F3B}") = "Microsoft.AspNet.DependencyInjection.Ninject", "src\Microsoft.AspNet.DependencyInjection.Ninject\Microsoft.AspNet.DependencyInjection.Ninject.kproj", "{19124943-DEEF-4782-A7E8-DC91387EEDF3}"
EndProject
Project("{8BB2217D-0F2D-49D1-97BC-3654ED321F3B}") = "Microsoft.AspNet.DependencyInjection.StructureMap", "src\Microsoft.AspNet.DependencyInjection.StructureMap\Microsoft.AspNet.DependencyInjection.StructureMap.kproj", "{497C15BE-CE5E-4076-961A-F8A88D560945}"
EndProject
Project("{8BB2217D-0F2D-49D1-97BC-3654ED321F3B}") = "Microsoft.AspNet.DependencyInjection.Unity", "src\Microsoft.AspNet.DependencyInjection.Unity\Microsoft.AspNet.DependencyInjection.Unity.kproj", "{D8C11452-5C68-452C-82F8-A87B1E6460A3}"
EndProject
Project("{8BB2217D-0F2D-49D1-97BC-3654ED321F3B}") = "Microsoft.AspNet.DependencyInjection.Windsor", "src\Microsoft.AspNet.DependencyInjection.Windsor\Microsoft.AspNet.DependencyInjection.Windsor.kproj", "{B01A5956-436F-400E-BE6A-44916A4D49A0}"
EndProject
Project("{8BB2217D-0F2D-49D1-97BC-3654ED321F3B}") = "Microsoft.AspNet.DependencyInjection.Tests", "test\Microsoft.AspNet.DependencyInjection.Tests\Microsoft.AspNet.DependencyInjection.Tests.kproj", "{20201277-5461-49EF-811B-63ED3CD274EF}"
EndProject
Global
	GlobalSection(SolutionConfigurationPlatforms) = preSolution
		Debug|Any CPU = Debug|Any CPU
		Debug|Mixed Platforms = Debug|Mixed Platforms
		Debug|x86 = Debug|x86
		Release|Any CPU = Release|Any CPU
		Release|Mixed Platforms = Release|Mixed Platforms
		Release|x86 = Release|x86
	EndGlobalSection
	GlobalSection(ProjectConfigurationPlatforms) = postSolution
		{07ABDD98-9974-48CB-8265-53D1A8EC9E34}.Debug|Any CPU.ActiveCfg = Debug|x86
		{07ABDD98-9974-48CB-8265-53D1A8EC9E34}.Debug|Mixed Platforms.ActiveCfg = Debug|x86
		{07ABDD98-9974-48CB-8265-53D1A8EC9E34}.Debug|Mixed Platforms.Build.0 = Debug|x86
		{07ABDD98-9974-48CB-8265-53D1A8EC9E34}.Debug|x86.ActiveCfg = Debug|x86
		{07ABDD98-9974-48CB-8265-53D1A8EC9E34}.Debug|x86.Build.0 = Debug|x86
		{07ABDD98-9974-48CB-8265-53D1A8EC9E34}.Release|Any CPU.ActiveCfg = Release|x86
		{07ABDD98-9974-48CB-8265-53D1A8EC9E34}.Release|Mixed Platforms.ActiveCfg = Release|x86
		{07ABDD98-9974-48CB-8265-53D1A8EC9E34}.Release|Mixed Platforms.Build.0 = Release|x86
		{07ABDD98-9974-48CB-8265-53D1A8EC9E34}.Release|x86.ActiveCfg = Release|x86
		{07ABDD98-9974-48CB-8265-53D1A8EC9E34}.Release|x86.Build.0 = Release|x86
		{02E94030-B7B8-4629-8664-1096A56FFDD5}.Debug|Any CPU.ActiveCfg = Debug|x86
		{02E94030-B7B8-4629-8664-1096A56FFDD5}.Debug|Mixed Platforms.ActiveCfg = Debug|x86
		{02E94030-B7B8-4629-8664-1096A56FFDD5}.Debug|Mixed Platforms.Build.0 = Debug|x86
		{02E94030-B7B8-4629-8664-1096A56FFDD5}.Debug|x86.ActiveCfg = Debug|x86
		{02E94030-B7B8-4629-8664-1096A56FFDD5}.Debug|x86.Build.0 = Debug|x86
		{02E94030-B7B8-4629-8664-1096A56FFDD5}.Release|Any CPU.ActiveCfg = Release|x86
		{02E94030-B7B8-4629-8664-1096A56FFDD5}.Release|Mixed Platforms.ActiveCfg = Release|x86
		{02E94030-B7B8-4629-8664-1096A56FFDD5}.Release|Mixed Platforms.Build.0 = Release|x86
		{02E94030-B7B8-4629-8664-1096A56FFDD5}.Release|x86.ActiveCfg = Release|x86
		{02E94030-B7B8-4629-8664-1096A56FFDD5}.Release|x86.Build.0 = Release|x86
		{19124943-DEEF-4782-A7E8-DC91387EEDF3}.Debug|Any CPU.ActiveCfg = Debug|x86
		{19124943-DEEF-4782-A7E8-DC91387EEDF3}.Debug|Mixed Platforms.ActiveCfg = Debug|x86
		{19124943-DEEF-4782-A7E8-DC91387EEDF3}.Debug|Mixed Platforms.Build.0 = Debug|x86
		{19124943-DEEF-4782-A7E8-DC91387EEDF3}.Debug|x86.ActiveCfg = Debug|x86
		{19124943-DEEF-4782-A7E8-DC91387EEDF3}.Debug|x86.Build.0 = Debug|x86
		{19124943-DEEF-4782-A7E8-DC91387EEDF3}.Release|Any CPU.ActiveCfg = Release|x86
		{19124943-DEEF-4782-A7E8-DC91387EEDF3}.Release|Mixed Platforms.ActiveCfg = Release|x86
		{19124943-DEEF-4782-A7E8-DC91387EEDF3}.Release|Mixed Platforms.Build.0 = Release|x86
		{19124943-DEEF-4782-A7E8-DC91387EEDF3}.Release|x86.ActiveCfg = Release|x86
		{19124943-DEEF-4782-A7E8-DC91387EEDF3}.Release|x86.Build.0 = Release|x86
		{497C15BE-CE5E-4076-961A-F8A88D560945}.Debug|Any CPU.ActiveCfg = Debug|x86
		{497C15BE-CE5E-4076-961A-F8A88D560945}.Debug|Mixed Platforms.ActiveCfg = Debug|x86
		{497C15BE-CE5E-4076-961A-F8A88D560945}.Debug|Mixed Platforms.Build.0 = Debug|x86
		{497C15BE-CE5E-4076-961A-F8A88D560945}.Debug|x86.ActiveCfg = Debug|x86
		{497C15BE-CE5E-4076-961A-F8A88D560945}.Debug|x86.Build.0 = Debug|x86
		{497C15BE-CE5E-4076-961A-F8A88D560945}.Release|Any CPU.ActiveCfg = Release|x86
		{497C15BE-CE5E-4076-961A-F8A88D560945}.Release|Mixed Platforms.ActiveCfg = Release|x86
		{497C15BE-CE5E-4076-961A-F8A88D560945}.Release|Mixed Platforms.Build.0 = Release|x86
		{497C15BE-CE5E-4076-961A-F8A88D560945}.Release|x86.ActiveCfg = Release|x86
		{497C15BE-CE5E-4076-961A-F8A88D560945}.Release|x86.Build.0 = Release|x86
		{D8C11452-5C68-452C-82F8-A87B1E6460A3}.Debug|Any CPU.ActiveCfg = Debug|x86
		{D8C11452-5C68-452C-82F8-A87B1E6460A3}.Debug|Mixed Platforms.ActiveCfg = Debug|x86
		{D8C11452-5C68-452C-82F8-A87B1E6460A3}.Debug|Mixed Platforms.Build.0 = Debug|x86
		{D8C11452-5C68-452C-82F8-A87B1E6460A3}.Debug|x86.ActiveCfg = Debug|x86
		{D8C11452-5C68-452C-82F8-A87B1E6460A3}.Debug|x86.Build.0 = Debug|x86
		{D8C11452-5C68-452C-82F8-A87B1E6460A3}.Release|Any CPU.ActiveCfg = Release|x86
		{D8C11452-5C68-452C-82F8-A87B1E6460A3}.Release|Mixed Platforms.ActiveCfg = Release|x86
		{D8C11452-5C68-452C-82F8-A87B1E6460A3}.Release|Mixed Platforms.Build.0 = Release|x86
		{D8C11452-5C68-452C-82F8-A87B1E6460A3}.Release|x86.ActiveCfg = Release|x86
		{D8C11452-5C68-452C-82F8-A87B1E6460A3}.Release|x86.Build.0 = Release|x86
		{B01A5956-436F-400E-BE6A-44916A4D49A0}.Debug|Any CPU.ActiveCfg = Debug|x86
		{B01A5956-436F-400E-BE6A-44916A4D49A0}.Debug|Mixed Platforms.ActiveCfg = Debug|x86
		{B01A5956-436F-400E-BE6A-44916A4D49A0}.Debug|Mixed Platforms.Build.0 = Debug|x86
		{B01A5956-436F-400E-BE6A-44916A4D49A0}.Debug|x86.ActiveCfg = Debug|x86
		{B01A5956-436F-400E-BE6A-44916A4D49A0}.Debug|x86.Build.0 = Debug|x86
		{B01A5956-436F-400E-BE6A-44916A4D49A0}.Release|Any CPU.ActiveCfg = Release|x86
		{B01A5956-436F-400E-BE6A-44916A4D49A0}.Release|Mixed Platforms.ActiveCfg = Release|x86
		{B01A5956-436F-400E-BE6A-44916A4D49A0}.Release|Mixed Platforms.Build.0 = Release|x86
		{B01A5956-436F-400E-BE6A-44916A4D49A0}.Release|x86.ActiveCfg = Release|x86
		{B01A5956-436F-400E-BE6A-44916A4D49A0}.Release|x86.Build.0 = Release|x86
		{20201277-5461-49EF-811B-63ED3CD274EF}.Debug|Any CPU.ActiveCfg = Debug|x86
		{20201277-5461-49EF-811B-63ED3CD274EF}.Debug|Mixed Platforms.ActiveCfg = Debug|x86
		{20201277-5461-49EF-811B-63ED3CD274EF}.Debug|Mixed Platforms.Build.0 = Debug|x86
		{20201277-5461-49EF-811B-63ED3CD274EF}.Debug|x86.ActiveCfg = Debug|x86
		{20201277-5461-49EF-811B-63ED3CD274EF}.Debug|x86.Build.0 = Debug|x86
		{20201277-5461-49EF-811B-63ED3CD274EF}.Release|Any CPU.ActiveCfg = Release|x86
		{20201277-5461-49EF-811B-63ED3CD274EF}.Release|Mixed Platforms.ActiveCfg = Release|x86
		{20201277-5461-49EF-811B-63ED3CD274EF}.Release|Mixed Platforms.Build.0 = Release|x86
		{20201277-5461-49EF-811B-63ED3CD274EF}.Release|x86.ActiveCfg = Release|x86
		{20201277-5461-49EF-811B-63ED3CD274EF}.Release|x86.Build.0 = Release|x86
	EndGlobalSection
	GlobalSection(SolutionProperties) = preSolution
		HideSolutionNode = FALSE
	EndGlobalSection
	GlobalSection(NestedProjects) = preSolution
		{07ABDD98-9974-48CB-8265-53D1A8EC9E34} = {D26F6F80-63EE-4081-A814-EF3DBABE24D9}
		{02E94030-B7B8-4629-8664-1096A56FFDD5} = {D26F6F80-63EE-4081-A814-EF3DBABE24D9}
		{19124943-DEEF-4782-A7E8-DC91387EEDF3} = {D26F6F80-63EE-4081-A814-EF3DBABE24D9}
		{497C15BE-CE5E-4076-961A-F8A88D560945} = {D26F6F80-63EE-4081-A814-EF3DBABE24D9}
		{D8C11452-5C68-452C-82F8-A87B1E6460A3} = {D26F6F80-63EE-4081-A814-EF3DBABE24D9}
		{B01A5956-436F-400E-BE6A-44916A4D49A0} = {D26F6F80-63EE-4081-A814-EF3DBABE24D9}
		{20201277-5461-49EF-811B-63ED3CD274EF} = {88B347C1-CCEC-4827-9564-FFF07C9BF7C7}
	EndGlobalSection
EndGlobal
