Microsoft Visual Studio Solution File, Format Version 12.00
# Visual Studio 15
VisualStudioVersion = 15.0.26927.1
MinimumVisualStudioVersion = 15.0.26730.03
Project("{2150E333-8FDC-42A3-9474-1A3956D46DE8}") = "src", "src", "{FEAA3936-5906-4383-B750-F07FE1B156C5}"
	ProjectSection(SolutionItems) = preProject
		src\Directory.Build.props = src\Directory.Build.props
	EndProjectSection
EndProject
Project("{2150E333-8FDC-42A3-9474-1A3956D46DE8}") = "test", "test", "{6878D8F1-6DCE-4677-AA1A-4D14BA6D2D60}"
	ProjectSection(SolutionItems) = preProject
		test\Directory.Build.props = test\Directory.Build.props
	EndProjectSection
EndProject
Project("{9A19103F-16F7-4668-BE54-9A1E7A4F7556}") = "Microsoft.Extensions.Internal.Test", "test\Microsoft.Extensions.Internal.Test\Microsoft.Extensions.Internal.Test.csproj", "{D81EAC23-B515-49FB-B04B-285A9C1C6583}"
EndProject
Project("{9A19103F-16F7-4668-BE54-9A1E7A4F7556}") = "Microsoft.Extensions.Primitives", "src\Microsoft.Extensions.Primitives\Microsoft.Extensions.Primitives.csproj", "{711B5F84-1EDC-49A7-9643-766CE93A0466}"
EndProject
Project("{9A19103F-16F7-4668-BE54-9A1E7A4F7556}") = "Microsoft.Extensions.Primitives.Tests", "test\Microsoft.Extensions.Primitives.Tests\Microsoft.Extensions.Primitives.Tests.csproj", "{61F72E92-B3AE-4A10-B838-44F80AED40AE}"
EndProject
Project("{9A19103F-16F7-4668-BE54-9A1E7A4F7556}") = "Microsoft.Extensions.ObjectPool", "src\Microsoft.Extensions.ObjectPool\Microsoft.Extensions.ObjectPool.csproj", "{C87DA599-4C1F-4B91-9C77-A10E79CD8701}"
EndProject
Project("{9A19103F-16F7-4668-BE54-9A1E7A4F7556}") = "Microsoft.Extensions.ObjectPool.Test", "test\Microsoft.Extensions.ObjectPool.Test\Microsoft.Extensions.ObjectPool.Test.csproj", "{DA1D70F4-717A-4440-B388-B5BEE670C14D}"
EndProject
Project("{9A19103F-16F7-4668-BE54-9A1E7A4F7556}") = "Microsoft.Extensions.CommandLineUtils.Tests", "test\Microsoft.Extensions.CommandLineUtils.Tests\Microsoft.Extensions.CommandLineUtils.Tests.csproj", "{7E6564C3-04E3-418C-B96A-463FE2906F09}"
EndProject
Project("{2150E333-8FDC-42A3-9474-1A3956D46DE8}") = "testassets", "testassets", "{8668B1D5-9C54-49CA-8446-18040B4C7D15}"
EndProject
Project("{9A19103F-16F7-4668-BE54-9A1E7A4F7556}") = "ThrowingLibrary", "testassets\ThrowingLibrary\ThrowingLibrary.csproj", "{E1586801-D345-43C7-BC4B-9D4A83101B6C}"
EndProject
Project("{2150E333-8FDC-42A3-9474-1A3956D46DE8}") = "Solution Items", "Solution Items", "{3639F4F0-86E4-4EA1-9A1C-F9FE0337016B}"
	ProjectSection(SolutionItems) = preProject
		.appveyor.yml = .appveyor.yml
		.gitattributes = .gitattributes
		.gitignore = .gitignore
		.travis.yml = .travis.yml
		build.cmd = build.cmd
		build.ps1 = build.ps1
		build.sh = build.sh
		CONTRIBUTING.md = CONTRIBUTING.md
		Directory.Build.props = Directory.Build.props
		Directory.Build.targets = Directory.Build.targets
		LICENSE.txt = LICENSE.txt
		NuGet.config = NuGet.config
		NuGetPackageVerifier.json = NuGetPackageVerifier.json
		README.md = README.md
		version.xml = version.xml
	EndProjectSection
EndProject
Project("{2150E333-8FDC-42A3-9474-1A3956D46DE8}") = "build", "build", "{D2D23857-741F-4E7B-A8E1-492CC8F38FB0}"
	ProjectSection(SolutionItems) = preProject
		build\dependencies.props = build\dependencies.props
		build\repo.props = build\repo.props
	EndProjectSection
EndProject
Project("{2150E333-8FDC-42A3-9474-1A3956D46DE8}") = "benchmarks", "benchmarks", "{A9A93AF9-2113-4321-AD20-51F60FF8B2BD}"
EndProject
Project("{9A19103F-16F7-4668-BE54-9A1E7A4F7556}") = "Microsoft.Extensions.ObjectPool.Performance", "benchmarks\Microsoft.Extensions.ObjectPool.Performance\Microsoft.Extensions.ObjectPool.Performance.csproj", "{7486AB7B-C22F-4CA0-91EA-D31D9443DBFB}"
EndProject
Project("{9A19103F-16F7-4668-BE54-9A1E7A4F7556}") = "Microsoft.Extensions.Primitives.Performance", "benchmarks\Microsoft.Extensions.Primitives.Performance\Microsoft.Extensions.Primitives.Performance.csproj", "{E180A42D-2CB3-4810-8605-1AC30250EFED}"
EndProject
Project("{9A19103F-16F7-4668-BE54-9A1E7A4F7556}") = "Microsoft.AspNetCore.Testing", "src\Microsoft.AspNetCore.Testing\Microsoft.AspNetCore.Testing.csproj", "{FBFB870A-39D1-4DA3-B002-C21E5EA247D9}"
EndProject
Project("{9A19103F-16F7-4668-BE54-9A1E7A4F7556}") = "Sample.Tests", "test\Sample.Tests\Sample.Tests.csproj", "{225CFC67-B1CB-46E6-A4EE-E42B532F4986}"
EndProject
Project("{9A19103F-16F7-4668-BE54-9A1E7A4F7556}") = "Microsoft.AspNetCore.Analyzer.Testing", "src\Microsoft.AspNetCore.Analyzer.Testing\Microsoft.AspNetCore.Analyzer.Testing.csproj", "{50EC2676-229C-4305-AEA8-EE14AD3C3CFC}"
EndProject
Project("{9A19103F-16F7-4668-BE54-9A1E7A4F7556}") = "Microsoft.AspNetCore.Testing.Tests", "test\Microsoft.AspNetCore.Testing.Tests\Microsoft.AspNetCore.Testing.Tests.csproj", "{B439E0C8-F892-4AC5-BBF7-63BCDAACA7A9}"
EndProject
Project("{9A19103F-16F7-4668-BE54-9A1E7A4F7556}") = "Internal.AspNetCore.Analyzers", "src\Internal.AspNetCore.Analyzers\Internal.AspNetCore.Analyzers.csproj", "{FACBCBCB-D043-4AE8-A22D-A683040999DD}"
EndProject
Project("{9A19103F-16F7-4668-BE54-9A1E7A4F7556}") = "Internal.AspNetCore.Analyzers.Tests", "test\Internal.AspNetCore.Analyzers.Tests\Internal.AspNetCore.Analyzers.Tests.csproj", "{1A579BD1-A4C4-4B1B-B092-D1670DF7F239}"
EndProject
Global
	GlobalSection(SolutionConfigurationPlatforms) = preSolution
		Debug|Any CPU = Debug|Any CPU
		Release|Any CPU = Release|Any CPU
	EndGlobalSection
	GlobalSection(ProjectConfigurationPlatforms) = postSolution
		{D81EAC23-B515-49FB-B04B-285A9C1C6583}.Debug|Any CPU.ActiveCfg = Debug|Any CPU
		{D81EAC23-B515-49FB-B04B-285A9C1C6583}.Debug|Any CPU.Build.0 = Debug|Any CPU
		{D81EAC23-B515-49FB-B04B-285A9C1C6583}.Release|Any CPU.ActiveCfg = Release|Any CPU
		{D81EAC23-B515-49FB-B04B-285A9C1C6583}.Release|Any CPU.Build.0 = Release|Any CPU
		{711B5F84-1EDC-49A7-9643-766CE93A0466}.Debug|Any CPU.ActiveCfg = Debug|Any CPU
		{711B5F84-1EDC-49A7-9643-766CE93A0466}.Debug|Any CPU.Build.0 = Debug|Any CPU
		{711B5F84-1EDC-49A7-9643-766CE93A0466}.Release|Any CPU.ActiveCfg = Release|Any CPU
		{711B5F84-1EDC-49A7-9643-766CE93A0466}.Release|Any CPU.Build.0 = Release|Any CPU
		{61F72E92-B3AE-4A10-B838-44F80AED40AE}.Debug|Any CPU.ActiveCfg = Debug|Any CPU
		{61F72E92-B3AE-4A10-B838-44F80AED40AE}.Debug|Any CPU.Build.0 = Debug|Any CPU
		{61F72E92-B3AE-4A10-B838-44F80AED40AE}.Release|Any CPU.ActiveCfg = Release|Any CPU
		{61F72E92-B3AE-4A10-B838-44F80AED40AE}.Release|Any CPU.Build.0 = Release|Any CPU
		{C87DA599-4C1F-4B91-9C77-A10E79CD8701}.Debug|Any CPU.ActiveCfg = Debug|Any CPU
		{C87DA599-4C1F-4B91-9C77-A10E79CD8701}.Debug|Any CPU.Build.0 = Debug|Any CPU
		{C87DA599-4C1F-4B91-9C77-A10E79CD8701}.Release|Any CPU.ActiveCfg = Release|Any CPU
		{C87DA599-4C1F-4B91-9C77-A10E79CD8701}.Release|Any CPU.Build.0 = Release|Any CPU
		{DA1D70F4-717A-4440-B388-B5BEE670C14D}.Debug|Any CPU.ActiveCfg = Debug|Any CPU
		{DA1D70F4-717A-4440-B388-B5BEE670C14D}.Debug|Any CPU.Build.0 = Debug|Any CPU
		{DA1D70F4-717A-4440-B388-B5BEE670C14D}.Release|Any CPU.ActiveCfg = Release|Any CPU
		{DA1D70F4-717A-4440-B388-B5BEE670C14D}.Release|Any CPU.Build.0 = Release|Any CPU
		{7E6564C3-04E3-418C-B96A-463FE2906F09}.Debug|Any CPU.ActiveCfg = Debug|Any CPU
		{7E6564C3-04E3-418C-B96A-463FE2906F09}.Debug|Any CPU.Build.0 = Debug|Any CPU
		{7E6564C3-04E3-418C-B96A-463FE2906F09}.Release|Any CPU.ActiveCfg = Release|Any CPU
		{7E6564C3-04E3-418C-B96A-463FE2906F09}.Release|Any CPU.Build.0 = Release|Any CPU
		{E1586801-D345-43C7-BC4B-9D4A83101B6C}.Debug|Any CPU.ActiveCfg = Debug|Any CPU
		{E1586801-D345-43C7-BC4B-9D4A83101B6C}.Debug|Any CPU.Build.0 = Debug|Any CPU
		{E1586801-D345-43C7-BC4B-9D4A83101B6C}.Release|Any CPU.ActiveCfg = Release|Any CPU
		{E1586801-D345-43C7-BC4B-9D4A83101B6C}.Release|Any CPU.Build.0 = Release|Any CPU
		{7486AB7B-C22F-4CA0-91EA-D31D9443DBFB}.Debug|Any CPU.ActiveCfg = Debug|Any CPU
		{7486AB7B-C22F-4CA0-91EA-D31D9443DBFB}.Debug|Any CPU.Build.0 = Debug|Any CPU
		{7486AB7B-C22F-4CA0-91EA-D31D9443DBFB}.Release|Any CPU.ActiveCfg = Release|Any CPU
		{7486AB7B-C22F-4CA0-91EA-D31D9443DBFB}.Release|Any CPU.Build.0 = Release|Any CPU
		{E180A42D-2CB3-4810-8605-1AC30250EFED}.Debug|Any CPU.ActiveCfg = Debug|Any CPU
		{E180A42D-2CB3-4810-8605-1AC30250EFED}.Debug|Any CPU.Build.0 = Debug|Any CPU
		{E180A42D-2CB3-4810-8605-1AC30250EFED}.Release|Any CPU.ActiveCfg = Release|Any CPU
		{E180A42D-2CB3-4810-8605-1AC30250EFED}.Release|Any CPU.Build.0 = Release|Any CPU
		{FBFB870A-39D1-4DA3-B002-C21E5EA247D9}.Debug|Any CPU.ActiveCfg = Debug|Any CPU
		{FBFB870A-39D1-4DA3-B002-C21E5EA247D9}.Debug|Any CPU.Build.0 = Debug|Any CPU
		{FBFB870A-39D1-4DA3-B002-C21E5EA247D9}.Release|Any CPU.ActiveCfg = Release|Any CPU
		{FBFB870A-39D1-4DA3-B002-C21E5EA247D9}.Release|Any CPU.Build.0 = Release|Any CPU
		{225CFC67-B1CB-46E6-A4EE-E42B532F4986}.Debug|Any CPU.ActiveCfg = Debug|Any CPU
		{225CFC67-B1CB-46E6-A4EE-E42B532F4986}.Debug|Any CPU.Build.0 = Debug|Any CPU
		{225CFC67-B1CB-46E6-A4EE-E42B532F4986}.Release|Any CPU.ActiveCfg = Release|Any CPU
		{225CFC67-B1CB-46E6-A4EE-E42B532F4986}.Release|Any CPU.Build.0 = Release|Any CPU
		{50EC2676-229C-4305-AEA8-EE14AD3C3CFC}.Debug|Any CPU.ActiveCfg = Debug|Any CPU
		{50EC2676-229C-4305-AEA8-EE14AD3C3CFC}.Debug|Any CPU.Build.0 = Debug|Any CPU
		{50EC2676-229C-4305-AEA8-EE14AD3C3CFC}.Release|Any CPU.ActiveCfg = Release|Any CPU
		{50EC2676-229C-4305-AEA8-EE14AD3C3CFC}.Release|Any CPU.Build.0 = Release|Any CPU
		{B439E0C8-F892-4AC5-BBF7-63BCDAACA7A9}.Debug|Any CPU.ActiveCfg = Debug|Any CPU
		{B439E0C8-F892-4AC5-BBF7-63BCDAACA7A9}.Debug|Any CPU.Build.0 = Debug|Any CPU
		{B439E0C8-F892-4AC5-BBF7-63BCDAACA7A9}.Release|Any CPU.ActiveCfg = Release|Any CPU
		{B439E0C8-F892-4AC5-BBF7-63BCDAACA7A9}.Release|Any CPU.Build.0 = Release|Any CPU
		{FACBCBCB-D043-4AE8-A22D-A683040999DD}.Debug|Any CPU.ActiveCfg = Debug|Any CPU
		{FACBCBCB-D043-4AE8-A22D-A683040999DD}.Debug|Any CPU.Build.0 = Debug|Any CPU
		{FACBCBCB-D043-4AE8-A22D-A683040999DD}.Release|Any CPU.ActiveCfg = Release|Any CPU
		{FACBCBCB-D043-4AE8-A22D-A683040999DD}.Release|Any CPU.Build.0 = Release|Any CPU
		{1A579BD1-A4C4-4B1B-B092-D1670DF7F239}.Debug|Any CPU.ActiveCfg = Debug|Any CPU
		{1A579BD1-A4C4-4B1B-B092-D1670DF7F239}.Debug|Any CPU.Build.0 = Debug|Any CPU
		{1A579BD1-A4C4-4B1B-B092-D1670DF7F239}.Release|Any CPU.ActiveCfg = Release|Any CPU
		{1A579BD1-A4C4-4B1B-B092-D1670DF7F239}.Release|Any CPU.Build.0 = Release|Any CPU
	EndGlobalSection
	GlobalSection(SolutionProperties) = preSolution
		HideSolutionNode = FALSE
	EndGlobalSection
	GlobalSection(NestedProjects) = preSolution
		{D81EAC23-B515-49FB-B04B-285A9C1C6583} = {6878D8F1-6DCE-4677-AA1A-4D14BA6D2D60}
		{711B5F84-1EDC-49A7-9643-766CE93A0466} = {FEAA3936-5906-4383-B750-F07FE1B156C5}
		{61F72E92-B3AE-4A10-B838-44F80AED40AE} = {6878D8F1-6DCE-4677-AA1A-4D14BA6D2D60}
		{C87DA599-4C1F-4B91-9C77-A10E79CD8701} = {FEAA3936-5906-4383-B750-F07FE1B156C5}
		{DA1D70F4-717A-4440-B388-B5BEE670C14D} = {6878D8F1-6DCE-4677-AA1A-4D14BA6D2D60}
		{7E6564C3-04E3-418C-B96A-463FE2906F09} = {6878D8F1-6DCE-4677-AA1A-4D14BA6D2D60}
		{E1586801-D345-43C7-BC4B-9D4A83101B6C} = {8668B1D5-9C54-49CA-8446-18040B4C7D15}
		{7486AB7B-C22F-4CA0-91EA-D31D9443DBFB} = {A9A93AF9-2113-4321-AD20-51F60FF8B2BD}
		{E180A42D-2CB3-4810-8605-1AC30250EFED} = {A9A93AF9-2113-4321-AD20-51F60FF8B2BD}
		{FBFB870A-39D1-4DA3-B002-C21E5EA247D9} = {FEAA3936-5906-4383-B750-F07FE1B156C5}
		{225CFC67-B1CB-46E6-A4EE-E42B532F4986} = {6878D8F1-6DCE-4677-AA1A-4D14BA6D2D60}
		{50EC2676-229C-4305-AEA8-EE14AD3C3CFC} = {FEAA3936-5906-4383-B750-F07FE1B156C5}
		{B439E0C8-F892-4AC5-BBF7-63BCDAACA7A9} = {6878D8F1-6DCE-4677-AA1A-4D14BA6D2D60}
		{FACBCBCB-D043-4AE8-A22D-A683040999DD} = {FEAA3936-5906-4383-B750-F07FE1B156C5}
		{1A579BD1-A4C4-4B1B-B092-D1670DF7F239} = {6878D8F1-6DCE-4677-AA1A-4D14BA6D2D60}
	EndGlobalSection
	GlobalSection(ExtensibilityGlobals) = postSolution
		SolutionGuid = {371030CF-B541-4BA9-9F54-3C7563415CF1}
	EndGlobalSection
EndGlobal
