
Microsoft Visual Studio Solution File, Format Version 12.00
# Visual Studio 15
VisualStudioVersion = 15.0.26124.0
MinimumVisualStudioVersion = 15.0.26124.0
Project("{2150E333-8FDC-42A3-9474-1A3956D46DE8}") = "DiagnosticAdapter", "DiagnosticAdapter", "{13B8928D-1FE1-4B9D-8B2C-E3248612052B}"
EndProject
Project("{9A19103F-16F7-4668-BE54-9A1E7A4F7556}") = "Microsoft.Extensions.DiagnosticAdapter", "src\DiagnosticAdapter\src\Microsoft.Extensions.DiagnosticAdapter.csproj", "{EB6915B4-60EC-458F-B5E1-D896AB13363F}"
EndProject
Project("{9A19103F-16F7-4668-BE54-9A1E7A4F7556}") = "Microsoft.Extensions.DiagnosticAdapter.Tests", "src\DiagnosticAdapter\test\Microsoft.Extensions.DiagnosticAdapter.Tests.csproj", "{FD3FE2BE-7DB4-4A12-AE3F-68476749A514}"
EndProject
Project("{2150E333-8FDC-42A3-9474-1A3956D46DE8}") = "ObjectPool", "ObjectPool", "{1469A562-3184-4A91-A02F-2482CF5FB27F}"
EndProject
Project("{9A19103F-16F7-4668-BE54-9A1E7A4F7556}") = "Microsoft.Extensions.ObjectPool.Performance", "src\ObjectPool\perf\Microsoft.Extensions.ObjectPool.Performance.csproj", "{0004DB59-E116-45E1-A75E-3B43690FF812}"
EndProject
Project("{9A19103F-16F7-4668-BE54-9A1E7A4F7556}") = "Microsoft.Extensions.ObjectPool", "src\ObjectPool\src\Microsoft.Extensions.ObjectPool.csproj", "{E570FB73-59CF-4747-9B78-70D4D3D67A09}"
EndProject
Project("{9A19103F-16F7-4668-BE54-9A1E7A4F7556}") = "Microsoft.Extensions.ObjectPool.Tests", "src\ObjectPool\test\Microsoft.Extensions.ObjectPool.Tests.csproj", "{8AF032F6-AD70-48B1-A67C-C1ACCD7B524B}"
EndProject
Project("{2150E333-8FDC-42A3-9474-1A3956D46DE8}") = "Primitives", "Primitives", "{B938B88D-2FD2-445F-B194-DEB3FF405ACF}"
EndProject
Project("{9A19103F-16F7-4668-BE54-9A1E7A4F7556}") = "Microsoft.Extensions.Primitives.Performance", "src\Primitives\perf\Microsoft.Extensions.Primitives.Performance.csproj", "{2E812235-2FD3-4E50-A37C-66C11AE0102F}"
EndProject
Project("{9A19103F-16F7-4668-BE54-9A1E7A4F7556}") = "Microsoft.Extensions.Primitives", "src\Primitives\src\Microsoft.Extensions.Primitives.csproj", "{4D8EC9A1-4854-4A88-8FE2-0B62C67110CB}"
EndProject
Project("{9A19103F-16F7-4668-BE54-9A1E7A4F7556}") = "Microsoft.Extensions.Primitives.Tests", "src\Primitives\test\Microsoft.Extensions.Primitives.Tests.csproj", "{9D2408A7-F77B-4D79-8FE3-5A9B67DF5AD3}"
EndProject
Project("{2150E333-8FDC-42A3-9474-1A3956D46DE8}") = "Shared", "Shared", "{36617B81-CF74-4FCB-A7CA-E95DF3CA92FC}"
EndProject
Project("{9A19103F-16F7-4668-BE54-9A1E7A4F7556}") = "Microsoft.Extensions.Sources.Tests", "src\Shared\test\Microsoft.Extensions.Sources.Tests.csproj", "{33E57F0C-3CDB-4EB8-B6BE-6A0875B42EDE}"
EndProject
Project("{2150E333-8FDC-42A3-9474-1A3956D46DE8}") = "testassets", "testassets", "{2C7E2059-8542-4BC8-A170-39F6B9EDE548}"
EndProject
Project("{9A19103F-16F7-4668-BE54-9A1E7A4F7556}") = "ThrowingLibrary", "src\Shared\testassets\ThrowingLibrary\ThrowingLibrary.csproj", "{727D7A4D-49ED-4FBF-B713-1091191C78AD}"
EndProject
Project("{2150E333-8FDC-42A3-9474-1A3956D46DE8}") = "tools", "tools", "{7A597F60-480C-4BFF-A940-26094BB0CA62}"
EndProject
Project("{9A19103F-16F7-4668-BE54-9A1E7A4F7556}") = "BaselineGenerator", "eng\tools\BaselineGenerator\BaselineGenerator.csproj", "{532F85C9-F589-40E7-814F-F0463A927788}"
EndProject
Project("{D954291E-2A0B-460D-934E-DC6B0785DB48}") = "Microsoft.Extensions.CommandLineUtils.Sources", "src\Shared\src\CommandLineUtils\Microsoft.Extensions.CommandLineUtils.Sources.shproj", "{00947D4A-C20E-46E3-90C3-6CD6BC87EE72}"
EndProject
Project("{2150E333-8FDC-42A3-9474-1A3956D46DE8}") = "DependencyInjection", "DependencyInjection", "{3924E1C4-745C-4127-95A5-38456A2BB4EB}"
EndProject
Project("{9A19103F-16F7-4668-BE54-9A1E7A4F7556}") = "Microsoft.Extensions.DependencyInjection.Performance", "src\DependencyInjection\DI\perf\Microsoft.Extensions.DependencyInjection.Performance.csproj", "{88EAFADB-68FC-4D52-8BFA-68AEE9B38697}"
EndProject
Project("{9A19103F-16F7-4668-BE54-9A1E7A4F7556}") = "Microsoft.Extensions.DependencyInjection", "src\DependencyInjection\DI\src\Microsoft.Extensions.DependencyInjection.csproj", "{F19DD31F-B6D9-4DED-978F-7B2746A223C1}"
EndProject
Project("{9A19103F-16F7-4668-BE54-9A1E7A4F7556}") = "Microsoft.Extensions.DependencyInjection.Tests", "src\DependencyInjection\DI\test\Microsoft.Extensions.DependencyInjection.Tests.csproj", "{CB358F42-8DC4-43F7-80CC-2BCB535877D6}"
EndProject
Project("{9A19103F-16F7-4668-BE54-9A1E7A4F7556}") = "Microsoft.Extensions.DependencyInjection.Abstractions", "src\DependencyInjection\DI.Abstractions\src\Microsoft.Extensions.DependencyInjection.Abstractions.csproj", "{FD35A36E-A1B6-4429-8523-12419CACA8D8}"
EndProject
Project("{9A19103F-16F7-4668-BE54-9A1E7A4F7556}") = "Microsoft.Extensions.DependencyInjection.Specification.Tests", "src\DependencyInjection\DI.Specification.Tests\src\Microsoft.Extensions.DependencyInjection.Specification.Tests.csproj", "{49BA92B1-8721-4587-9D5B-A6A375855180}"
EndProject
Project("{2150E333-8FDC-42A3-9474-1A3956D46DE8}") = "FileProviders", "FileProviders", "{0C5DE157-780F-46F7-8A9D-0BC54DBDAD07}"
EndProject
Project("{9A19103F-16F7-4668-BE54-9A1E7A4F7556}") = "Microsoft.Extensions.FileProviders.Abstractions", "src\FileProviders\Abstractions\src\Microsoft.Extensions.FileProviders.Abstractions.csproj", "{7E331276-98D8-495B-9A06-740B8DE37CFD}"
EndProject
Project("{9A19103F-16F7-4668-BE54-9A1E7A4F7556}") = "Microsoft.Extensions.FileProviders.Composite", "src\FileProviders\Composite\src\Microsoft.Extensions.FileProviders.Composite.csproj", "{FA396588-40FD-4233-98C6-2535DBEB2DC1}"
EndProject
Project("{9A19103F-16F7-4668-BE54-9A1E7A4F7556}") = "Microsoft.Extensions.FileProviders.Composite.Tests", "src\FileProviders\Composite\test\Microsoft.Extensions.FileProviders.Composite.Tests.csproj", "{F7355EEE-B1DF-4B35-890B-D0F1AA6D8E10}"
EndProject
Project("{9A19103F-16F7-4668-BE54-9A1E7A4F7556}") = "Microsoft.Extensions.FileProviders.Embedded", "src\FileProviders\Embedded\src\Microsoft.Extensions.FileProviders.Embedded.csproj", "{41A2CE45-6924-4FEC-AB00-CE44A0EFB3AF}"
EndProject
Project("{9A19103F-16F7-4668-BE54-9A1E7A4F7556}") = "Microsoft.Extensions.FileProviders.Embedded.Tests", "src\FileProviders\Embedded\test\Microsoft.Extensions.FileProviders.Embedded.Tests.csproj", "{135848FF-7379-47AB-B394-F82162201EDB}"
EndProject
Project("{9A19103F-16F7-4668-BE54-9A1E7A4F7556}") = "Microsoft.Extensions.FileProviders.Embedded.Manifest.Task", "src\FileProviders\Manifest.MSBuildTask\src\Microsoft.Extensions.FileProviders.Embedded.Manifest.Task.csproj", "{DB61A8BF-1340-4D6E-80A3-29D0E1F39F35}"
EndProject
Project("{9A19103F-16F7-4668-BE54-9A1E7A4F7556}") = "Microsoft.Extensions.FileProviders.Embedded.Manifest.Task.Test", "src\FileProviders\Manifest.MSBuildTask\test\Microsoft.Extensions.FileProviders.Embedded.Manifest.Task.Test.csproj", "{EFE02002-DD70-4570-A5EF-9B4521771345}"
EndProject
Project("{9A19103F-16F7-4668-BE54-9A1E7A4F7556}") = "Microsoft.Extensions.FileProviders.Physical", "src\FileProviders\Physical\src\Microsoft.Extensions.FileProviders.Physical.csproj", "{54E60C1B-DD8F-4407-B787-EEA4FECD7B27}"
EndProject
Project("{9A19103F-16F7-4668-BE54-9A1E7A4F7556}") = "Microsoft.Extensions.FileProviders.Physical.Tests", "src\FileProviders\Physical\test\Microsoft.Extensions.FileProviders.Physical.Tests.csproj", "{655A86B9-F14D-4B64-A632-4A414360FDB5}"
EndProject
Project("{2150E333-8FDC-42A3-9474-1A3956D46DE8}") = "FileSystemGlobbing", "FileSystemGlobbing", "{A34C45C5-F71F-496D-8EAB-4052D6B49E9C}"
EndProject
Project("{9A19103F-16F7-4668-BE54-9A1E7A4F7556}") = "Microsoft.Extensions.FileSystemGlobbing", "src\FileSystemGlobbing\src\Microsoft.Extensions.FileSystemGlobbing.csproj", "{CAD10E4B-26B4-48C3-AD45-12EF1C088483}"
EndProject
Project("{9A19103F-16F7-4668-BE54-9A1E7A4F7556}") = "Microsoft.Extensions.FileSystemGlobbing.Tests", "src\FileSystemGlobbing\test\Microsoft.Extensions.FileSystemGlobbing.Tests.csproj", "{C4B5F3B3-66D1-44FF-8B9B-D171F0C94F83}"
EndProject
Project("{2150E333-8FDC-42A3-9474-1A3956D46DE8}") = "Configuration", "Configuration", "{0ACE94D2-2AA1-4067-BAE1-5F9D2544FD3C}"
EndProject
Project("{9A19103F-16F7-4668-BE54-9A1E7A4F7556}") = "Microsoft.Extensions.Configuration", "src\Configuration\Config\src\Microsoft.Extensions.Configuration.csproj", "{207E8A49-84BC-429B-A0DC-4037DC15FDDA}"
EndProject
Project("{9A19103F-16F7-4668-BE54-9A1E7A4F7556}") = "Microsoft.Extensions.Configuration.Tests", "src\Configuration\Config\test\Microsoft.Extensions.Configuration.Tests.csproj", "{13888D5E-AC3F-4CDF-9A24-1E8D7A6BE8F7}"
EndProject
Project("{9A19103F-16F7-4668-BE54-9A1E7A4F7556}") = "Microsoft.Extensions.Configuration.Abstractions", "src\Configuration\Config.Abstractions\src\Microsoft.Extensions.Configuration.Abstractions.csproj", "{D56AAADD-247D-45B5-B296-BC629389C23E}"
EndProject
Project("{9A19103F-16F7-4668-BE54-9A1E7A4F7556}") = "KeyVaultSample", "src\Configuration\Config.AzureKeyVault\samples\KeyVaultSample.csproj", "{E59ECB10-C7A1-44F6-ADE3-BD316C861231}"
EndProject
Project("{9A19103F-16F7-4668-BE54-9A1E7A4F7556}") = "Microsoft.Extensions.Configuration.AzureKeyVault", "src\Configuration\Config.AzureKeyVault\src\Microsoft.Extensions.Configuration.AzureKeyVault.csproj", "{84DA1840-7126-409F-81F9-5B03FEADECD5}"
EndProject
Project("{9A19103F-16F7-4668-BE54-9A1E7A4F7556}") = "Microsoft.Extensions.Configuration.AzureKeyVault.Tests", "src\Configuration\Config.AzureKeyVault\test\Microsoft.Extensions.Configuration.AzureKeyVault.Tests.csproj", "{6F3B28BA-C57B-4C93-B8EF-1570EF2E6058}"
EndProject
Project("{9A19103F-16F7-4668-BE54-9A1E7A4F7556}") = "Microsoft.Extensions.Configuration.Binder", "src\Configuration\Config.Binder\src\Microsoft.Extensions.Configuration.Binder.csproj", "{BD48B270-104F-41C5-BE4E-B17BB82BA0F5}"
EndProject
Project("{9A19103F-16F7-4668-BE54-9A1E7A4F7556}") = "Microsoft.Extensions.Configuration.Binder.Tests", "src\Configuration\Config.Binder\test\Microsoft.Extensions.Configuration.Binder.Tests.csproj", "{CE9A2E3C-3B85-4845-B09A-18F760478BC9}"
EndProject
Project("{9A19103F-16F7-4668-BE54-9A1E7A4F7556}") = "Microsoft.Extensions.Configuration.CommandLine", "src\Configuration\Config.CommandLine\src\Microsoft.Extensions.Configuration.CommandLine.csproj", "{93E66AC9-A434-4618-81E5-0B285B3A061A}"
EndProject
Project("{9A19103F-16F7-4668-BE54-9A1E7A4F7556}") = "Microsoft.Extensions.Configuration.CommandLine.Tests", "src\Configuration\Config.CommandLine\test\Microsoft.Extensions.Configuration.CommandLine.Tests.csproj", "{697B95FF-76CD-4642-9D65-81927F2B7569}"
EndProject
Project("{9A19103F-16F7-4668-BE54-9A1E7A4F7556}") = "Microsoft.Extensions.Configuration.EnvironmentVariables", "src\Configuration\Config.EnvironmentVariables\src\Microsoft.Extensions.Configuration.EnvironmentVariables.csproj", "{2E4250E2-3283-4196-AB55-5794089ADB71}"
EndProject
Project("{9A19103F-16F7-4668-BE54-9A1E7A4F7556}") = "Microsoft.Extensions.Configuration.EnvironmentVariables.Tests", "src\Configuration\Config.EnvironmentVariables\test\Microsoft.Extensions.Configuration.EnvironmentVariables.Tests.csproj", "{B9BB4637-C52C-4802-82C0-0A463F5656FB}"
EndProject
Project("{9A19103F-16F7-4668-BE54-9A1E7A4F7556}") = "Microsoft.Extensions.Configuration.FileExtensions", "src\Configuration\Config.FileExtensions\src\Microsoft.Extensions.Configuration.FileExtensions.csproj", "{D5B1C0DE-F70D-474A-8F5A-47E23870748F}"
EndProject
Project("{9A19103F-16F7-4668-BE54-9A1E7A4F7556}") = "Microsoft.Extensions.Configuration.FileExtensions.Tests", "src\Configuration\Config.FileExtensions\test\Microsoft.Extensions.Configuration.FileExtensions.Tests.csproj", "{8069F761-0588-4B0F-909F-C8C3E5F0EE3E}"
EndProject
Project("{9A19103F-16F7-4668-BE54-9A1E7A4F7556}") = "Microsoft.Extensions.Configuration.Ini", "src\Configuration\Config.Ini\src\Microsoft.Extensions.Configuration.Ini.csproj", "{DA1967BA-6EE7-4715-ACA0-DAC8F26A40E9}"
EndProject
Project("{9A19103F-16F7-4668-BE54-9A1E7A4F7556}") = "Microsoft.Extensions.Configuration.Ini.Tests", "src\Configuration\Config.Ini\test\Microsoft.Extensions.Configuration.Ini.Tests.csproj", "{F12E283B-9F47-4BC3-B716-8E970080E998}"
EndProject
Project("{9A19103F-16F7-4668-BE54-9A1E7A4F7556}") = "Microsoft.Extensions.Configuration.Json", "src\Configuration\Config.Json\src\Microsoft.Extensions.Configuration.Json.csproj", "{1B05B7B5-B5B8-4967-98F7-8C4B10B33CEB}"
EndProject
Project("{9A19103F-16F7-4668-BE54-9A1E7A4F7556}") = "Microsoft.Extensions.Configuration.Json.Tests", "src\Configuration\Config.Json\test\Microsoft.Extensions.Configuration.Json.Tests.csproj", "{97E9D822-424C-430C-80C1-5A4DB48E8DFC}"
EndProject
Project("{9A19103F-16F7-4668-BE54-9A1E7A4F7556}") = "Microsoft.Extensions.Configuration.KeyPerFile", "src\Configuration\Config.KeyPerFile\src\Microsoft.Extensions.Configuration.KeyPerFile.csproj", "{5F58339C-106F-41C7-A571-661E48133E0A}"
EndProject
Project("{9A19103F-16F7-4668-BE54-9A1E7A4F7556}") = "Microsoft.Extensions.Configuration.KeyPerFile.Tests", "src\Configuration\Config.KeyPerFile\test\Microsoft.Extensions.Configuration.KeyPerFile.Tests.csproj", "{D4F628D9-E5F6-4118-9B98-90C8E0DAA67E}"
EndProject
Project("{9A19103F-16F7-4668-BE54-9A1E7A4F7556}") = "Microsoft.Extensions.Configuration.UserSecrets", "src\Configuration\Config.UserSecrets\src\Microsoft.Extensions.Configuration.UserSecrets.csproj", "{566FB16B-DF90-47D1-9FF2-AEB09327253A}"
EndProject
Project("{9A19103F-16F7-4668-BE54-9A1E7A4F7556}") = "Microsoft.Extensions.Configuration.UserSecrets.Tests", "src\Configuration\Config.UserSecrets\test\Microsoft.Extensions.Configuration.UserSecrets.Tests.csproj", "{4D223FD7-F3DF-412F-9674-5FF34CDF7E00}"
EndProject
Project("{9A19103F-16F7-4668-BE54-9A1E7A4F7556}") = "Microsoft.Extensions.Configuration.Xml", "src\Configuration\Config.Xml\src\Microsoft.Extensions.Configuration.Xml.csproj", "{AE4C2655-E857-4333-A48F-1292A38DE472}"
EndProject
Project("{9A19103F-16F7-4668-BE54-9A1E7A4F7556}") = "Microsoft.Extensions.Configuration.Xml.Tests", "src\Configuration\Config.Xml\test\Microsoft.Extensions.Configuration.Xml.Tests.csproj", "{D6EE47C8-8F13-4679-A524-B11061BBB2A6}"
EndProject
Project("{2150E333-8FDC-42A3-9474-1A3956D46DE8}") = "samples", "samples", "{D635A77C-C3AE-4F97-AAFF-5538F552AA51}"
EndProject
Project("{9A19103F-16F7-4668-BE54-9A1E7A4F7556}") = "Microsoft.Extensions.Configuration.FunctionalTests", "src\Configuration\test\Config.FunctionalTests\Microsoft.Extensions.Configuration.FunctionalTests.csproj", "{7177967D-BB49-46AC-80D0-BE64F07E8720}"
EndProject
Project("{9A19103F-16F7-4668-BE54-9A1E7A4F7556}") = "Microsoft.Extensions.Configuration.Test.Common", "src\Configuration\test\Config.Test.Common\Microsoft.Extensions.Configuration.Test.Common.csproj", "{3BE0F4BB-502A-4AA6-895D-19BB3D01861B}"
EndProject
Project("{2150E333-8FDC-42A3-9474-1A3956D46DE8}") = "Options", "Options", "{D0CCC990-FBC0-49D1-8221-1CDCAE84EC8A}"
EndProject
Project("{FAE04EC0-301F-11D3-BF4B-00C04F79EFBC}") = "Microsoft.Extensions.Options", "src\Options\Options\src\Microsoft.Extensions.Options.csproj", "{B72FED93-4334-4CE9-B7F2-30340C561056}"
EndProject
Project("{FAE04EC0-301F-11D3-BF4B-00C04F79EFBC}") = "Microsoft.Extensions.Options.ConfigurationExtensions", "src\Options\ConfigurationExtensions\src\Microsoft.Extensions.Options.ConfigurationExtensions.csproj", "{FBD350CD-25B5-4088-8C4E-DE97FDBA1DCE}"
EndProject
Project("{FAE04EC0-301F-11D3-BF4B-00C04F79EFBC}") = "Microsoft.Extensions.Options.Tests", "src\Options\test\Microsoft.Extensions.Options.Tests.csproj", "{CE67AEFF-532F-4C22-B33F-72783B16D70E}"
EndProject
Global
	GlobalSection(SharedMSBuildProjectFiles) = preSolution
		src\Shared\src\CommandLineUtils\Microsoft.Extensions.CommandLineUtils.Sources.projitems*{00947d4a-c20e-46e3-90c3-6cd6bc87ee72}*SharedItemsImports = 13
	EndGlobalSection
	GlobalSection(SolutionConfigurationPlatforms) = preSolution
		Debug|Any CPU = Debug|Any CPU
		Debug|x64 = Debug|x64
		Debug|x86 = Debug|x86
		Release|Any CPU = Release|Any CPU
		Release|x64 = Release|x64
		Release|x86 = Release|x86
	EndGlobalSection
	GlobalSection(ProjectConfigurationPlatforms) = postSolution
		{EB6915B4-60EC-458F-B5E1-D896AB13363F}.Debug|Any CPU.ActiveCfg = Debug|Any CPU
		{EB6915B4-60EC-458F-B5E1-D896AB13363F}.Debug|Any CPU.Build.0 = Debug|Any CPU
		{EB6915B4-60EC-458F-B5E1-D896AB13363F}.Debug|x64.ActiveCfg = Debug|Any CPU
		{EB6915B4-60EC-458F-B5E1-D896AB13363F}.Debug|x64.Build.0 = Debug|Any CPU
		{EB6915B4-60EC-458F-B5E1-D896AB13363F}.Debug|x86.ActiveCfg = Debug|Any CPU
		{EB6915B4-60EC-458F-B5E1-D896AB13363F}.Debug|x86.Build.0 = Debug|Any CPU
		{EB6915B4-60EC-458F-B5E1-D896AB13363F}.Release|Any CPU.ActiveCfg = Release|Any CPU
		{EB6915B4-60EC-458F-B5E1-D896AB13363F}.Release|Any CPU.Build.0 = Release|Any CPU
		{EB6915B4-60EC-458F-B5E1-D896AB13363F}.Release|x64.ActiveCfg = Release|Any CPU
		{EB6915B4-60EC-458F-B5E1-D896AB13363F}.Release|x64.Build.0 = Release|Any CPU
		{EB6915B4-60EC-458F-B5E1-D896AB13363F}.Release|x86.ActiveCfg = Release|Any CPU
		{EB6915B4-60EC-458F-B5E1-D896AB13363F}.Release|x86.Build.0 = Release|Any CPU
		{FD3FE2BE-7DB4-4A12-AE3F-68476749A514}.Debug|Any CPU.ActiveCfg = Debug|Any CPU
		{FD3FE2BE-7DB4-4A12-AE3F-68476749A514}.Debug|Any CPU.Build.0 = Debug|Any CPU
		{FD3FE2BE-7DB4-4A12-AE3F-68476749A514}.Debug|x64.ActiveCfg = Debug|Any CPU
		{FD3FE2BE-7DB4-4A12-AE3F-68476749A514}.Debug|x64.Build.0 = Debug|Any CPU
		{FD3FE2BE-7DB4-4A12-AE3F-68476749A514}.Debug|x86.ActiveCfg = Debug|Any CPU
		{FD3FE2BE-7DB4-4A12-AE3F-68476749A514}.Debug|x86.Build.0 = Debug|Any CPU
		{FD3FE2BE-7DB4-4A12-AE3F-68476749A514}.Release|Any CPU.ActiveCfg = Release|Any CPU
		{FD3FE2BE-7DB4-4A12-AE3F-68476749A514}.Release|Any CPU.Build.0 = Release|Any CPU
		{FD3FE2BE-7DB4-4A12-AE3F-68476749A514}.Release|x64.ActiveCfg = Release|Any CPU
		{FD3FE2BE-7DB4-4A12-AE3F-68476749A514}.Release|x64.Build.0 = Release|Any CPU
		{FD3FE2BE-7DB4-4A12-AE3F-68476749A514}.Release|x86.ActiveCfg = Release|Any CPU
		{FD3FE2BE-7DB4-4A12-AE3F-68476749A514}.Release|x86.Build.0 = Release|Any CPU
		{0004DB59-E116-45E1-A75E-3B43690FF812}.Debug|Any CPU.ActiveCfg = Debug|Any CPU
		{0004DB59-E116-45E1-A75E-3B43690FF812}.Debug|Any CPU.Build.0 = Debug|Any CPU
		{0004DB59-E116-45E1-A75E-3B43690FF812}.Debug|x64.ActiveCfg = Debug|Any CPU
		{0004DB59-E116-45E1-A75E-3B43690FF812}.Debug|x64.Build.0 = Debug|Any CPU
		{0004DB59-E116-45E1-A75E-3B43690FF812}.Debug|x86.ActiveCfg = Debug|Any CPU
		{0004DB59-E116-45E1-A75E-3B43690FF812}.Debug|x86.Build.0 = Debug|Any CPU
		{0004DB59-E116-45E1-A75E-3B43690FF812}.Release|Any CPU.ActiveCfg = Release|Any CPU
		{0004DB59-E116-45E1-A75E-3B43690FF812}.Release|Any CPU.Build.0 = Release|Any CPU
		{0004DB59-E116-45E1-A75E-3B43690FF812}.Release|x64.ActiveCfg = Release|Any CPU
		{0004DB59-E116-45E1-A75E-3B43690FF812}.Release|x64.Build.0 = Release|Any CPU
		{0004DB59-E116-45E1-A75E-3B43690FF812}.Release|x86.ActiveCfg = Release|Any CPU
		{0004DB59-E116-45E1-A75E-3B43690FF812}.Release|x86.Build.0 = Release|Any CPU
		{E570FB73-59CF-4747-9B78-70D4D3D67A09}.Debug|Any CPU.ActiveCfg = Debug|Any CPU
		{E570FB73-59CF-4747-9B78-70D4D3D67A09}.Debug|Any CPU.Build.0 = Debug|Any CPU
		{E570FB73-59CF-4747-9B78-70D4D3D67A09}.Debug|x64.ActiveCfg = Debug|Any CPU
		{E570FB73-59CF-4747-9B78-70D4D3D67A09}.Debug|x64.Build.0 = Debug|Any CPU
		{E570FB73-59CF-4747-9B78-70D4D3D67A09}.Debug|x86.ActiveCfg = Debug|Any CPU
		{E570FB73-59CF-4747-9B78-70D4D3D67A09}.Debug|x86.Build.0 = Debug|Any CPU
		{E570FB73-59CF-4747-9B78-70D4D3D67A09}.Release|Any CPU.ActiveCfg = Release|Any CPU
		{E570FB73-59CF-4747-9B78-70D4D3D67A09}.Release|Any CPU.Build.0 = Release|Any CPU
		{E570FB73-59CF-4747-9B78-70D4D3D67A09}.Release|x64.ActiveCfg = Release|Any CPU
		{E570FB73-59CF-4747-9B78-70D4D3D67A09}.Release|x64.Build.0 = Release|Any CPU
		{E570FB73-59CF-4747-9B78-70D4D3D67A09}.Release|x86.ActiveCfg = Release|Any CPU
		{E570FB73-59CF-4747-9B78-70D4D3D67A09}.Release|x86.Build.0 = Release|Any CPU
		{8AF032F6-AD70-48B1-A67C-C1ACCD7B524B}.Debug|Any CPU.ActiveCfg = Debug|Any CPU
		{8AF032F6-AD70-48B1-A67C-C1ACCD7B524B}.Debug|Any CPU.Build.0 = Debug|Any CPU
		{8AF032F6-AD70-48B1-A67C-C1ACCD7B524B}.Debug|x64.ActiveCfg = Debug|Any CPU
		{8AF032F6-AD70-48B1-A67C-C1ACCD7B524B}.Debug|x64.Build.0 = Debug|Any CPU
		{8AF032F6-AD70-48B1-A67C-C1ACCD7B524B}.Debug|x86.ActiveCfg = Debug|Any CPU
		{8AF032F6-AD70-48B1-A67C-C1ACCD7B524B}.Debug|x86.Build.0 = Debug|Any CPU
		{8AF032F6-AD70-48B1-A67C-C1ACCD7B524B}.Release|Any CPU.ActiveCfg = Release|Any CPU
		{8AF032F6-AD70-48B1-A67C-C1ACCD7B524B}.Release|Any CPU.Build.0 = Release|Any CPU
		{8AF032F6-AD70-48B1-A67C-C1ACCD7B524B}.Release|x64.ActiveCfg = Release|Any CPU
		{8AF032F6-AD70-48B1-A67C-C1ACCD7B524B}.Release|x64.Build.0 = Release|Any CPU
		{8AF032F6-AD70-48B1-A67C-C1ACCD7B524B}.Release|x86.ActiveCfg = Release|Any CPU
		{8AF032F6-AD70-48B1-A67C-C1ACCD7B524B}.Release|x86.Build.0 = Release|Any CPU
		{2E812235-2FD3-4E50-A37C-66C11AE0102F}.Debug|Any CPU.ActiveCfg = Debug|Any CPU
		{2E812235-2FD3-4E50-A37C-66C11AE0102F}.Debug|Any CPU.Build.0 = Debug|Any CPU
		{2E812235-2FD3-4E50-A37C-66C11AE0102F}.Debug|x64.ActiveCfg = Debug|Any CPU
		{2E812235-2FD3-4E50-A37C-66C11AE0102F}.Debug|x64.Build.0 = Debug|Any CPU
		{2E812235-2FD3-4E50-A37C-66C11AE0102F}.Debug|x86.ActiveCfg = Debug|Any CPU
		{2E812235-2FD3-4E50-A37C-66C11AE0102F}.Debug|x86.Build.0 = Debug|Any CPU
		{2E812235-2FD3-4E50-A37C-66C11AE0102F}.Release|Any CPU.ActiveCfg = Release|Any CPU
		{2E812235-2FD3-4E50-A37C-66C11AE0102F}.Release|Any CPU.Build.0 = Release|Any CPU
		{2E812235-2FD3-4E50-A37C-66C11AE0102F}.Release|x64.ActiveCfg = Release|Any CPU
		{2E812235-2FD3-4E50-A37C-66C11AE0102F}.Release|x64.Build.0 = Release|Any CPU
		{2E812235-2FD3-4E50-A37C-66C11AE0102F}.Release|x86.ActiveCfg = Release|Any CPU
		{2E812235-2FD3-4E50-A37C-66C11AE0102F}.Release|x86.Build.0 = Release|Any CPU
		{4D8EC9A1-4854-4A88-8FE2-0B62C67110CB}.Debug|Any CPU.ActiveCfg = Debug|Any CPU
		{4D8EC9A1-4854-4A88-8FE2-0B62C67110CB}.Debug|Any CPU.Build.0 = Debug|Any CPU
		{4D8EC9A1-4854-4A88-8FE2-0B62C67110CB}.Debug|x64.ActiveCfg = Debug|Any CPU
		{4D8EC9A1-4854-4A88-8FE2-0B62C67110CB}.Debug|x64.Build.0 = Debug|Any CPU
		{4D8EC9A1-4854-4A88-8FE2-0B62C67110CB}.Debug|x86.ActiveCfg = Debug|Any CPU
		{4D8EC9A1-4854-4A88-8FE2-0B62C67110CB}.Debug|x86.Build.0 = Debug|Any CPU
		{4D8EC9A1-4854-4A88-8FE2-0B62C67110CB}.Release|Any CPU.ActiveCfg = Release|Any CPU
		{4D8EC9A1-4854-4A88-8FE2-0B62C67110CB}.Release|Any CPU.Build.0 = Release|Any CPU
		{4D8EC9A1-4854-4A88-8FE2-0B62C67110CB}.Release|x64.ActiveCfg = Release|Any CPU
		{4D8EC9A1-4854-4A88-8FE2-0B62C67110CB}.Release|x64.Build.0 = Release|Any CPU
		{4D8EC9A1-4854-4A88-8FE2-0B62C67110CB}.Release|x86.ActiveCfg = Release|Any CPU
		{4D8EC9A1-4854-4A88-8FE2-0B62C67110CB}.Release|x86.Build.0 = Release|Any CPU
		{9D2408A7-F77B-4D79-8FE3-5A9B67DF5AD3}.Debug|Any CPU.ActiveCfg = Debug|Any CPU
		{9D2408A7-F77B-4D79-8FE3-5A9B67DF5AD3}.Debug|Any CPU.Build.0 = Debug|Any CPU
		{9D2408A7-F77B-4D79-8FE3-5A9B67DF5AD3}.Debug|x64.ActiveCfg = Debug|Any CPU
		{9D2408A7-F77B-4D79-8FE3-5A9B67DF5AD3}.Debug|x64.Build.0 = Debug|Any CPU
		{9D2408A7-F77B-4D79-8FE3-5A9B67DF5AD3}.Debug|x86.ActiveCfg = Debug|Any CPU
		{9D2408A7-F77B-4D79-8FE3-5A9B67DF5AD3}.Debug|x86.Build.0 = Debug|Any CPU
		{9D2408A7-F77B-4D79-8FE3-5A9B67DF5AD3}.Release|Any CPU.ActiveCfg = Release|Any CPU
		{9D2408A7-F77B-4D79-8FE3-5A9B67DF5AD3}.Release|Any CPU.Build.0 = Release|Any CPU
		{9D2408A7-F77B-4D79-8FE3-5A9B67DF5AD3}.Release|x64.ActiveCfg = Release|Any CPU
		{9D2408A7-F77B-4D79-8FE3-5A9B67DF5AD3}.Release|x64.Build.0 = Release|Any CPU
		{9D2408A7-F77B-4D79-8FE3-5A9B67DF5AD3}.Release|x86.ActiveCfg = Release|Any CPU
		{9D2408A7-F77B-4D79-8FE3-5A9B67DF5AD3}.Release|x86.Build.0 = Release|Any CPU
		{33E57F0C-3CDB-4EB8-B6BE-6A0875B42EDE}.Debug|Any CPU.ActiveCfg = Debug|Any CPU
		{33E57F0C-3CDB-4EB8-B6BE-6A0875B42EDE}.Debug|Any CPU.Build.0 = Debug|Any CPU
		{33E57F0C-3CDB-4EB8-B6BE-6A0875B42EDE}.Debug|x64.ActiveCfg = Debug|Any CPU
		{33E57F0C-3CDB-4EB8-B6BE-6A0875B42EDE}.Debug|x64.Build.0 = Debug|Any CPU
		{33E57F0C-3CDB-4EB8-B6BE-6A0875B42EDE}.Debug|x86.ActiveCfg = Debug|Any CPU
		{33E57F0C-3CDB-4EB8-B6BE-6A0875B42EDE}.Debug|x86.Build.0 = Debug|Any CPU
		{33E57F0C-3CDB-4EB8-B6BE-6A0875B42EDE}.Release|Any CPU.ActiveCfg = Release|Any CPU
		{33E57F0C-3CDB-4EB8-B6BE-6A0875B42EDE}.Release|Any CPU.Build.0 = Release|Any CPU
		{33E57F0C-3CDB-4EB8-B6BE-6A0875B42EDE}.Release|x64.ActiveCfg = Release|Any CPU
		{33E57F0C-3CDB-4EB8-B6BE-6A0875B42EDE}.Release|x64.Build.0 = Release|Any CPU
		{33E57F0C-3CDB-4EB8-B6BE-6A0875B42EDE}.Release|x86.ActiveCfg = Release|Any CPU
		{33E57F0C-3CDB-4EB8-B6BE-6A0875B42EDE}.Release|x86.Build.0 = Release|Any CPU
		{727D7A4D-49ED-4FBF-B713-1091191C78AD}.Debug|Any CPU.ActiveCfg = Debug|Any CPU
		{727D7A4D-49ED-4FBF-B713-1091191C78AD}.Debug|Any CPU.Build.0 = Debug|Any CPU
		{727D7A4D-49ED-4FBF-B713-1091191C78AD}.Debug|x64.ActiveCfg = Debug|Any CPU
		{727D7A4D-49ED-4FBF-B713-1091191C78AD}.Debug|x64.Build.0 = Debug|Any CPU
		{727D7A4D-49ED-4FBF-B713-1091191C78AD}.Debug|x86.ActiveCfg = Debug|Any CPU
		{727D7A4D-49ED-4FBF-B713-1091191C78AD}.Debug|x86.Build.0 = Debug|Any CPU
		{727D7A4D-49ED-4FBF-B713-1091191C78AD}.Release|Any CPU.ActiveCfg = Release|Any CPU
		{727D7A4D-49ED-4FBF-B713-1091191C78AD}.Release|Any CPU.Build.0 = Release|Any CPU
		{727D7A4D-49ED-4FBF-B713-1091191C78AD}.Release|x64.ActiveCfg = Release|Any CPU
		{727D7A4D-49ED-4FBF-B713-1091191C78AD}.Release|x64.Build.0 = Release|Any CPU
		{727D7A4D-49ED-4FBF-B713-1091191C78AD}.Release|x86.ActiveCfg = Release|Any CPU
		{727D7A4D-49ED-4FBF-B713-1091191C78AD}.Release|x86.Build.0 = Release|Any CPU
		{532F85C9-F589-40E7-814F-F0463A927788}.Debug|Any CPU.ActiveCfg = Debug|Any CPU
		{532F85C9-F589-40E7-814F-F0463A927788}.Debug|Any CPU.Build.0 = Debug|Any CPU
		{532F85C9-F589-40E7-814F-F0463A927788}.Debug|x64.ActiveCfg = Debug|Any CPU
		{532F85C9-F589-40E7-814F-F0463A927788}.Debug|x64.Build.0 = Debug|Any CPU
		{532F85C9-F589-40E7-814F-F0463A927788}.Debug|x86.ActiveCfg = Debug|Any CPU
		{532F85C9-F589-40E7-814F-F0463A927788}.Debug|x86.Build.0 = Debug|Any CPU
		{532F85C9-F589-40E7-814F-F0463A927788}.Release|Any CPU.ActiveCfg = Release|Any CPU
		{532F85C9-F589-40E7-814F-F0463A927788}.Release|Any CPU.Build.0 = Release|Any CPU
		{532F85C9-F589-40E7-814F-F0463A927788}.Release|x64.ActiveCfg = Release|Any CPU
		{532F85C9-F589-40E7-814F-F0463A927788}.Release|x64.Build.0 = Release|Any CPU
		{532F85C9-F589-40E7-814F-F0463A927788}.Release|x86.ActiveCfg = Release|Any CPU
		{532F85C9-F589-40E7-814F-F0463A927788}.Release|x86.Build.0 = Release|Any CPU
		{88EAFADB-68FC-4D52-8BFA-68AEE9B38697}.Debug|Any CPU.ActiveCfg = Debug|Any CPU
		{88EAFADB-68FC-4D52-8BFA-68AEE9B38697}.Debug|Any CPU.Build.0 = Debug|Any CPU
		{88EAFADB-68FC-4D52-8BFA-68AEE9B38697}.Debug|x64.ActiveCfg = Debug|Any CPU
		{88EAFADB-68FC-4D52-8BFA-68AEE9B38697}.Debug|x64.Build.0 = Debug|Any CPU
		{88EAFADB-68FC-4D52-8BFA-68AEE9B38697}.Debug|x86.ActiveCfg = Debug|Any CPU
		{88EAFADB-68FC-4D52-8BFA-68AEE9B38697}.Debug|x86.Build.0 = Debug|Any CPU
		{88EAFADB-68FC-4D52-8BFA-68AEE9B38697}.Release|Any CPU.ActiveCfg = Release|Any CPU
		{88EAFADB-68FC-4D52-8BFA-68AEE9B38697}.Release|Any CPU.Build.0 = Release|Any CPU
		{88EAFADB-68FC-4D52-8BFA-68AEE9B38697}.Release|x64.ActiveCfg = Release|Any CPU
		{88EAFADB-68FC-4D52-8BFA-68AEE9B38697}.Release|x64.Build.0 = Release|Any CPU
		{88EAFADB-68FC-4D52-8BFA-68AEE9B38697}.Release|x86.ActiveCfg = Release|Any CPU
		{88EAFADB-68FC-4D52-8BFA-68AEE9B38697}.Release|x86.Build.0 = Release|Any CPU
		{F19DD31F-B6D9-4DED-978F-7B2746A223C1}.Debug|Any CPU.ActiveCfg = Debug|Any CPU
		{F19DD31F-B6D9-4DED-978F-7B2746A223C1}.Debug|Any CPU.Build.0 = Debug|Any CPU
		{F19DD31F-B6D9-4DED-978F-7B2746A223C1}.Debug|x64.ActiveCfg = Debug|Any CPU
		{F19DD31F-B6D9-4DED-978F-7B2746A223C1}.Debug|x64.Build.0 = Debug|Any CPU
		{F19DD31F-B6D9-4DED-978F-7B2746A223C1}.Debug|x86.ActiveCfg = Debug|Any CPU
		{F19DD31F-B6D9-4DED-978F-7B2746A223C1}.Debug|x86.Build.0 = Debug|Any CPU
		{F19DD31F-B6D9-4DED-978F-7B2746A223C1}.Release|Any CPU.ActiveCfg = Release|Any CPU
		{F19DD31F-B6D9-4DED-978F-7B2746A223C1}.Release|Any CPU.Build.0 = Release|Any CPU
		{F19DD31F-B6D9-4DED-978F-7B2746A223C1}.Release|x64.ActiveCfg = Release|Any CPU
		{F19DD31F-B6D9-4DED-978F-7B2746A223C1}.Release|x64.Build.0 = Release|Any CPU
		{F19DD31F-B6D9-4DED-978F-7B2746A223C1}.Release|x86.ActiveCfg = Release|Any CPU
		{F19DD31F-B6D9-4DED-978F-7B2746A223C1}.Release|x86.Build.0 = Release|Any CPU
		{CB358F42-8DC4-43F7-80CC-2BCB535877D6}.Debug|Any CPU.ActiveCfg = Debug|Any CPU
		{CB358F42-8DC4-43F7-80CC-2BCB535877D6}.Debug|Any CPU.Build.0 = Debug|Any CPU
		{CB358F42-8DC4-43F7-80CC-2BCB535877D6}.Debug|x64.ActiveCfg = Debug|Any CPU
		{CB358F42-8DC4-43F7-80CC-2BCB535877D6}.Debug|x64.Build.0 = Debug|Any CPU
		{CB358F42-8DC4-43F7-80CC-2BCB535877D6}.Debug|x86.ActiveCfg = Debug|Any CPU
		{CB358F42-8DC4-43F7-80CC-2BCB535877D6}.Debug|x86.Build.0 = Debug|Any CPU
		{CB358F42-8DC4-43F7-80CC-2BCB535877D6}.Release|Any CPU.ActiveCfg = Release|Any CPU
		{CB358F42-8DC4-43F7-80CC-2BCB535877D6}.Release|Any CPU.Build.0 = Release|Any CPU
		{CB358F42-8DC4-43F7-80CC-2BCB535877D6}.Release|x64.ActiveCfg = Release|Any CPU
		{CB358F42-8DC4-43F7-80CC-2BCB535877D6}.Release|x64.Build.0 = Release|Any CPU
		{CB358F42-8DC4-43F7-80CC-2BCB535877D6}.Release|x86.ActiveCfg = Release|Any CPU
		{CB358F42-8DC4-43F7-80CC-2BCB535877D6}.Release|x86.Build.0 = Release|Any CPU
		{FD35A36E-A1B6-4429-8523-12419CACA8D8}.Debug|Any CPU.ActiveCfg = Debug|Any CPU
		{FD35A36E-A1B6-4429-8523-12419CACA8D8}.Debug|Any CPU.Build.0 = Debug|Any CPU
		{FD35A36E-A1B6-4429-8523-12419CACA8D8}.Debug|x64.ActiveCfg = Debug|Any CPU
		{FD35A36E-A1B6-4429-8523-12419CACA8D8}.Debug|x64.Build.0 = Debug|Any CPU
		{FD35A36E-A1B6-4429-8523-12419CACA8D8}.Debug|x86.ActiveCfg = Debug|Any CPU
		{FD35A36E-A1B6-4429-8523-12419CACA8D8}.Debug|x86.Build.0 = Debug|Any CPU
		{FD35A36E-A1B6-4429-8523-12419CACA8D8}.Release|Any CPU.ActiveCfg = Release|Any CPU
		{FD35A36E-A1B6-4429-8523-12419CACA8D8}.Release|Any CPU.Build.0 = Release|Any CPU
		{FD35A36E-A1B6-4429-8523-12419CACA8D8}.Release|x64.ActiveCfg = Release|Any CPU
		{FD35A36E-A1B6-4429-8523-12419CACA8D8}.Release|x64.Build.0 = Release|Any CPU
		{FD35A36E-A1B6-4429-8523-12419CACA8D8}.Release|x86.ActiveCfg = Release|Any CPU
		{FD35A36E-A1B6-4429-8523-12419CACA8D8}.Release|x86.Build.0 = Release|Any CPU
		{49BA92B1-8721-4587-9D5B-A6A375855180}.Debug|Any CPU.ActiveCfg = Debug|Any CPU
		{49BA92B1-8721-4587-9D5B-A6A375855180}.Debug|Any CPU.Build.0 = Debug|Any CPU
		{49BA92B1-8721-4587-9D5B-A6A375855180}.Debug|x64.ActiveCfg = Debug|Any CPU
		{49BA92B1-8721-4587-9D5B-A6A375855180}.Debug|x64.Build.0 = Debug|Any CPU
		{49BA92B1-8721-4587-9D5B-A6A375855180}.Debug|x86.ActiveCfg = Debug|Any CPU
		{49BA92B1-8721-4587-9D5B-A6A375855180}.Debug|x86.Build.0 = Debug|Any CPU
		{49BA92B1-8721-4587-9D5B-A6A375855180}.Release|Any CPU.ActiveCfg = Release|Any CPU
		{49BA92B1-8721-4587-9D5B-A6A375855180}.Release|Any CPU.Build.0 = Release|Any CPU
		{49BA92B1-8721-4587-9D5B-A6A375855180}.Release|x64.ActiveCfg = Release|Any CPU
		{49BA92B1-8721-4587-9D5B-A6A375855180}.Release|x64.Build.0 = Release|Any CPU
		{49BA92B1-8721-4587-9D5B-A6A375855180}.Release|x86.ActiveCfg = Release|Any CPU
		{49BA92B1-8721-4587-9D5B-A6A375855180}.Release|x86.Build.0 = Release|Any CPU
		{7E331276-98D8-495B-9A06-740B8DE37CFD}.Debug|Any CPU.ActiveCfg = Debug|Any CPU
		{7E331276-98D8-495B-9A06-740B8DE37CFD}.Debug|Any CPU.Build.0 = Debug|Any CPU
		{7E331276-98D8-495B-9A06-740B8DE37CFD}.Debug|x64.ActiveCfg = Debug|Any CPU
		{7E331276-98D8-495B-9A06-740B8DE37CFD}.Debug|x64.Build.0 = Debug|Any CPU
		{7E331276-98D8-495B-9A06-740B8DE37CFD}.Debug|x86.ActiveCfg = Debug|Any CPU
		{7E331276-98D8-495B-9A06-740B8DE37CFD}.Debug|x86.Build.0 = Debug|Any CPU
		{7E331276-98D8-495B-9A06-740B8DE37CFD}.Release|Any CPU.ActiveCfg = Release|Any CPU
		{7E331276-98D8-495B-9A06-740B8DE37CFD}.Release|Any CPU.Build.0 = Release|Any CPU
		{7E331276-98D8-495B-9A06-740B8DE37CFD}.Release|x64.ActiveCfg = Release|Any CPU
		{7E331276-98D8-495B-9A06-740B8DE37CFD}.Release|x64.Build.0 = Release|Any CPU
		{7E331276-98D8-495B-9A06-740B8DE37CFD}.Release|x86.ActiveCfg = Release|Any CPU
		{7E331276-98D8-495B-9A06-740B8DE37CFD}.Release|x86.Build.0 = Release|Any CPU
		{FA396588-40FD-4233-98C6-2535DBEB2DC1}.Debug|Any CPU.ActiveCfg = Debug|Any CPU
		{FA396588-40FD-4233-98C6-2535DBEB2DC1}.Debug|Any CPU.Build.0 = Debug|Any CPU
		{FA396588-40FD-4233-98C6-2535DBEB2DC1}.Debug|x64.ActiveCfg = Debug|Any CPU
		{FA396588-40FD-4233-98C6-2535DBEB2DC1}.Debug|x64.Build.0 = Debug|Any CPU
		{FA396588-40FD-4233-98C6-2535DBEB2DC1}.Debug|x86.ActiveCfg = Debug|Any CPU
		{FA396588-40FD-4233-98C6-2535DBEB2DC1}.Debug|x86.Build.0 = Debug|Any CPU
		{FA396588-40FD-4233-98C6-2535DBEB2DC1}.Release|Any CPU.ActiveCfg = Release|Any CPU
		{FA396588-40FD-4233-98C6-2535DBEB2DC1}.Release|Any CPU.Build.0 = Release|Any CPU
		{FA396588-40FD-4233-98C6-2535DBEB2DC1}.Release|x64.ActiveCfg = Release|Any CPU
		{FA396588-40FD-4233-98C6-2535DBEB2DC1}.Release|x64.Build.0 = Release|Any CPU
		{FA396588-40FD-4233-98C6-2535DBEB2DC1}.Release|x86.ActiveCfg = Release|Any CPU
		{FA396588-40FD-4233-98C6-2535DBEB2DC1}.Release|x86.Build.0 = Release|Any CPU
		{F7355EEE-B1DF-4B35-890B-D0F1AA6D8E10}.Debug|Any CPU.ActiveCfg = Debug|Any CPU
		{F7355EEE-B1DF-4B35-890B-D0F1AA6D8E10}.Debug|Any CPU.Build.0 = Debug|Any CPU
		{F7355EEE-B1DF-4B35-890B-D0F1AA6D8E10}.Debug|x64.ActiveCfg = Debug|Any CPU
		{F7355EEE-B1DF-4B35-890B-D0F1AA6D8E10}.Debug|x64.Build.0 = Debug|Any CPU
		{F7355EEE-B1DF-4B35-890B-D0F1AA6D8E10}.Debug|x86.ActiveCfg = Debug|Any CPU
		{F7355EEE-B1DF-4B35-890B-D0F1AA6D8E10}.Debug|x86.Build.0 = Debug|Any CPU
		{F7355EEE-B1DF-4B35-890B-D0F1AA6D8E10}.Release|Any CPU.ActiveCfg = Release|Any CPU
		{F7355EEE-B1DF-4B35-890B-D0F1AA6D8E10}.Release|Any CPU.Build.0 = Release|Any CPU
		{F7355EEE-B1DF-4B35-890B-D0F1AA6D8E10}.Release|x64.ActiveCfg = Release|Any CPU
		{F7355EEE-B1DF-4B35-890B-D0F1AA6D8E10}.Release|x64.Build.0 = Release|Any CPU
		{F7355EEE-B1DF-4B35-890B-D0F1AA6D8E10}.Release|x86.ActiveCfg = Release|Any CPU
		{F7355EEE-B1DF-4B35-890B-D0F1AA6D8E10}.Release|x86.Build.0 = Release|Any CPU
		{41A2CE45-6924-4FEC-AB00-CE44A0EFB3AF}.Debug|Any CPU.ActiveCfg = Debug|Any CPU
		{41A2CE45-6924-4FEC-AB00-CE44A0EFB3AF}.Debug|Any CPU.Build.0 = Debug|Any CPU
		{41A2CE45-6924-4FEC-AB00-CE44A0EFB3AF}.Debug|x64.ActiveCfg = Debug|Any CPU
		{41A2CE45-6924-4FEC-AB00-CE44A0EFB3AF}.Debug|x64.Build.0 = Debug|Any CPU
		{41A2CE45-6924-4FEC-AB00-CE44A0EFB3AF}.Debug|x86.ActiveCfg = Debug|Any CPU
		{41A2CE45-6924-4FEC-AB00-CE44A0EFB3AF}.Debug|x86.Build.0 = Debug|Any CPU
		{41A2CE45-6924-4FEC-AB00-CE44A0EFB3AF}.Release|Any CPU.ActiveCfg = Release|Any CPU
		{41A2CE45-6924-4FEC-AB00-CE44A0EFB3AF}.Release|Any CPU.Build.0 = Release|Any CPU
		{41A2CE45-6924-4FEC-AB00-CE44A0EFB3AF}.Release|x64.ActiveCfg = Release|Any CPU
		{41A2CE45-6924-4FEC-AB00-CE44A0EFB3AF}.Release|x64.Build.0 = Release|Any CPU
		{41A2CE45-6924-4FEC-AB00-CE44A0EFB3AF}.Release|x86.ActiveCfg = Release|Any CPU
		{41A2CE45-6924-4FEC-AB00-CE44A0EFB3AF}.Release|x86.Build.0 = Release|Any CPU
		{135848FF-7379-47AB-B394-F82162201EDB}.Debug|Any CPU.ActiveCfg = Debug|Any CPU
		{135848FF-7379-47AB-B394-F82162201EDB}.Debug|Any CPU.Build.0 = Debug|Any CPU
		{135848FF-7379-47AB-B394-F82162201EDB}.Debug|x64.ActiveCfg = Debug|Any CPU
		{135848FF-7379-47AB-B394-F82162201EDB}.Debug|x64.Build.0 = Debug|Any CPU
		{135848FF-7379-47AB-B394-F82162201EDB}.Debug|x86.ActiveCfg = Debug|Any CPU
		{135848FF-7379-47AB-B394-F82162201EDB}.Debug|x86.Build.0 = Debug|Any CPU
		{135848FF-7379-47AB-B394-F82162201EDB}.Release|Any CPU.ActiveCfg = Release|Any CPU
		{135848FF-7379-47AB-B394-F82162201EDB}.Release|Any CPU.Build.0 = Release|Any CPU
		{135848FF-7379-47AB-B394-F82162201EDB}.Release|x64.ActiveCfg = Release|Any CPU
		{135848FF-7379-47AB-B394-F82162201EDB}.Release|x64.Build.0 = Release|Any CPU
		{135848FF-7379-47AB-B394-F82162201EDB}.Release|x86.ActiveCfg = Release|Any CPU
		{135848FF-7379-47AB-B394-F82162201EDB}.Release|x86.Build.0 = Release|Any CPU
		{DB61A8BF-1340-4D6E-80A3-29D0E1F39F35}.Debug|Any CPU.ActiveCfg = Debug|Any CPU
		{DB61A8BF-1340-4D6E-80A3-29D0E1F39F35}.Debug|Any CPU.Build.0 = Debug|Any CPU
		{DB61A8BF-1340-4D6E-80A3-29D0E1F39F35}.Debug|x64.ActiveCfg = Debug|Any CPU
		{DB61A8BF-1340-4D6E-80A3-29D0E1F39F35}.Debug|x64.Build.0 = Debug|Any CPU
		{DB61A8BF-1340-4D6E-80A3-29D0E1F39F35}.Debug|x86.ActiveCfg = Debug|Any CPU
		{DB61A8BF-1340-4D6E-80A3-29D0E1F39F35}.Debug|x86.Build.0 = Debug|Any CPU
		{DB61A8BF-1340-4D6E-80A3-29D0E1F39F35}.Release|Any CPU.ActiveCfg = Release|Any CPU
		{DB61A8BF-1340-4D6E-80A3-29D0E1F39F35}.Release|Any CPU.Build.0 = Release|Any CPU
		{DB61A8BF-1340-4D6E-80A3-29D0E1F39F35}.Release|x64.ActiveCfg = Release|Any CPU
		{DB61A8BF-1340-4D6E-80A3-29D0E1F39F35}.Release|x64.Build.0 = Release|Any CPU
		{DB61A8BF-1340-4D6E-80A3-29D0E1F39F35}.Release|x86.ActiveCfg = Release|Any CPU
		{DB61A8BF-1340-4D6E-80A3-29D0E1F39F35}.Release|x86.Build.0 = Release|Any CPU
		{EFE02002-DD70-4570-A5EF-9B4521771345}.Debug|Any CPU.ActiveCfg = Debug|Any CPU
		{EFE02002-DD70-4570-A5EF-9B4521771345}.Debug|Any CPU.Build.0 = Debug|Any CPU
		{EFE02002-DD70-4570-A5EF-9B4521771345}.Debug|x64.ActiveCfg = Debug|Any CPU
		{EFE02002-DD70-4570-A5EF-9B4521771345}.Debug|x64.Build.0 = Debug|Any CPU
		{EFE02002-DD70-4570-A5EF-9B4521771345}.Debug|x86.ActiveCfg = Debug|Any CPU
		{EFE02002-DD70-4570-A5EF-9B4521771345}.Debug|x86.Build.0 = Debug|Any CPU
		{EFE02002-DD70-4570-A5EF-9B4521771345}.Release|Any CPU.ActiveCfg = Release|Any CPU
		{EFE02002-DD70-4570-A5EF-9B4521771345}.Release|Any CPU.Build.0 = Release|Any CPU
		{EFE02002-DD70-4570-A5EF-9B4521771345}.Release|x64.ActiveCfg = Release|Any CPU
		{EFE02002-DD70-4570-A5EF-9B4521771345}.Release|x64.Build.0 = Release|Any CPU
		{EFE02002-DD70-4570-A5EF-9B4521771345}.Release|x86.ActiveCfg = Release|Any CPU
		{EFE02002-DD70-4570-A5EF-9B4521771345}.Release|x86.Build.0 = Release|Any CPU
		{54E60C1B-DD8F-4407-B787-EEA4FECD7B27}.Debug|Any CPU.ActiveCfg = Debug|Any CPU
		{54E60C1B-DD8F-4407-B787-EEA4FECD7B27}.Debug|Any CPU.Build.0 = Debug|Any CPU
		{54E60C1B-DD8F-4407-B787-EEA4FECD7B27}.Debug|x64.ActiveCfg = Debug|Any CPU
		{54E60C1B-DD8F-4407-B787-EEA4FECD7B27}.Debug|x64.Build.0 = Debug|Any CPU
		{54E60C1B-DD8F-4407-B787-EEA4FECD7B27}.Debug|x86.ActiveCfg = Debug|Any CPU
		{54E60C1B-DD8F-4407-B787-EEA4FECD7B27}.Debug|x86.Build.0 = Debug|Any CPU
		{54E60C1B-DD8F-4407-B787-EEA4FECD7B27}.Release|Any CPU.ActiveCfg = Release|Any CPU
		{54E60C1B-DD8F-4407-B787-EEA4FECD7B27}.Release|Any CPU.Build.0 = Release|Any CPU
		{54E60C1B-DD8F-4407-B787-EEA4FECD7B27}.Release|x64.ActiveCfg = Release|Any CPU
		{54E60C1B-DD8F-4407-B787-EEA4FECD7B27}.Release|x64.Build.0 = Release|Any CPU
		{54E60C1B-DD8F-4407-B787-EEA4FECD7B27}.Release|x86.ActiveCfg = Release|Any CPU
		{54E60C1B-DD8F-4407-B787-EEA4FECD7B27}.Release|x86.Build.0 = Release|Any CPU
		{655A86B9-F14D-4B64-A632-4A414360FDB5}.Debug|Any CPU.ActiveCfg = Debug|Any CPU
		{655A86B9-F14D-4B64-A632-4A414360FDB5}.Debug|Any CPU.Build.0 = Debug|Any CPU
		{655A86B9-F14D-4B64-A632-4A414360FDB5}.Debug|x64.ActiveCfg = Debug|Any CPU
		{655A86B9-F14D-4B64-A632-4A414360FDB5}.Debug|x64.Build.0 = Debug|Any CPU
		{655A86B9-F14D-4B64-A632-4A414360FDB5}.Debug|x86.ActiveCfg = Debug|Any CPU
		{655A86B9-F14D-4B64-A632-4A414360FDB5}.Debug|x86.Build.0 = Debug|Any CPU
		{655A86B9-F14D-4B64-A632-4A414360FDB5}.Release|Any CPU.ActiveCfg = Release|Any CPU
		{655A86B9-F14D-4B64-A632-4A414360FDB5}.Release|Any CPU.Build.0 = Release|Any CPU
		{655A86B9-F14D-4B64-A632-4A414360FDB5}.Release|x64.ActiveCfg = Release|Any CPU
		{655A86B9-F14D-4B64-A632-4A414360FDB5}.Release|x64.Build.0 = Release|Any CPU
		{655A86B9-F14D-4B64-A632-4A414360FDB5}.Release|x86.ActiveCfg = Release|Any CPU
		{655A86B9-F14D-4B64-A632-4A414360FDB5}.Release|x86.Build.0 = Release|Any CPU
		{CAD10E4B-26B4-48C3-AD45-12EF1C088483}.Debug|Any CPU.ActiveCfg = Debug|Any CPU
		{CAD10E4B-26B4-48C3-AD45-12EF1C088483}.Debug|Any CPU.Build.0 = Debug|Any CPU
		{CAD10E4B-26B4-48C3-AD45-12EF1C088483}.Debug|x64.ActiveCfg = Debug|Any CPU
		{CAD10E4B-26B4-48C3-AD45-12EF1C088483}.Debug|x64.Build.0 = Debug|Any CPU
		{CAD10E4B-26B4-48C3-AD45-12EF1C088483}.Debug|x86.ActiveCfg = Debug|Any CPU
		{CAD10E4B-26B4-48C3-AD45-12EF1C088483}.Debug|x86.Build.0 = Debug|Any CPU
		{CAD10E4B-26B4-48C3-AD45-12EF1C088483}.Release|Any CPU.ActiveCfg = Release|Any CPU
		{CAD10E4B-26B4-48C3-AD45-12EF1C088483}.Release|Any CPU.Build.0 = Release|Any CPU
		{CAD10E4B-26B4-48C3-AD45-12EF1C088483}.Release|x64.ActiveCfg = Release|Any CPU
		{CAD10E4B-26B4-48C3-AD45-12EF1C088483}.Release|x64.Build.0 = Release|Any CPU
		{CAD10E4B-26B4-48C3-AD45-12EF1C088483}.Release|x86.ActiveCfg = Release|Any CPU
		{CAD10E4B-26B4-48C3-AD45-12EF1C088483}.Release|x86.Build.0 = Release|Any CPU
		{C4B5F3B3-66D1-44FF-8B9B-D171F0C94F83}.Debug|Any CPU.ActiveCfg = Debug|Any CPU
		{C4B5F3B3-66D1-44FF-8B9B-D171F0C94F83}.Debug|Any CPU.Build.0 = Debug|Any CPU
		{C4B5F3B3-66D1-44FF-8B9B-D171F0C94F83}.Debug|x64.ActiveCfg = Debug|Any CPU
		{C4B5F3B3-66D1-44FF-8B9B-D171F0C94F83}.Debug|x64.Build.0 = Debug|Any CPU
		{C4B5F3B3-66D1-44FF-8B9B-D171F0C94F83}.Debug|x86.ActiveCfg = Debug|Any CPU
		{C4B5F3B3-66D1-44FF-8B9B-D171F0C94F83}.Debug|x86.Build.0 = Debug|Any CPU
		{C4B5F3B3-66D1-44FF-8B9B-D171F0C94F83}.Release|Any CPU.ActiveCfg = Release|Any CPU
		{C4B5F3B3-66D1-44FF-8B9B-D171F0C94F83}.Release|Any CPU.Build.0 = Release|Any CPU
		{C4B5F3B3-66D1-44FF-8B9B-D171F0C94F83}.Release|x64.ActiveCfg = Release|Any CPU
		{C4B5F3B3-66D1-44FF-8B9B-D171F0C94F83}.Release|x64.Build.0 = Release|Any CPU
		{C4B5F3B3-66D1-44FF-8B9B-D171F0C94F83}.Release|x86.ActiveCfg = Release|Any CPU
		{C4B5F3B3-66D1-44FF-8B9B-D171F0C94F83}.Release|x86.Build.0 = Release|Any CPU
		{207E8A49-84BC-429B-A0DC-4037DC15FDDA}.Debug|Any CPU.ActiveCfg = Debug|Any CPU
		{207E8A49-84BC-429B-A0DC-4037DC15FDDA}.Debug|Any CPU.Build.0 = Debug|Any CPU
		{207E8A49-84BC-429B-A0DC-4037DC15FDDA}.Debug|x64.ActiveCfg = Debug|Any CPU
		{207E8A49-84BC-429B-A0DC-4037DC15FDDA}.Debug|x64.Build.0 = Debug|Any CPU
		{207E8A49-84BC-429B-A0DC-4037DC15FDDA}.Debug|x86.ActiveCfg = Debug|Any CPU
		{207E8A49-84BC-429B-A0DC-4037DC15FDDA}.Debug|x86.Build.0 = Debug|Any CPU
		{207E8A49-84BC-429B-A0DC-4037DC15FDDA}.Release|Any CPU.ActiveCfg = Release|Any CPU
		{207E8A49-84BC-429B-A0DC-4037DC15FDDA}.Release|Any CPU.Build.0 = Release|Any CPU
		{207E8A49-84BC-429B-A0DC-4037DC15FDDA}.Release|x64.ActiveCfg = Release|Any CPU
		{207E8A49-84BC-429B-A0DC-4037DC15FDDA}.Release|x64.Build.0 = Release|Any CPU
		{207E8A49-84BC-429B-A0DC-4037DC15FDDA}.Release|x86.ActiveCfg = Release|Any CPU
		{207E8A49-84BC-429B-A0DC-4037DC15FDDA}.Release|x86.Build.0 = Release|Any CPU
		{13888D5E-AC3F-4CDF-9A24-1E8D7A6BE8F7}.Debug|Any CPU.ActiveCfg = Debug|Any CPU
		{13888D5E-AC3F-4CDF-9A24-1E8D7A6BE8F7}.Debug|Any CPU.Build.0 = Debug|Any CPU
		{13888D5E-AC3F-4CDF-9A24-1E8D7A6BE8F7}.Debug|x64.ActiveCfg = Debug|Any CPU
		{13888D5E-AC3F-4CDF-9A24-1E8D7A6BE8F7}.Debug|x64.Build.0 = Debug|Any CPU
		{13888D5E-AC3F-4CDF-9A24-1E8D7A6BE8F7}.Debug|x86.ActiveCfg = Debug|Any CPU
		{13888D5E-AC3F-4CDF-9A24-1E8D7A6BE8F7}.Debug|x86.Build.0 = Debug|Any CPU
		{13888D5E-AC3F-4CDF-9A24-1E8D7A6BE8F7}.Release|Any CPU.ActiveCfg = Release|Any CPU
		{13888D5E-AC3F-4CDF-9A24-1E8D7A6BE8F7}.Release|Any CPU.Build.0 = Release|Any CPU
		{13888D5E-AC3F-4CDF-9A24-1E8D7A6BE8F7}.Release|x64.ActiveCfg = Release|Any CPU
		{13888D5E-AC3F-4CDF-9A24-1E8D7A6BE8F7}.Release|x64.Build.0 = Release|Any CPU
		{13888D5E-AC3F-4CDF-9A24-1E8D7A6BE8F7}.Release|x86.ActiveCfg = Release|Any CPU
		{13888D5E-AC3F-4CDF-9A24-1E8D7A6BE8F7}.Release|x86.Build.0 = Release|Any CPU
		{D56AAADD-247D-45B5-B296-BC629389C23E}.Debug|Any CPU.ActiveCfg = Debug|Any CPU
		{D56AAADD-247D-45B5-B296-BC629389C23E}.Debug|Any CPU.Build.0 = Debug|Any CPU
		{D56AAADD-247D-45B5-B296-BC629389C23E}.Debug|x64.ActiveCfg = Debug|Any CPU
		{D56AAADD-247D-45B5-B296-BC629389C23E}.Debug|x64.Build.0 = Debug|Any CPU
		{D56AAADD-247D-45B5-B296-BC629389C23E}.Debug|x86.ActiveCfg = Debug|Any CPU
		{D56AAADD-247D-45B5-B296-BC629389C23E}.Debug|x86.Build.0 = Debug|Any CPU
		{D56AAADD-247D-45B5-B296-BC629389C23E}.Release|Any CPU.ActiveCfg = Release|Any CPU
		{D56AAADD-247D-45B5-B296-BC629389C23E}.Release|Any CPU.Build.0 = Release|Any CPU
		{D56AAADD-247D-45B5-B296-BC629389C23E}.Release|x64.ActiveCfg = Release|Any CPU
		{D56AAADD-247D-45B5-B296-BC629389C23E}.Release|x64.Build.0 = Release|Any CPU
		{D56AAADD-247D-45B5-B296-BC629389C23E}.Release|x86.ActiveCfg = Release|Any CPU
		{D56AAADD-247D-45B5-B296-BC629389C23E}.Release|x86.Build.0 = Release|Any CPU
		{E59ECB10-C7A1-44F6-ADE3-BD316C861231}.Debug|Any CPU.ActiveCfg = Debug|Any CPU
		{E59ECB10-C7A1-44F6-ADE3-BD316C861231}.Debug|Any CPU.Build.0 = Debug|Any CPU
		{E59ECB10-C7A1-44F6-ADE3-BD316C861231}.Debug|x64.ActiveCfg = Debug|Any CPU
		{E59ECB10-C7A1-44F6-ADE3-BD316C861231}.Debug|x64.Build.0 = Debug|Any CPU
		{E59ECB10-C7A1-44F6-ADE3-BD316C861231}.Debug|x86.ActiveCfg = Debug|Any CPU
		{E59ECB10-C7A1-44F6-ADE3-BD316C861231}.Debug|x86.Build.0 = Debug|Any CPU
		{E59ECB10-C7A1-44F6-ADE3-BD316C861231}.Release|Any CPU.ActiveCfg = Release|Any CPU
		{E59ECB10-C7A1-44F6-ADE3-BD316C861231}.Release|Any CPU.Build.0 = Release|Any CPU
		{E59ECB10-C7A1-44F6-ADE3-BD316C861231}.Release|x64.ActiveCfg = Release|Any CPU
		{E59ECB10-C7A1-44F6-ADE3-BD316C861231}.Release|x64.Build.0 = Release|Any CPU
		{E59ECB10-C7A1-44F6-ADE3-BD316C861231}.Release|x86.ActiveCfg = Release|Any CPU
		{E59ECB10-C7A1-44F6-ADE3-BD316C861231}.Release|x86.Build.0 = Release|Any CPU
		{84DA1840-7126-409F-81F9-5B03FEADECD5}.Debug|Any CPU.ActiveCfg = Debug|Any CPU
		{84DA1840-7126-409F-81F9-5B03FEADECD5}.Debug|Any CPU.Build.0 = Debug|Any CPU
		{84DA1840-7126-409F-81F9-5B03FEADECD5}.Debug|x64.ActiveCfg = Debug|Any CPU
		{84DA1840-7126-409F-81F9-5B03FEADECD5}.Debug|x64.Build.0 = Debug|Any CPU
		{84DA1840-7126-409F-81F9-5B03FEADECD5}.Debug|x86.ActiveCfg = Debug|Any CPU
		{84DA1840-7126-409F-81F9-5B03FEADECD5}.Debug|x86.Build.0 = Debug|Any CPU
		{84DA1840-7126-409F-81F9-5B03FEADECD5}.Release|Any CPU.ActiveCfg = Release|Any CPU
		{84DA1840-7126-409F-81F9-5B03FEADECD5}.Release|Any CPU.Build.0 = Release|Any CPU
		{84DA1840-7126-409F-81F9-5B03FEADECD5}.Release|x64.ActiveCfg = Release|Any CPU
		{84DA1840-7126-409F-81F9-5B03FEADECD5}.Release|x64.Build.0 = Release|Any CPU
		{84DA1840-7126-409F-81F9-5B03FEADECD5}.Release|x86.ActiveCfg = Release|Any CPU
		{84DA1840-7126-409F-81F9-5B03FEADECD5}.Release|x86.Build.0 = Release|Any CPU
		{6F3B28BA-C57B-4C93-B8EF-1570EF2E6058}.Debug|Any CPU.ActiveCfg = Debug|Any CPU
		{6F3B28BA-C57B-4C93-B8EF-1570EF2E6058}.Debug|Any CPU.Build.0 = Debug|Any CPU
		{6F3B28BA-C57B-4C93-B8EF-1570EF2E6058}.Debug|x64.ActiveCfg = Debug|Any CPU
		{6F3B28BA-C57B-4C93-B8EF-1570EF2E6058}.Debug|x64.Build.0 = Debug|Any CPU
		{6F3B28BA-C57B-4C93-B8EF-1570EF2E6058}.Debug|x86.ActiveCfg = Debug|Any CPU
		{6F3B28BA-C57B-4C93-B8EF-1570EF2E6058}.Debug|x86.Build.0 = Debug|Any CPU
		{6F3B28BA-C57B-4C93-B8EF-1570EF2E6058}.Release|Any CPU.ActiveCfg = Release|Any CPU
		{6F3B28BA-C57B-4C93-B8EF-1570EF2E6058}.Release|Any CPU.Build.0 = Release|Any CPU
		{6F3B28BA-C57B-4C93-B8EF-1570EF2E6058}.Release|x64.ActiveCfg = Release|Any CPU
		{6F3B28BA-C57B-4C93-B8EF-1570EF2E6058}.Release|x64.Build.0 = Release|Any CPU
		{6F3B28BA-C57B-4C93-B8EF-1570EF2E6058}.Release|x86.ActiveCfg = Release|Any CPU
		{6F3B28BA-C57B-4C93-B8EF-1570EF2E6058}.Release|x86.Build.0 = Release|Any CPU
		{BD48B270-104F-41C5-BE4E-B17BB82BA0F5}.Debug|Any CPU.ActiveCfg = Debug|Any CPU
		{BD48B270-104F-41C5-BE4E-B17BB82BA0F5}.Debug|Any CPU.Build.0 = Debug|Any CPU
		{BD48B270-104F-41C5-BE4E-B17BB82BA0F5}.Debug|x64.ActiveCfg = Debug|Any CPU
		{BD48B270-104F-41C5-BE4E-B17BB82BA0F5}.Debug|x64.Build.0 = Debug|Any CPU
		{BD48B270-104F-41C5-BE4E-B17BB82BA0F5}.Debug|x86.ActiveCfg = Debug|Any CPU
		{BD48B270-104F-41C5-BE4E-B17BB82BA0F5}.Debug|x86.Build.0 = Debug|Any CPU
		{BD48B270-104F-41C5-BE4E-B17BB82BA0F5}.Release|Any CPU.ActiveCfg = Release|Any CPU
		{BD48B270-104F-41C5-BE4E-B17BB82BA0F5}.Release|Any CPU.Build.0 = Release|Any CPU
		{BD48B270-104F-41C5-BE4E-B17BB82BA0F5}.Release|x64.ActiveCfg = Release|Any CPU
		{BD48B270-104F-41C5-BE4E-B17BB82BA0F5}.Release|x64.Build.0 = Release|Any CPU
		{BD48B270-104F-41C5-BE4E-B17BB82BA0F5}.Release|x86.ActiveCfg = Release|Any CPU
		{BD48B270-104F-41C5-BE4E-B17BB82BA0F5}.Release|x86.Build.0 = Release|Any CPU
		{CE9A2E3C-3B85-4845-B09A-18F760478BC9}.Debug|Any CPU.ActiveCfg = Debug|Any CPU
		{CE9A2E3C-3B85-4845-B09A-18F760478BC9}.Debug|Any CPU.Build.0 = Debug|Any CPU
		{CE9A2E3C-3B85-4845-B09A-18F760478BC9}.Debug|x64.ActiveCfg = Debug|Any CPU
		{CE9A2E3C-3B85-4845-B09A-18F760478BC9}.Debug|x64.Build.0 = Debug|Any CPU
		{CE9A2E3C-3B85-4845-B09A-18F760478BC9}.Debug|x86.ActiveCfg = Debug|Any CPU
		{CE9A2E3C-3B85-4845-B09A-18F760478BC9}.Debug|x86.Build.0 = Debug|Any CPU
		{CE9A2E3C-3B85-4845-B09A-18F760478BC9}.Release|Any CPU.ActiveCfg = Release|Any CPU
		{CE9A2E3C-3B85-4845-B09A-18F760478BC9}.Release|Any CPU.Build.0 = Release|Any CPU
		{CE9A2E3C-3B85-4845-B09A-18F760478BC9}.Release|x64.ActiveCfg = Release|Any CPU
		{CE9A2E3C-3B85-4845-B09A-18F760478BC9}.Release|x64.Build.0 = Release|Any CPU
		{CE9A2E3C-3B85-4845-B09A-18F760478BC9}.Release|x86.ActiveCfg = Release|Any CPU
		{CE9A2E3C-3B85-4845-B09A-18F760478BC9}.Release|x86.Build.0 = Release|Any CPU
		{93E66AC9-A434-4618-81E5-0B285B3A061A}.Debug|Any CPU.ActiveCfg = Debug|Any CPU
		{93E66AC9-A434-4618-81E5-0B285B3A061A}.Debug|Any CPU.Build.0 = Debug|Any CPU
		{93E66AC9-A434-4618-81E5-0B285B3A061A}.Debug|x64.ActiveCfg = Debug|Any CPU
		{93E66AC9-A434-4618-81E5-0B285B3A061A}.Debug|x64.Build.0 = Debug|Any CPU
		{93E66AC9-A434-4618-81E5-0B285B3A061A}.Debug|x86.ActiveCfg = Debug|Any CPU
		{93E66AC9-A434-4618-81E5-0B285B3A061A}.Debug|x86.Build.0 = Debug|Any CPU
		{93E66AC9-A434-4618-81E5-0B285B3A061A}.Release|Any CPU.ActiveCfg = Release|Any CPU
		{93E66AC9-A434-4618-81E5-0B285B3A061A}.Release|Any CPU.Build.0 = Release|Any CPU
		{93E66AC9-A434-4618-81E5-0B285B3A061A}.Release|x64.ActiveCfg = Release|Any CPU
		{93E66AC9-A434-4618-81E5-0B285B3A061A}.Release|x64.Build.0 = Release|Any CPU
		{93E66AC9-A434-4618-81E5-0B285B3A061A}.Release|x86.ActiveCfg = Release|Any CPU
		{93E66AC9-A434-4618-81E5-0B285B3A061A}.Release|x86.Build.0 = Release|Any CPU
		{697B95FF-76CD-4642-9D65-81927F2B7569}.Debug|Any CPU.ActiveCfg = Debug|Any CPU
		{697B95FF-76CD-4642-9D65-81927F2B7569}.Debug|Any CPU.Build.0 = Debug|Any CPU
		{697B95FF-76CD-4642-9D65-81927F2B7569}.Debug|x64.ActiveCfg = Debug|Any CPU
		{697B95FF-76CD-4642-9D65-81927F2B7569}.Debug|x64.Build.0 = Debug|Any CPU
		{697B95FF-76CD-4642-9D65-81927F2B7569}.Debug|x86.ActiveCfg = Debug|Any CPU
		{697B95FF-76CD-4642-9D65-81927F2B7569}.Debug|x86.Build.0 = Debug|Any CPU
		{697B95FF-76CD-4642-9D65-81927F2B7569}.Release|Any CPU.ActiveCfg = Release|Any CPU
		{697B95FF-76CD-4642-9D65-81927F2B7569}.Release|Any CPU.Build.0 = Release|Any CPU
		{697B95FF-76CD-4642-9D65-81927F2B7569}.Release|x64.ActiveCfg = Release|Any CPU
		{697B95FF-76CD-4642-9D65-81927F2B7569}.Release|x64.Build.0 = Release|Any CPU
		{697B95FF-76CD-4642-9D65-81927F2B7569}.Release|x86.ActiveCfg = Release|Any CPU
		{697B95FF-76CD-4642-9D65-81927F2B7569}.Release|x86.Build.0 = Release|Any CPU
		{2E4250E2-3283-4196-AB55-5794089ADB71}.Debug|Any CPU.ActiveCfg = Debug|Any CPU
		{2E4250E2-3283-4196-AB55-5794089ADB71}.Debug|Any CPU.Build.0 = Debug|Any CPU
		{2E4250E2-3283-4196-AB55-5794089ADB71}.Debug|x64.ActiveCfg = Debug|Any CPU
		{2E4250E2-3283-4196-AB55-5794089ADB71}.Debug|x64.Build.0 = Debug|Any CPU
		{2E4250E2-3283-4196-AB55-5794089ADB71}.Debug|x86.ActiveCfg = Debug|Any CPU
		{2E4250E2-3283-4196-AB55-5794089ADB71}.Debug|x86.Build.0 = Debug|Any CPU
		{2E4250E2-3283-4196-AB55-5794089ADB71}.Release|Any CPU.ActiveCfg = Release|Any CPU
		{2E4250E2-3283-4196-AB55-5794089ADB71}.Release|Any CPU.Build.0 = Release|Any CPU
		{2E4250E2-3283-4196-AB55-5794089ADB71}.Release|x64.ActiveCfg = Release|Any CPU
		{2E4250E2-3283-4196-AB55-5794089ADB71}.Release|x64.Build.0 = Release|Any CPU
		{2E4250E2-3283-4196-AB55-5794089ADB71}.Release|x86.ActiveCfg = Release|Any CPU
		{2E4250E2-3283-4196-AB55-5794089ADB71}.Release|x86.Build.0 = Release|Any CPU
		{B9BB4637-C52C-4802-82C0-0A463F5656FB}.Debug|Any CPU.ActiveCfg = Debug|Any CPU
		{B9BB4637-C52C-4802-82C0-0A463F5656FB}.Debug|Any CPU.Build.0 = Debug|Any CPU
		{B9BB4637-C52C-4802-82C0-0A463F5656FB}.Debug|x64.ActiveCfg = Debug|Any CPU
		{B9BB4637-C52C-4802-82C0-0A463F5656FB}.Debug|x64.Build.0 = Debug|Any CPU
		{B9BB4637-C52C-4802-82C0-0A463F5656FB}.Debug|x86.ActiveCfg = Debug|Any CPU
		{B9BB4637-C52C-4802-82C0-0A463F5656FB}.Debug|x86.Build.0 = Debug|Any CPU
		{B9BB4637-C52C-4802-82C0-0A463F5656FB}.Release|Any CPU.ActiveCfg = Release|Any CPU
		{B9BB4637-C52C-4802-82C0-0A463F5656FB}.Release|Any CPU.Build.0 = Release|Any CPU
		{B9BB4637-C52C-4802-82C0-0A463F5656FB}.Release|x64.ActiveCfg = Release|Any CPU
		{B9BB4637-C52C-4802-82C0-0A463F5656FB}.Release|x64.Build.0 = Release|Any CPU
		{B9BB4637-C52C-4802-82C0-0A463F5656FB}.Release|x86.ActiveCfg = Release|Any CPU
		{B9BB4637-C52C-4802-82C0-0A463F5656FB}.Release|x86.Build.0 = Release|Any CPU
		{D5B1C0DE-F70D-474A-8F5A-47E23870748F}.Debug|Any CPU.ActiveCfg = Debug|Any CPU
		{D5B1C0DE-F70D-474A-8F5A-47E23870748F}.Debug|Any CPU.Build.0 = Debug|Any CPU
		{D5B1C0DE-F70D-474A-8F5A-47E23870748F}.Debug|x64.ActiveCfg = Debug|Any CPU
		{D5B1C0DE-F70D-474A-8F5A-47E23870748F}.Debug|x64.Build.0 = Debug|Any CPU
		{D5B1C0DE-F70D-474A-8F5A-47E23870748F}.Debug|x86.ActiveCfg = Debug|Any CPU
		{D5B1C0DE-F70D-474A-8F5A-47E23870748F}.Debug|x86.Build.0 = Debug|Any CPU
		{D5B1C0DE-F70D-474A-8F5A-47E23870748F}.Release|Any CPU.ActiveCfg = Release|Any CPU
		{D5B1C0DE-F70D-474A-8F5A-47E23870748F}.Release|Any CPU.Build.0 = Release|Any CPU
		{D5B1C0DE-F70D-474A-8F5A-47E23870748F}.Release|x64.ActiveCfg = Release|Any CPU
		{D5B1C0DE-F70D-474A-8F5A-47E23870748F}.Release|x64.Build.0 = Release|Any CPU
		{D5B1C0DE-F70D-474A-8F5A-47E23870748F}.Release|x86.ActiveCfg = Release|Any CPU
		{D5B1C0DE-F70D-474A-8F5A-47E23870748F}.Release|x86.Build.0 = Release|Any CPU
		{8069F761-0588-4B0F-909F-C8C3E5F0EE3E}.Debug|Any CPU.ActiveCfg = Debug|Any CPU
		{8069F761-0588-4B0F-909F-C8C3E5F0EE3E}.Debug|Any CPU.Build.0 = Debug|Any CPU
		{8069F761-0588-4B0F-909F-C8C3E5F0EE3E}.Debug|x64.ActiveCfg = Debug|Any CPU
		{8069F761-0588-4B0F-909F-C8C3E5F0EE3E}.Debug|x64.Build.0 = Debug|Any CPU
		{8069F761-0588-4B0F-909F-C8C3E5F0EE3E}.Debug|x86.ActiveCfg = Debug|Any CPU
		{8069F761-0588-4B0F-909F-C8C3E5F0EE3E}.Debug|x86.Build.0 = Debug|Any CPU
		{8069F761-0588-4B0F-909F-C8C3E5F0EE3E}.Release|Any CPU.ActiveCfg = Release|Any CPU
		{8069F761-0588-4B0F-909F-C8C3E5F0EE3E}.Release|Any CPU.Build.0 = Release|Any CPU
		{8069F761-0588-4B0F-909F-C8C3E5F0EE3E}.Release|x64.ActiveCfg = Release|Any CPU
		{8069F761-0588-4B0F-909F-C8C3E5F0EE3E}.Release|x64.Build.0 = Release|Any CPU
		{8069F761-0588-4B0F-909F-C8C3E5F0EE3E}.Release|x86.ActiveCfg = Release|Any CPU
		{8069F761-0588-4B0F-909F-C8C3E5F0EE3E}.Release|x86.Build.0 = Release|Any CPU
		{DA1967BA-6EE7-4715-ACA0-DAC8F26A40E9}.Debug|Any CPU.ActiveCfg = Debug|Any CPU
		{DA1967BA-6EE7-4715-ACA0-DAC8F26A40E9}.Debug|Any CPU.Build.0 = Debug|Any CPU
		{DA1967BA-6EE7-4715-ACA0-DAC8F26A40E9}.Debug|x64.ActiveCfg = Debug|Any CPU
		{DA1967BA-6EE7-4715-ACA0-DAC8F26A40E9}.Debug|x64.Build.0 = Debug|Any CPU
		{DA1967BA-6EE7-4715-ACA0-DAC8F26A40E9}.Debug|x86.ActiveCfg = Debug|Any CPU
		{DA1967BA-6EE7-4715-ACA0-DAC8F26A40E9}.Debug|x86.Build.0 = Debug|Any CPU
		{DA1967BA-6EE7-4715-ACA0-DAC8F26A40E9}.Release|Any CPU.ActiveCfg = Release|Any CPU
		{DA1967BA-6EE7-4715-ACA0-DAC8F26A40E9}.Release|Any CPU.Build.0 = Release|Any CPU
		{DA1967BA-6EE7-4715-ACA0-DAC8F26A40E9}.Release|x64.ActiveCfg = Release|Any CPU
		{DA1967BA-6EE7-4715-ACA0-DAC8F26A40E9}.Release|x64.Build.0 = Release|Any CPU
		{DA1967BA-6EE7-4715-ACA0-DAC8F26A40E9}.Release|x86.ActiveCfg = Release|Any CPU
		{DA1967BA-6EE7-4715-ACA0-DAC8F26A40E9}.Release|x86.Build.0 = Release|Any CPU
		{F12E283B-9F47-4BC3-B716-8E970080E998}.Debug|Any CPU.ActiveCfg = Debug|Any CPU
		{F12E283B-9F47-4BC3-B716-8E970080E998}.Debug|Any CPU.Build.0 = Debug|Any CPU
		{F12E283B-9F47-4BC3-B716-8E970080E998}.Debug|x64.ActiveCfg = Debug|Any CPU
		{F12E283B-9F47-4BC3-B716-8E970080E998}.Debug|x64.Build.0 = Debug|Any CPU
		{F12E283B-9F47-4BC3-B716-8E970080E998}.Debug|x86.ActiveCfg = Debug|Any CPU
		{F12E283B-9F47-4BC3-B716-8E970080E998}.Debug|x86.Build.0 = Debug|Any CPU
		{F12E283B-9F47-4BC3-B716-8E970080E998}.Release|Any CPU.ActiveCfg = Release|Any CPU
		{F12E283B-9F47-4BC3-B716-8E970080E998}.Release|Any CPU.Build.0 = Release|Any CPU
		{F12E283B-9F47-4BC3-B716-8E970080E998}.Release|x64.ActiveCfg = Release|Any CPU
		{F12E283B-9F47-4BC3-B716-8E970080E998}.Release|x64.Build.0 = Release|Any CPU
		{F12E283B-9F47-4BC3-B716-8E970080E998}.Release|x86.ActiveCfg = Release|Any CPU
		{F12E283B-9F47-4BC3-B716-8E970080E998}.Release|x86.Build.0 = Release|Any CPU
		{1B05B7B5-B5B8-4967-98F7-8C4B10B33CEB}.Debug|Any CPU.ActiveCfg = Debug|Any CPU
		{1B05B7B5-B5B8-4967-98F7-8C4B10B33CEB}.Debug|Any CPU.Build.0 = Debug|Any CPU
		{1B05B7B5-B5B8-4967-98F7-8C4B10B33CEB}.Debug|x64.ActiveCfg = Debug|Any CPU
		{1B05B7B5-B5B8-4967-98F7-8C4B10B33CEB}.Debug|x64.Build.0 = Debug|Any CPU
		{1B05B7B5-B5B8-4967-98F7-8C4B10B33CEB}.Debug|x86.ActiveCfg = Debug|Any CPU
		{1B05B7B5-B5B8-4967-98F7-8C4B10B33CEB}.Debug|x86.Build.0 = Debug|Any CPU
		{1B05B7B5-B5B8-4967-98F7-8C4B10B33CEB}.Release|Any CPU.ActiveCfg = Release|Any CPU
		{1B05B7B5-B5B8-4967-98F7-8C4B10B33CEB}.Release|Any CPU.Build.0 = Release|Any CPU
		{1B05B7B5-B5B8-4967-98F7-8C4B10B33CEB}.Release|x64.ActiveCfg = Release|Any CPU
		{1B05B7B5-B5B8-4967-98F7-8C4B10B33CEB}.Release|x64.Build.0 = Release|Any CPU
		{1B05B7B5-B5B8-4967-98F7-8C4B10B33CEB}.Release|x86.ActiveCfg = Release|Any CPU
		{1B05B7B5-B5B8-4967-98F7-8C4B10B33CEB}.Release|x86.Build.0 = Release|Any CPU
		{97E9D822-424C-430C-80C1-5A4DB48E8DFC}.Debug|Any CPU.ActiveCfg = Debug|Any CPU
		{97E9D822-424C-430C-80C1-5A4DB48E8DFC}.Debug|Any CPU.Build.0 = Debug|Any CPU
		{97E9D822-424C-430C-80C1-5A4DB48E8DFC}.Debug|x64.ActiveCfg = Debug|Any CPU
		{97E9D822-424C-430C-80C1-5A4DB48E8DFC}.Debug|x64.Build.0 = Debug|Any CPU
		{97E9D822-424C-430C-80C1-5A4DB48E8DFC}.Debug|x86.ActiveCfg = Debug|Any CPU
		{97E9D822-424C-430C-80C1-5A4DB48E8DFC}.Debug|x86.Build.0 = Debug|Any CPU
		{97E9D822-424C-430C-80C1-5A4DB48E8DFC}.Release|Any CPU.ActiveCfg = Release|Any CPU
		{97E9D822-424C-430C-80C1-5A4DB48E8DFC}.Release|Any CPU.Build.0 = Release|Any CPU
		{97E9D822-424C-430C-80C1-5A4DB48E8DFC}.Release|x64.ActiveCfg = Release|Any CPU
		{97E9D822-424C-430C-80C1-5A4DB48E8DFC}.Release|x64.Build.0 = Release|Any CPU
		{97E9D822-424C-430C-80C1-5A4DB48E8DFC}.Release|x86.ActiveCfg = Release|Any CPU
		{97E9D822-424C-430C-80C1-5A4DB48E8DFC}.Release|x86.Build.0 = Release|Any CPU
		{5F58339C-106F-41C7-A571-661E48133E0A}.Debug|Any CPU.ActiveCfg = Debug|Any CPU
		{5F58339C-106F-41C7-A571-661E48133E0A}.Debug|Any CPU.Build.0 = Debug|Any CPU
		{5F58339C-106F-41C7-A571-661E48133E0A}.Debug|x64.ActiveCfg = Debug|Any CPU
		{5F58339C-106F-41C7-A571-661E48133E0A}.Debug|x64.Build.0 = Debug|Any CPU
		{5F58339C-106F-41C7-A571-661E48133E0A}.Debug|x86.ActiveCfg = Debug|Any CPU
		{5F58339C-106F-41C7-A571-661E48133E0A}.Debug|x86.Build.0 = Debug|Any CPU
		{5F58339C-106F-41C7-A571-661E48133E0A}.Release|Any CPU.ActiveCfg = Release|Any CPU
		{5F58339C-106F-41C7-A571-661E48133E0A}.Release|Any CPU.Build.0 = Release|Any CPU
		{5F58339C-106F-41C7-A571-661E48133E0A}.Release|x64.ActiveCfg = Release|Any CPU
		{5F58339C-106F-41C7-A571-661E48133E0A}.Release|x64.Build.0 = Release|Any CPU
		{5F58339C-106F-41C7-A571-661E48133E0A}.Release|x86.ActiveCfg = Release|Any CPU
		{5F58339C-106F-41C7-A571-661E48133E0A}.Release|x86.Build.0 = Release|Any CPU
		{D4F628D9-E5F6-4118-9B98-90C8E0DAA67E}.Debug|Any CPU.ActiveCfg = Debug|Any CPU
		{D4F628D9-E5F6-4118-9B98-90C8E0DAA67E}.Debug|Any CPU.Build.0 = Debug|Any CPU
		{D4F628D9-E5F6-4118-9B98-90C8E0DAA67E}.Debug|x64.ActiveCfg = Debug|Any CPU
		{D4F628D9-E5F6-4118-9B98-90C8E0DAA67E}.Debug|x64.Build.0 = Debug|Any CPU
		{D4F628D9-E5F6-4118-9B98-90C8E0DAA67E}.Debug|x86.ActiveCfg = Debug|Any CPU
		{D4F628D9-E5F6-4118-9B98-90C8E0DAA67E}.Debug|x86.Build.0 = Debug|Any CPU
		{D4F628D9-E5F6-4118-9B98-90C8E0DAA67E}.Release|Any CPU.ActiveCfg = Release|Any CPU
		{D4F628D9-E5F6-4118-9B98-90C8E0DAA67E}.Release|Any CPU.Build.0 = Release|Any CPU
		{D4F628D9-E5F6-4118-9B98-90C8E0DAA67E}.Release|x64.ActiveCfg = Release|Any CPU
		{D4F628D9-E5F6-4118-9B98-90C8E0DAA67E}.Release|x64.Build.0 = Release|Any CPU
		{D4F628D9-E5F6-4118-9B98-90C8E0DAA67E}.Release|x86.ActiveCfg = Release|Any CPU
		{D4F628D9-E5F6-4118-9B98-90C8E0DAA67E}.Release|x86.Build.0 = Release|Any CPU
		{566FB16B-DF90-47D1-9FF2-AEB09327253A}.Debug|Any CPU.ActiveCfg = Debug|Any CPU
		{566FB16B-DF90-47D1-9FF2-AEB09327253A}.Debug|Any CPU.Build.0 = Debug|Any CPU
		{566FB16B-DF90-47D1-9FF2-AEB09327253A}.Debug|x64.ActiveCfg = Debug|Any CPU
		{566FB16B-DF90-47D1-9FF2-AEB09327253A}.Debug|x64.Build.0 = Debug|Any CPU
		{566FB16B-DF90-47D1-9FF2-AEB09327253A}.Debug|x86.ActiveCfg = Debug|Any CPU
		{566FB16B-DF90-47D1-9FF2-AEB09327253A}.Debug|x86.Build.0 = Debug|Any CPU
		{566FB16B-DF90-47D1-9FF2-AEB09327253A}.Release|Any CPU.ActiveCfg = Release|Any CPU
		{566FB16B-DF90-47D1-9FF2-AEB09327253A}.Release|Any CPU.Build.0 = Release|Any CPU
		{566FB16B-DF90-47D1-9FF2-AEB09327253A}.Release|x64.ActiveCfg = Release|Any CPU
		{566FB16B-DF90-47D1-9FF2-AEB09327253A}.Release|x64.Build.0 = Release|Any CPU
		{566FB16B-DF90-47D1-9FF2-AEB09327253A}.Release|x86.ActiveCfg = Release|Any CPU
		{566FB16B-DF90-47D1-9FF2-AEB09327253A}.Release|x86.Build.0 = Release|Any CPU
		{4D223FD7-F3DF-412F-9674-5FF34CDF7E00}.Debug|Any CPU.ActiveCfg = Debug|Any CPU
		{4D223FD7-F3DF-412F-9674-5FF34CDF7E00}.Debug|Any CPU.Build.0 = Debug|Any CPU
		{4D223FD7-F3DF-412F-9674-5FF34CDF7E00}.Debug|x64.ActiveCfg = Debug|Any CPU
		{4D223FD7-F3DF-412F-9674-5FF34CDF7E00}.Debug|x64.Build.0 = Debug|Any CPU
		{4D223FD7-F3DF-412F-9674-5FF34CDF7E00}.Debug|x86.ActiveCfg = Debug|Any CPU
		{4D223FD7-F3DF-412F-9674-5FF34CDF7E00}.Debug|x86.Build.0 = Debug|Any CPU
		{4D223FD7-F3DF-412F-9674-5FF34CDF7E00}.Release|Any CPU.ActiveCfg = Release|Any CPU
		{4D223FD7-F3DF-412F-9674-5FF34CDF7E00}.Release|Any CPU.Build.0 = Release|Any CPU
		{4D223FD7-F3DF-412F-9674-5FF34CDF7E00}.Release|x64.ActiveCfg = Release|Any CPU
		{4D223FD7-F3DF-412F-9674-5FF34CDF7E00}.Release|x64.Build.0 = Release|Any CPU
		{4D223FD7-F3DF-412F-9674-5FF34CDF7E00}.Release|x86.ActiveCfg = Release|Any CPU
		{4D223FD7-F3DF-412F-9674-5FF34CDF7E00}.Release|x86.Build.0 = Release|Any CPU
		{AE4C2655-E857-4333-A48F-1292A38DE472}.Debug|Any CPU.ActiveCfg = Debug|Any CPU
		{AE4C2655-E857-4333-A48F-1292A38DE472}.Debug|Any CPU.Build.0 = Debug|Any CPU
		{AE4C2655-E857-4333-A48F-1292A38DE472}.Debug|x64.ActiveCfg = Debug|Any CPU
		{AE4C2655-E857-4333-A48F-1292A38DE472}.Debug|x64.Build.0 = Debug|Any CPU
		{AE4C2655-E857-4333-A48F-1292A38DE472}.Debug|x86.ActiveCfg = Debug|Any CPU
		{AE4C2655-E857-4333-A48F-1292A38DE472}.Debug|x86.Build.0 = Debug|Any CPU
		{AE4C2655-E857-4333-A48F-1292A38DE472}.Release|Any CPU.ActiveCfg = Release|Any CPU
		{AE4C2655-E857-4333-A48F-1292A38DE472}.Release|Any CPU.Build.0 = Release|Any CPU
		{AE4C2655-E857-4333-A48F-1292A38DE472}.Release|x64.ActiveCfg = Release|Any CPU
		{AE4C2655-E857-4333-A48F-1292A38DE472}.Release|x64.Build.0 = Release|Any CPU
		{AE4C2655-E857-4333-A48F-1292A38DE472}.Release|x86.ActiveCfg = Release|Any CPU
		{AE4C2655-E857-4333-A48F-1292A38DE472}.Release|x86.Build.0 = Release|Any CPU
		{D6EE47C8-8F13-4679-A524-B11061BBB2A6}.Debug|Any CPU.ActiveCfg = Debug|Any CPU
		{D6EE47C8-8F13-4679-A524-B11061BBB2A6}.Debug|Any CPU.Build.0 = Debug|Any CPU
		{D6EE47C8-8F13-4679-A524-B11061BBB2A6}.Debug|x64.ActiveCfg = Debug|Any CPU
		{D6EE47C8-8F13-4679-A524-B11061BBB2A6}.Debug|x64.Build.0 = Debug|Any CPU
		{D6EE47C8-8F13-4679-A524-B11061BBB2A6}.Debug|x86.ActiveCfg = Debug|Any CPU
		{D6EE47C8-8F13-4679-A524-B11061BBB2A6}.Debug|x86.Build.0 = Debug|Any CPU
		{D6EE47C8-8F13-4679-A524-B11061BBB2A6}.Release|Any CPU.ActiveCfg = Release|Any CPU
		{D6EE47C8-8F13-4679-A524-B11061BBB2A6}.Release|Any CPU.Build.0 = Release|Any CPU
		{D6EE47C8-8F13-4679-A524-B11061BBB2A6}.Release|x64.ActiveCfg = Release|Any CPU
		{D6EE47C8-8F13-4679-A524-B11061BBB2A6}.Release|x64.Build.0 = Release|Any CPU
		{D6EE47C8-8F13-4679-A524-B11061BBB2A6}.Release|x86.ActiveCfg = Release|Any CPU
		{D6EE47C8-8F13-4679-A524-B11061BBB2A6}.Release|x86.Build.0 = Release|Any CPU
		{7177967D-BB49-46AC-80D0-BE64F07E8720}.Debug|Any CPU.ActiveCfg = Debug|Any CPU
		{7177967D-BB49-46AC-80D0-BE64F07E8720}.Debug|Any CPU.Build.0 = Debug|Any CPU
		{7177967D-BB49-46AC-80D0-BE64F07E8720}.Debug|x64.ActiveCfg = Debug|Any CPU
		{7177967D-BB49-46AC-80D0-BE64F07E8720}.Debug|x64.Build.0 = Debug|Any CPU
		{7177967D-BB49-46AC-80D0-BE64F07E8720}.Debug|x86.ActiveCfg = Debug|Any CPU
		{7177967D-BB49-46AC-80D0-BE64F07E8720}.Debug|x86.Build.0 = Debug|Any CPU
		{7177967D-BB49-46AC-80D0-BE64F07E8720}.Release|Any CPU.ActiveCfg = Release|Any CPU
		{7177967D-BB49-46AC-80D0-BE64F07E8720}.Release|Any CPU.Build.0 = Release|Any CPU
		{7177967D-BB49-46AC-80D0-BE64F07E8720}.Release|x64.ActiveCfg = Release|Any CPU
		{7177967D-BB49-46AC-80D0-BE64F07E8720}.Release|x64.Build.0 = Release|Any CPU
		{7177967D-BB49-46AC-80D0-BE64F07E8720}.Release|x86.ActiveCfg = Release|Any CPU
		{7177967D-BB49-46AC-80D0-BE64F07E8720}.Release|x86.Build.0 = Release|Any CPU
		{3BE0F4BB-502A-4AA6-895D-19BB3D01861B}.Debug|Any CPU.ActiveCfg = Debug|Any CPU
		{3BE0F4BB-502A-4AA6-895D-19BB3D01861B}.Debug|Any CPU.Build.0 = Debug|Any CPU
		{3BE0F4BB-502A-4AA6-895D-19BB3D01861B}.Debug|x64.ActiveCfg = Debug|Any CPU
		{3BE0F4BB-502A-4AA6-895D-19BB3D01861B}.Debug|x64.Build.0 = Debug|Any CPU
		{3BE0F4BB-502A-4AA6-895D-19BB3D01861B}.Debug|x86.ActiveCfg = Debug|Any CPU
		{3BE0F4BB-502A-4AA6-895D-19BB3D01861B}.Debug|x86.Build.0 = Debug|Any CPU
		{3BE0F4BB-502A-4AA6-895D-19BB3D01861B}.Release|Any CPU.ActiveCfg = Release|Any CPU
		{3BE0F4BB-502A-4AA6-895D-19BB3D01861B}.Release|Any CPU.Build.0 = Release|Any CPU
		{3BE0F4BB-502A-4AA6-895D-19BB3D01861B}.Release|x64.ActiveCfg = Release|Any CPU
		{3BE0F4BB-502A-4AA6-895D-19BB3D01861B}.Release|x64.Build.0 = Release|Any CPU
		{3BE0F4BB-502A-4AA6-895D-19BB3D01861B}.Release|x86.ActiveCfg = Release|Any CPU
		{3BE0F4BB-502A-4AA6-895D-19BB3D01861B}.Release|x86.Build.0 = Release|Any CPU
		{B72FED93-4334-4CE9-B7F2-30340C561056}.Debug|Any CPU.ActiveCfg = Debug|Any CPU
		{B72FED93-4334-4CE9-B7F2-30340C561056}.Debug|Any CPU.Build.0 = Debug|Any CPU
		{B72FED93-4334-4CE9-B7F2-30340C561056}.Debug|x64.ActiveCfg = Debug|Any CPU
		{B72FED93-4334-4CE9-B7F2-30340C561056}.Debug|x64.Build.0 = Debug|Any CPU
		{B72FED93-4334-4CE9-B7F2-30340C561056}.Debug|x86.ActiveCfg = Debug|Any CPU
		{B72FED93-4334-4CE9-B7F2-30340C561056}.Debug|x86.Build.0 = Debug|Any CPU
		{B72FED93-4334-4CE9-B7F2-30340C561056}.Release|Any CPU.ActiveCfg = Release|Any CPU
		{B72FED93-4334-4CE9-B7F2-30340C561056}.Release|Any CPU.Build.0 = Release|Any CPU
		{B72FED93-4334-4CE9-B7F2-30340C561056}.Release|x64.ActiveCfg = Release|Any CPU
		{B72FED93-4334-4CE9-B7F2-30340C561056}.Release|x64.Build.0 = Release|Any CPU
		{B72FED93-4334-4CE9-B7F2-30340C561056}.Release|x86.ActiveCfg = Release|Any CPU
		{B72FED93-4334-4CE9-B7F2-30340C561056}.Release|x86.Build.0 = Release|Any CPU
		{FBD350CD-25B5-4088-8C4E-DE97FDBA1DCE}.Debug|Any CPU.ActiveCfg = Debug|Any CPU
		{FBD350CD-25B5-4088-8C4E-DE97FDBA1DCE}.Debug|Any CPU.Build.0 = Debug|Any CPU
		{FBD350CD-25B5-4088-8C4E-DE97FDBA1DCE}.Debug|x64.ActiveCfg = Debug|Any CPU
		{FBD350CD-25B5-4088-8C4E-DE97FDBA1DCE}.Debug|x64.Build.0 = Debug|Any CPU
		{FBD350CD-25B5-4088-8C4E-DE97FDBA1DCE}.Debug|x86.ActiveCfg = Debug|Any CPU
		{FBD350CD-25B5-4088-8C4E-DE97FDBA1DCE}.Debug|x86.Build.0 = Debug|Any CPU
		{FBD350CD-25B5-4088-8C4E-DE97FDBA1DCE}.Release|Any CPU.ActiveCfg = Release|Any CPU
		{FBD350CD-25B5-4088-8C4E-DE97FDBA1DCE}.Release|Any CPU.Build.0 = Release|Any CPU
		{FBD350CD-25B5-4088-8C4E-DE97FDBA1DCE}.Release|x64.ActiveCfg = Release|Any CPU
		{FBD350CD-25B5-4088-8C4E-DE97FDBA1DCE}.Release|x64.Build.0 = Release|Any CPU
		{FBD350CD-25B5-4088-8C4E-DE97FDBA1DCE}.Release|x86.ActiveCfg = Release|Any CPU
		{FBD350CD-25B5-4088-8C4E-DE97FDBA1DCE}.Release|x86.Build.0 = Release|Any CPU
		{CE67AEFF-532F-4C22-B33F-72783B16D70E}.Debug|Any CPU.ActiveCfg = Debug|Any CPU
		{CE67AEFF-532F-4C22-B33F-72783B16D70E}.Debug|Any CPU.Build.0 = Debug|Any CPU
		{CE67AEFF-532F-4C22-B33F-72783B16D70E}.Debug|x64.ActiveCfg = Debug|Any CPU
		{CE67AEFF-532F-4C22-B33F-72783B16D70E}.Debug|x64.Build.0 = Debug|Any CPU
		{CE67AEFF-532F-4C22-B33F-72783B16D70E}.Debug|x86.ActiveCfg = Debug|Any CPU
		{CE67AEFF-532F-4C22-B33F-72783B16D70E}.Debug|x86.Build.0 = Debug|Any CPU
		{CE67AEFF-532F-4C22-B33F-72783B16D70E}.Release|Any CPU.ActiveCfg = Release|Any CPU
		{CE67AEFF-532F-4C22-B33F-72783B16D70E}.Release|Any CPU.Build.0 = Release|Any CPU
		{CE67AEFF-532F-4C22-B33F-72783B16D70E}.Release|x64.ActiveCfg = Release|Any CPU
		{CE67AEFF-532F-4C22-B33F-72783B16D70E}.Release|x64.Build.0 = Release|Any CPU
		{CE67AEFF-532F-4C22-B33F-72783B16D70E}.Release|x86.ActiveCfg = Release|Any CPU
		{CE67AEFF-532F-4C22-B33F-72783B16D70E}.Release|x86.Build.0 = Release|Any CPU
	EndGlobalSection
	GlobalSection(SolutionProperties) = preSolution
		HideSolutionNode = FALSE
	EndGlobalSection
	GlobalSection(NestedProjects) = preSolution
		{EB6915B4-60EC-458F-B5E1-D896AB13363F} = {13B8928D-1FE1-4B9D-8B2C-E3248612052B}
		{FD3FE2BE-7DB4-4A12-AE3F-68476749A514} = {13B8928D-1FE1-4B9D-8B2C-E3248612052B}
		{0004DB59-E116-45E1-A75E-3B43690FF812} = {1469A562-3184-4A91-A02F-2482CF5FB27F}
		{E570FB73-59CF-4747-9B78-70D4D3D67A09} = {1469A562-3184-4A91-A02F-2482CF5FB27F}
		{8AF032F6-AD70-48B1-A67C-C1ACCD7B524B} = {1469A562-3184-4A91-A02F-2482CF5FB27F}
		{2E812235-2FD3-4E50-A37C-66C11AE0102F} = {B938B88D-2FD2-445F-B194-DEB3FF405ACF}
		{4D8EC9A1-4854-4A88-8FE2-0B62C67110CB} = {B938B88D-2FD2-445F-B194-DEB3FF405ACF}
		{9D2408A7-F77B-4D79-8FE3-5A9B67DF5AD3} = {B938B88D-2FD2-445F-B194-DEB3FF405ACF}
		{33E57F0C-3CDB-4EB8-B6BE-6A0875B42EDE} = {36617B81-CF74-4FCB-A7CA-E95DF3CA92FC}
		{2C7E2059-8542-4BC8-A170-39F6B9EDE548} = {36617B81-CF74-4FCB-A7CA-E95DF3CA92FC}
		{727D7A4D-49ED-4FBF-B713-1091191C78AD} = {2C7E2059-8542-4BC8-A170-39F6B9EDE548}
		{532F85C9-F589-40E7-814F-F0463A927788} = {7A597F60-480C-4BFF-A940-26094BB0CA62}
		{00947D4A-C20E-46E3-90C3-6CD6BC87EE72} = {36617B81-CF74-4FCB-A7CA-E95DF3CA92FC}
		{88EAFADB-68FC-4D52-8BFA-68AEE9B38697} = {3924E1C4-745C-4127-95A5-38456A2BB4EB}
		{F19DD31F-B6D9-4DED-978F-7B2746A223C1} = {3924E1C4-745C-4127-95A5-38456A2BB4EB}
		{CB358F42-8DC4-43F7-80CC-2BCB535877D6} = {3924E1C4-745C-4127-95A5-38456A2BB4EB}
		{FD35A36E-A1B6-4429-8523-12419CACA8D8} = {3924E1C4-745C-4127-95A5-38456A2BB4EB}
		{49BA92B1-8721-4587-9D5B-A6A375855180} = {3924E1C4-745C-4127-95A5-38456A2BB4EB}
		{7E331276-98D8-495B-9A06-740B8DE37CFD} = {0C5DE157-780F-46F7-8A9D-0BC54DBDAD07}
		{FA396588-40FD-4233-98C6-2535DBEB2DC1} = {0C5DE157-780F-46F7-8A9D-0BC54DBDAD07}
		{F7355EEE-B1DF-4B35-890B-D0F1AA6D8E10} = {0C5DE157-780F-46F7-8A9D-0BC54DBDAD07}
		{41A2CE45-6924-4FEC-AB00-CE44A0EFB3AF} = {0C5DE157-780F-46F7-8A9D-0BC54DBDAD07}
		{135848FF-7379-47AB-B394-F82162201EDB} = {0C5DE157-780F-46F7-8A9D-0BC54DBDAD07}
		{DB61A8BF-1340-4D6E-80A3-29D0E1F39F35} = {0C5DE157-780F-46F7-8A9D-0BC54DBDAD07}
		{EFE02002-DD70-4570-A5EF-9B4521771345} = {0C5DE157-780F-46F7-8A9D-0BC54DBDAD07}
		{54E60C1B-DD8F-4407-B787-EEA4FECD7B27} = {0C5DE157-780F-46F7-8A9D-0BC54DBDAD07}
		{655A86B9-F14D-4B64-A632-4A414360FDB5} = {0C5DE157-780F-46F7-8A9D-0BC54DBDAD07}
		{CAD10E4B-26B4-48C3-AD45-12EF1C088483} = {A34C45C5-F71F-496D-8EAB-4052D6B49E9C}
		{C4B5F3B3-66D1-44FF-8B9B-D171F0C94F83} = {A34C45C5-F71F-496D-8EAB-4052D6B49E9C}
		{207E8A49-84BC-429B-A0DC-4037DC15FDDA} = {0ACE94D2-2AA1-4067-BAE1-5F9D2544FD3C}
		{13888D5E-AC3F-4CDF-9A24-1E8D7A6BE8F7} = {0ACE94D2-2AA1-4067-BAE1-5F9D2544FD3C}
		{D56AAADD-247D-45B5-B296-BC629389C23E} = {0ACE94D2-2AA1-4067-BAE1-5F9D2544FD3C}
		{E59ECB10-C7A1-44F6-ADE3-BD316C861231} = {D635A77C-C3AE-4F97-AAFF-5538F552AA51}
		{84DA1840-7126-409F-81F9-5B03FEADECD5} = {0ACE94D2-2AA1-4067-BAE1-5F9D2544FD3C}
		{6F3B28BA-C57B-4C93-B8EF-1570EF2E6058} = {0ACE94D2-2AA1-4067-BAE1-5F9D2544FD3C}
		{BD48B270-104F-41C5-BE4E-B17BB82BA0F5} = {0ACE94D2-2AA1-4067-BAE1-5F9D2544FD3C}
		{CE9A2E3C-3B85-4845-B09A-18F760478BC9} = {0ACE94D2-2AA1-4067-BAE1-5F9D2544FD3C}
		{93E66AC9-A434-4618-81E5-0B285B3A061A} = {0ACE94D2-2AA1-4067-BAE1-5F9D2544FD3C}
		{697B95FF-76CD-4642-9D65-81927F2B7569} = {0ACE94D2-2AA1-4067-BAE1-5F9D2544FD3C}
		{2E4250E2-3283-4196-AB55-5794089ADB71} = {0ACE94D2-2AA1-4067-BAE1-5F9D2544FD3C}
		{B9BB4637-C52C-4802-82C0-0A463F5656FB} = {0ACE94D2-2AA1-4067-BAE1-5F9D2544FD3C}
		{D5B1C0DE-F70D-474A-8F5A-47E23870748F} = {0ACE94D2-2AA1-4067-BAE1-5F9D2544FD3C}
		{8069F761-0588-4B0F-909F-C8C3E5F0EE3E} = {0ACE94D2-2AA1-4067-BAE1-5F9D2544FD3C}
		{DA1967BA-6EE7-4715-ACA0-DAC8F26A40E9} = {0ACE94D2-2AA1-4067-BAE1-5F9D2544FD3C}
		{F12E283B-9F47-4BC3-B716-8E970080E998} = {0ACE94D2-2AA1-4067-BAE1-5F9D2544FD3C}
		{1B05B7B5-B5B8-4967-98F7-8C4B10B33CEB} = {0ACE94D2-2AA1-4067-BAE1-5F9D2544FD3C}
		{97E9D822-424C-430C-80C1-5A4DB48E8DFC} = {0ACE94D2-2AA1-4067-BAE1-5F9D2544FD3C}
		{5F58339C-106F-41C7-A571-661E48133E0A} = {0ACE94D2-2AA1-4067-BAE1-5F9D2544FD3C}
		{D4F628D9-E5F6-4118-9B98-90C8E0DAA67E} = {0ACE94D2-2AA1-4067-BAE1-5F9D2544FD3C}
		{566FB16B-DF90-47D1-9FF2-AEB09327253A} = {0ACE94D2-2AA1-4067-BAE1-5F9D2544FD3C}
		{4D223FD7-F3DF-412F-9674-5FF34CDF7E00} = {0ACE94D2-2AA1-4067-BAE1-5F9D2544FD3C}
		{AE4C2655-E857-4333-A48F-1292A38DE472} = {0ACE94D2-2AA1-4067-BAE1-5F9D2544FD3C}
		{D6EE47C8-8F13-4679-A524-B11061BBB2A6} = {0ACE94D2-2AA1-4067-BAE1-5F9D2544FD3C}
		{D635A77C-C3AE-4F97-AAFF-5538F552AA51} = {0ACE94D2-2AA1-4067-BAE1-5F9D2544FD3C}
		{7177967D-BB49-46AC-80D0-BE64F07E8720} = {0ACE94D2-2AA1-4067-BAE1-5F9D2544FD3C}
		{3BE0F4BB-502A-4AA6-895D-19BB3D01861B} = {0ACE94D2-2AA1-4067-BAE1-5F9D2544FD3C}
		{B72FED93-4334-4CE9-B7F2-30340C561056} = {D0CCC990-FBC0-49D1-8221-1CDCAE84EC8A}
		{FBD350CD-25B5-4088-8C4E-DE97FDBA1DCE} = {D0CCC990-FBC0-49D1-8221-1CDCAE84EC8A}
		{CE67AEFF-532F-4C22-B33F-72783B16D70E} = {D0CCC990-FBC0-49D1-8221-1CDCAE84EC8A}
	EndGlobalSection
	GlobalSection(ExtensibilityGlobals) = postSolution
		SolutionGuid = {814BFC88-0867-451F-AC8F-20FE107809B4}
	EndGlobalSection
EndGlobal
