
Microsoft Visual Studio Solution File, Format Version 12.00
# Visual Studio 15
VisualStudioVersion = 15.0.26124.0
MinimumVisualStudioVersion = 15.0.26124.0
Project("{2150E333-8FDC-42A3-9474-1A3956D46DE8}") = "DiagnosticAdapter", "DiagnosticAdapter", "{13B8928D-1FE1-4B9D-8B2C-E3248612052B}"
EndProject
Project("{9A19103F-16F7-4668-BE54-9A1E7A4F7556}") = "Microsoft.Extensions.DiagnosticAdapter", "src\DiagnosticAdapter\src\Microsoft.Extensions.DiagnosticAdapter.csproj", "{EB6915B4-60EC-458F-B5E1-D896AB13363F}"
EndProject
Project("{9A19103F-16F7-4668-BE54-9A1E7A4F7556}") = "Microsoft.Extensions.DiagnosticAdapter.Tests", "src\DiagnosticAdapter\test\Microsoft.Extensions.DiagnosticAdapter.Tests.csproj", "{FD3FE2BE-7DB4-4A12-AE3F-68476749A514}"
EndProject
Project("{2150E333-8FDC-42A3-9474-1A3956D46DE8}") = "ObjectPool", "ObjectPool", "{1469A562-3184-4A91-A02F-2482CF5FB27F}"
EndProject
Project("{9A19103F-16F7-4668-BE54-9A1E7A4F7556}") = "Microsoft.Extensions.ObjectPool.Performance", "src\ObjectPool\perf\Microsoft.Extensions.ObjectPool.Performance.csproj", "{0004DB59-E116-45E1-A75E-3B43690FF812}"
EndProject
Project("{9A19103F-16F7-4668-BE54-9A1E7A4F7556}") = "Microsoft.Extensions.ObjectPool", "src\ObjectPool\src\Microsoft.Extensions.ObjectPool.csproj", "{E570FB73-59CF-4747-9B78-70D4D3D67A09}"
EndProject
Project("{9A19103F-16F7-4668-BE54-9A1E7A4F7556}") = "Microsoft.Extensions.ObjectPool.Tests", "src\ObjectPool\test\Microsoft.Extensions.ObjectPool.Tests.csproj", "{8AF032F6-AD70-48B1-A67C-C1ACCD7B524B}"
EndProject
Project("{2150E333-8FDC-42A3-9474-1A3956D46DE8}") = "Primitives", "Primitives", "{B938B88D-2FD2-445F-B194-DEB3FF405ACF}"
EndProject
Project("{9A19103F-16F7-4668-BE54-9A1E7A4F7556}") = "Microsoft.Extensions.Primitives.Performance", "src\Primitives\perf\Microsoft.Extensions.Primitives.Performance.csproj", "{2E812235-2FD3-4E50-A37C-66C11AE0102F}"
EndProject
Project("{9A19103F-16F7-4668-BE54-9A1E7A4F7556}") = "Microsoft.Extensions.Primitives", "src\Primitives\src\Microsoft.Extensions.Primitives.csproj", "{4D8EC9A1-4854-4A88-8FE2-0B62C67110CB}"
EndProject
Project("{9A19103F-16F7-4668-BE54-9A1E7A4F7556}") = "Microsoft.Extensions.Primitives.Tests", "src\Primitives\test\Microsoft.Extensions.Primitives.Tests.csproj", "{9D2408A7-F77B-4D79-8FE3-5A9B67DF5AD3}"
EndProject
Project("{2150E333-8FDC-42A3-9474-1A3956D46DE8}") = "Shared", "Shared", "{36617B81-CF74-4FCB-A7CA-E95DF3CA92FC}"
EndProject
Project("{9A19103F-16F7-4668-BE54-9A1E7A4F7556}") = "Microsoft.Extensions.Sources.Tests", "src\Shared\test\Microsoft.Extensions.Sources.Tests.csproj", "{33E57F0C-3CDB-4EB8-B6BE-6A0875B42EDE}"
EndProject
Project("{2150E333-8FDC-42A3-9474-1A3956D46DE8}") = "testassets", "testassets", "{2C7E2059-8542-4BC8-A170-39F6B9EDE548}"
EndProject
Project("{9A19103F-16F7-4668-BE54-9A1E7A4F7556}") = "ThrowingLibrary", "src\Shared\testassets\ThrowingLibrary\ThrowingLibrary.csproj", "{727D7A4D-49ED-4FBF-B713-1091191C78AD}"
EndProject
Project("{2150E333-8FDC-42A3-9474-1A3956D46DE8}") = "tools", "tools", "{7A597F60-480C-4BFF-A940-26094BB0CA62}"
EndProject
Project("{9A19103F-16F7-4668-BE54-9A1E7A4F7556}") = "BaselineGenerator", "eng\tools\BaselineGenerator\BaselineGenerator.csproj", "{532F85C9-F589-40E7-814F-F0463A927788}"
EndProject
Project("{D954291E-2A0B-460D-934E-DC6B0785DB48}") = "Microsoft.Extensions.CommandLineUtils.Sources", "src\Shared\src\CommandLineUtils\Microsoft.Extensions.CommandLineUtils.Sources.shproj", "{00947D4A-C20E-46E3-90C3-6CD6BC87EE72}"
EndProject
Project("{2150E333-8FDC-42A3-9474-1A3956D46DE8}") = "TestingUtils", "TestingUtils", "{3DBE2341-7244-4095-A60C-A0AF7E187C9B}"
EndProject
Project("{9A19103F-16F7-4668-BE54-9A1E7A4F7556}") = "Internal.AspNetCore.Analyzers", "src\TestingUtils\Internal.AspNetCore.Analyzers\src\Internal.AspNetCore.Analyzers.csproj", "{62EF7870-CA1F-4815-BC80-8477D358A16C}"
EndProject
Project("{9A19103F-16F7-4668-BE54-9A1E7A4F7556}") = "Internal.AspNetCore.Analyzers.Tests", "src\TestingUtils\Internal.AspNetCore.Analyzers\test\Internal.AspNetCore.Analyzers.Tests.csproj", "{9D0EDBEC-22F9-4C3C-9349-B5888F709B6A}"
EndProject
Project("{9A19103F-16F7-4668-BE54-9A1E7A4F7556}") = "Microsoft.AspNetCore.Analyzer.Testing", "src\TestingUtils\Microsoft.AspNetCore.Analyzer.Testing\src\Microsoft.AspNetCore.Analyzer.Testing.csproj", "{1C16FAC7-9658-4E51-BFB0-0C0370851682}"
EndProject
Project("{9A19103F-16F7-4668-BE54-9A1E7A4F7556}") = "Microsoft.AspNetCore.Testing", "src\TestingUtils\Microsoft.AspNetCore.Testing\src\Microsoft.AspNetCore.Testing.csproj", "{418FC05F-E652-4D52-BEF5-EDC1C58F7EF1}"
EndProject
Project("{9A19103F-16F7-4668-BE54-9A1E7A4F7556}") = "Microsoft.AspNetCore.Testing.Tests", "src\TestingUtils\Microsoft.AspNetCore.Testing\test\Microsoft.AspNetCore.Testing.Tests.csproj", "{22258F62-7F60-40AE-8BD8-5743EC212181}"
EndProject
Project("{2150E333-8FDC-42A3-9474-1A3956D46DE8}") = "DependencyInjection", "DependencyInjection", "{3924E1C4-745C-4127-95A5-38456A2BB4EB}"
EndProject
Project("{9A19103F-16F7-4668-BE54-9A1E7A4F7556}") = "Microsoft.Extensions.DependencyInjection.Performance", "src\DependencyInjection\DI\perf\Microsoft.Extensions.DependencyInjection.Performance.csproj", "{88EAFADB-68FC-4D52-8BFA-68AEE9B38697}"
EndProject
Project("{9A19103F-16F7-4668-BE54-9A1E7A4F7556}") = "Microsoft.Extensions.DependencyInjection", "src\DependencyInjection\DI\src\Microsoft.Extensions.DependencyInjection.csproj", "{F19DD31F-B6D9-4DED-978F-7B2746A223C1}"
EndProject
Project("{9A19103F-16F7-4668-BE54-9A1E7A4F7556}") = "Microsoft.Extensions.DependencyInjection.Tests", "src\DependencyInjection\DI\test\Microsoft.Extensions.DependencyInjection.Tests.csproj", "{CB358F42-8DC4-43F7-80CC-2BCB535877D6}"
EndProject
Project("{9A19103F-16F7-4668-BE54-9A1E7A4F7556}") = "Microsoft.Extensions.DependencyInjection.Abstractions", "src\DependencyInjection\DI.Abstractions\src\Microsoft.Extensions.DependencyInjection.Abstractions.csproj", "{FD35A36E-A1B6-4429-8523-12419CACA8D8}"
EndProject
Project("{9A19103F-16F7-4668-BE54-9A1E7A4F7556}") = "Microsoft.Extensions.DependencyInjection.Specification.Tests", "src\DependencyInjection\DI.Specification.Tests\src\Microsoft.Extensions.DependencyInjection.Specification.Tests.csproj", "{49BA92B1-8721-4587-9D5B-A6A375855180}"
EndProject
Global
	GlobalSection(SharedMSBuildProjectFiles) = preSolution
		src\Shared\src\CommandLineUtils\Microsoft.Extensions.CommandLineUtils.Sources.projitems*{00947d4a-c20e-46e3-90c3-6cd6bc87ee72}*SharedItemsImports = 13
	EndGlobalSection
	GlobalSection(SolutionConfigurationPlatforms) = preSolution
		Debug|Any CPU = Debug|Any CPU
		Debug|x64 = Debug|x64
		Debug|x86 = Debug|x86
		Release|Any CPU = Release|Any CPU
		Release|x64 = Release|x64
		Release|x86 = Release|x86
	EndGlobalSection
	GlobalSection(ProjectConfigurationPlatforms) = postSolution
		{EB6915B4-60EC-458F-B5E1-D896AB13363F}.Debug|Any CPU.ActiveCfg = Debug|Any CPU
		{EB6915B4-60EC-458F-B5E1-D896AB13363F}.Debug|Any CPU.Build.0 = Debug|Any CPU
		{EB6915B4-60EC-458F-B5E1-D896AB13363F}.Debug|x64.ActiveCfg = Debug|Any CPU
		{EB6915B4-60EC-458F-B5E1-D896AB13363F}.Debug|x64.Build.0 = Debug|Any CPU
		{EB6915B4-60EC-458F-B5E1-D896AB13363F}.Debug|x86.ActiveCfg = Debug|Any CPU
		{EB6915B4-60EC-458F-B5E1-D896AB13363F}.Debug|x86.Build.0 = Debug|Any CPU
		{EB6915B4-60EC-458F-B5E1-D896AB13363F}.Release|Any CPU.ActiveCfg = Release|Any CPU
		{EB6915B4-60EC-458F-B5E1-D896AB13363F}.Release|Any CPU.Build.0 = Release|Any CPU
		{EB6915B4-60EC-458F-B5E1-D896AB13363F}.Release|x64.ActiveCfg = Release|Any CPU
		{EB6915B4-60EC-458F-B5E1-D896AB13363F}.Release|x64.Build.0 = Release|Any CPU
		{EB6915B4-60EC-458F-B5E1-D896AB13363F}.Release|x86.ActiveCfg = Release|Any CPU
		{EB6915B4-60EC-458F-B5E1-D896AB13363F}.Release|x86.Build.0 = Release|Any CPU
		{FD3FE2BE-7DB4-4A12-AE3F-68476749A514}.Debug|Any CPU.ActiveCfg = Debug|Any CPU
		{FD3FE2BE-7DB4-4A12-AE3F-68476749A514}.Debug|Any CPU.Build.0 = Debug|Any CPU
		{FD3FE2BE-7DB4-4A12-AE3F-68476749A514}.Debug|x64.ActiveCfg = Debug|Any CPU
		{FD3FE2BE-7DB4-4A12-AE3F-68476749A514}.Debug|x64.Build.0 = Debug|Any CPU
		{FD3FE2BE-7DB4-4A12-AE3F-68476749A514}.Debug|x86.ActiveCfg = Debug|Any CPU
		{FD3FE2BE-7DB4-4A12-AE3F-68476749A514}.Debug|x86.Build.0 = Debug|Any CPU
		{FD3FE2BE-7DB4-4A12-AE3F-68476749A514}.Release|Any CPU.ActiveCfg = Release|Any CPU
		{FD3FE2BE-7DB4-4A12-AE3F-68476749A514}.Release|Any CPU.Build.0 = Release|Any CPU
		{FD3FE2BE-7DB4-4A12-AE3F-68476749A514}.Release|x64.ActiveCfg = Release|Any CPU
		{FD3FE2BE-7DB4-4A12-AE3F-68476749A514}.Release|x64.Build.0 = Release|Any CPU
		{FD3FE2BE-7DB4-4A12-AE3F-68476749A514}.Release|x86.ActiveCfg = Release|Any CPU
		{FD3FE2BE-7DB4-4A12-AE3F-68476749A514}.Release|x86.Build.0 = Release|Any CPU
		{0004DB59-E116-45E1-A75E-3B43690FF812}.Debug|Any CPU.ActiveCfg = Debug|Any CPU
		{0004DB59-E116-45E1-A75E-3B43690FF812}.Debug|Any CPU.Build.0 = Debug|Any CPU
		{0004DB59-E116-45E1-A75E-3B43690FF812}.Debug|x64.ActiveCfg = Debug|Any CPU
		{0004DB59-E116-45E1-A75E-3B43690FF812}.Debug|x64.Build.0 = Debug|Any CPU
		{0004DB59-E116-45E1-A75E-3B43690FF812}.Debug|x86.ActiveCfg = Debug|Any CPU
		{0004DB59-E116-45E1-A75E-3B43690FF812}.Debug|x86.Build.0 = Debug|Any CPU
		{0004DB59-E116-45E1-A75E-3B43690FF812}.Release|Any CPU.ActiveCfg = Release|Any CPU
		{0004DB59-E116-45E1-A75E-3B43690FF812}.Release|Any CPU.Build.0 = Release|Any CPU
		{0004DB59-E116-45E1-A75E-3B43690FF812}.Release|x64.ActiveCfg = Release|Any CPU
		{0004DB59-E116-45E1-A75E-3B43690FF812}.Release|x64.Build.0 = Release|Any CPU
		{0004DB59-E116-45E1-A75E-3B43690FF812}.Release|x86.ActiveCfg = Release|Any CPU
		{0004DB59-E116-45E1-A75E-3B43690FF812}.Release|x86.Build.0 = Release|Any CPU
		{E570FB73-59CF-4747-9B78-70D4D3D67A09}.Debug|Any CPU.ActiveCfg = Debug|Any CPU
		{E570FB73-59CF-4747-9B78-70D4D3D67A09}.Debug|Any CPU.Build.0 = Debug|Any CPU
		{E570FB73-59CF-4747-9B78-70D4D3D67A09}.Debug|x64.ActiveCfg = Debug|Any CPU
		{E570FB73-59CF-4747-9B78-70D4D3D67A09}.Debug|x64.Build.0 = Debug|Any CPU
		{E570FB73-59CF-4747-9B78-70D4D3D67A09}.Debug|x86.ActiveCfg = Debug|Any CPU
		{E570FB73-59CF-4747-9B78-70D4D3D67A09}.Debug|x86.Build.0 = Debug|Any CPU
		{E570FB73-59CF-4747-9B78-70D4D3D67A09}.Release|Any CPU.ActiveCfg = Release|Any CPU
		{E570FB73-59CF-4747-9B78-70D4D3D67A09}.Release|Any CPU.Build.0 = Release|Any CPU
		{E570FB73-59CF-4747-9B78-70D4D3D67A09}.Release|x64.ActiveCfg = Release|Any CPU
		{E570FB73-59CF-4747-9B78-70D4D3D67A09}.Release|x64.Build.0 = Release|Any CPU
		{E570FB73-59CF-4747-9B78-70D4D3D67A09}.Release|x86.ActiveCfg = Release|Any CPU
		{E570FB73-59CF-4747-9B78-70D4D3D67A09}.Release|x86.Build.0 = Release|Any CPU
		{8AF032F6-AD70-48B1-A67C-C1ACCD7B524B}.Debug|Any CPU.ActiveCfg = Debug|Any CPU
		{8AF032F6-AD70-48B1-A67C-C1ACCD7B524B}.Debug|Any CPU.Build.0 = Debug|Any CPU
		{8AF032F6-AD70-48B1-A67C-C1ACCD7B524B}.Debug|x64.ActiveCfg = Debug|Any CPU
		{8AF032F6-AD70-48B1-A67C-C1ACCD7B524B}.Debug|x64.Build.0 = Debug|Any CPU
		{8AF032F6-AD70-48B1-A67C-C1ACCD7B524B}.Debug|x86.ActiveCfg = Debug|Any CPU
		{8AF032F6-AD70-48B1-A67C-C1ACCD7B524B}.Debug|x86.Build.0 = Debug|Any CPU
		{8AF032F6-AD70-48B1-A67C-C1ACCD7B524B}.Release|Any CPU.ActiveCfg = Release|Any CPU
		{8AF032F6-AD70-48B1-A67C-C1ACCD7B524B}.Release|Any CPU.Build.0 = Release|Any CPU
		{8AF032F6-AD70-48B1-A67C-C1ACCD7B524B}.Release|x64.ActiveCfg = Release|Any CPU
		{8AF032F6-AD70-48B1-A67C-C1ACCD7B524B}.Release|x64.Build.0 = Release|Any CPU
		{8AF032F6-AD70-48B1-A67C-C1ACCD7B524B}.Release|x86.ActiveCfg = Release|Any CPU
		{8AF032F6-AD70-48B1-A67C-C1ACCD7B524B}.Release|x86.Build.0 = Release|Any CPU
		{2E812235-2FD3-4E50-A37C-66C11AE0102F}.Debug|Any CPU.ActiveCfg = Debug|Any CPU
		{2E812235-2FD3-4E50-A37C-66C11AE0102F}.Debug|Any CPU.Build.0 = Debug|Any CPU
		{2E812235-2FD3-4E50-A37C-66C11AE0102F}.Debug|x64.ActiveCfg = Debug|Any CPU
		{2E812235-2FD3-4E50-A37C-66C11AE0102F}.Debug|x64.Build.0 = Debug|Any CPU
		{2E812235-2FD3-4E50-A37C-66C11AE0102F}.Debug|x86.ActiveCfg = Debug|Any CPU
		{2E812235-2FD3-4E50-A37C-66C11AE0102F}.Debug|x86.Build.0 = Debug|Any CPU
		{2E812235-2FD3-4E50-A37C-66C11AE0102F}.Release|Any CPU.ActiveCfg = Release|Any CPU
		{2E812235-2FD3-4E50-A37C-66C11AE0102F}.Release|Any CPU.Build.0 = Release|Any CPU
		{2E812235-2FD3-4E50-A37C-66C11AE0102F}.Release|x64.ActiveCfg = Release|Any CPU
		{2E812235-2FD3-4E50-A37C-66C11AE0102F}.Release|x64.Build.0 = Release|Any CPU
		{2E812235-2FD3-4E50-A37C-66C11AE0102F}.Release|x86.ActiveCfg = Release|Any CPU
		{2E812235-2FD3-4E50-A37C-66C11AE0102F}.Release|x86.Build.0 = Release|Any CPU
		{4D8EC9A1-4854-4A88-8FE2-0B62C67110CB}.Debug|Any CPU.ActiveCfg = Debug|Any CPU
		{4D8EC9A1-4854-4A88-8FE2-0B62C67110CB}.Debug|Any CPU.Build.0 = Debug|Any CPU
		{4D8EC9A1-4854-4A88-8FE2-0B62C67110CB}.Debug|x64.ActiveCfg = Debug|Any CPU
		{4D8EC9A1-4854-4A88-8FE2-0B62C67110CB}.Debug|x64.Build.0 = Debug|Any CPU
		{4D8EC9A1-4854-4A88-8FE2-0B62C67110CB}.Debug|x86.ActiveCfg = Debug|Any CPU
		{4D8EC9A1-4854-4A88-8FE2-0B62C67110CB}.Debug|x86.Build.0 = Debug|Any CPU
		{4D8EC9A1-4854-4A88-8FE2-0B62C67110CB}.Release|Any CPU.ActiveCfg = Release|Any CPU
		{4D8EC9A1-4854-4A88-8FE2-0B62C67110CB}.Release|Any CPU.Build.0 = Release|Any CPU
		{4D8EC9A1-4854-4A88-8FE2-0B62C67110CB}.Release|x64.ActiveCfg = Release|Any CPU
		{4D8EC9A1-4854-4A88-8FE2-0B62C67110CB}.Release|x64.Build.0 = Release|Any CPU
		{4D8EC9A1-4854-4A88-8FE2-0B62C67110CB}.Release|x86.ActiveCfg = Release|Any CPU
		{4D8EC9A1-4854-4A88-8FE2-0B62C67110CB}.Release|x86.Build.0 = Release|Any CPU
		{9D2408A7-F77B-4D79-8FE3-5A9B67DF5AD3}.Debug|Any CPU.ActiveCfg = Debug|Any CPU
		{9D2408A7-F77B-4D79-8FE3-5A9B67DF5AD3}.Debug|Any CPU.Build.0 = Debug|Any CPU
		{9D2408A7-F77B-4D79-8FE3-5A9B67DF5AD3}.Debug|x64.ActiveCfg = Debug|Any CPU
		{9D2408A7-F77B-4D79-8FE3-5A9B67DF5AD3}.Debug|x64.Build.0 = Debug|Any CPU
		{9D2408A7-F77B-4D79-8FE3-5A9B67DF5AD3}.Debug|x86.ActiveCfg = Debug|Any CPU
		{9D2408A7-F77B-4D79-8FE3-5A9B67DF5AD3}.Debug|x86.Build.0 = Debug|Any CPU
		{9D2408A7-F77B-4D79-8FE3-5A9B67DF5AD3}.Release|Any CPU.ActiveCfg = Release|Any CPU
		{9D2408A7-F77B-4D79-8FE3-5A9B67DF5AD3}.Release|Any CPU.Build.0 = Release|Any CPU
		{9D2408A7-F77B-4D79-8FE3-5A9B67DF5AD3}.Release|x64.ActiveCfg = Release|Any CPU
		{9D2408A7-F77B-4D79-8FE3-5A9B67DF5AD3}.Release|x64.Build.0 = Release|Any CPU
		{9D2408A7-F77B-4D79-8FE3-5A9B67DF5AD3}.Release|x86.ActiveCfg = Release|Any CPU
		{9D2408A7-F77B-4D79-8FE3-5A9B67DF5AD3}.Release|x86.Build.0 = Release|Any CPU
		{33E57F0C-3CDB-4EB8-B6BE-6A0875B42EDE}.Debug|Any CPU.ActiveCfg = Debug|Any CPU
		{33E57F0C-3CDB-4EB8-B6BE-6A0875B42EDE}.Debug|Any CPU.Build.0 = Debug|Any CPU
		{33E57F0C-3CDB-4EB8-B6BE-6A0875B42EDE}.Debug|x64.ActiveCfg = Debug|Any CPU
		{33E57F0C-3CDB-4EB8-B6BE-6A0875B42EDE}.Debug|x64.Build.0 = Debug|Any CPU
		{33E57F0C-3CDB-4EB8-B6BE-6A0875B42EDE}.Debug|x86.ActiveCfg = Debug|Any CPU
		{33E57F0C-3CDB-4EB8-B6BE-6A0875B42EDE}.Debug|x86.Build.0 = Debug|Any CPU
		{33E57F0C-3CDB-4EB8-B6BE-6A0875B42EDE}.Release|Any CPU.ActiveCfg = Release|Any CPU
		{33E57F0C-3CDB-4EB8-B6BE-6A0875B42EDE}.Release|Any CPU.Build.0 = Release|Any CPU
		{33E57F0C-3CDB-4EB8-B6BE-6A0875B42EDE}.Release|x64.ActiveCfg = Release|Any CPU
		{33E57F0C-3CDB-4EB8-B6BE-6A0875B42EDE}.Release|x64.Build.0 = Release|Any CPU
		{33E57F0C-3CDB-4EB8-B6BE-6A0875B42EDE}.Release|x86.ActiveCfg = Release|Any CPU
		{33E57F0C-3CDB-4EB8-B6BE-6A0875B42EDE}.Release|x86.Build.0 = Release|Any CPU
		{727D7A4D-49ED-4FBF-B713-1091191C78AD}.Debug|Any CPU.ActiveCfg = Debug|Any CPU
		{727D7A4D-49ED-4FBF-B713-1091191C78AD}.Debug|Any CPU.Build.0 = Debug|Any CPU
		{727D7A4D-49ED-4FBF-B713-1091191C78AD}.Debug|x64.ActiveCfg = Debug|Any CPU
		{727D7A4D-49ED-4FBF-B713-1091191C78AD}.Debug|x64.Build.0 = Debug|Any CPU
		{727D7A4D-49ED-4FBF-B713-1091191C78AD}.Debug|x86.ActiveCfg = Debug|Any CPU
		{727D7A4D-49ED-4FBF-B713-1091191C78AD}.Debug|x86.Build.0 = Debug|Any CPU
		{727D7A4D-49ED-4FBF-B713-1091191C78AD}.Release|Any CPU.ActiveCfg = Release|Any CPU
		{727D7A4D-49ED-4FBF-B713-1091191C78AD}.Release|Any CPU.Build.0 = Release|Any CPU
		{727D7A4D-49ED-4FBF-B713-1091191C78AD}.Release|x64.ActiveCfg = Release|Any CPU
		{727D7A4D-49ED-4FBF-B713-1091191C78AD}.Release|x64.Build.0 = Release|Any CPU
		{727D7A4D-49ED-4FBF-B713-1091191C78AD}.Release|x86.ActiveCfg = Release|Any CPU
		{727D7A4D-49ED-4FBF-B713-1091191C78AD}.Release|x86.Build.0 = Release|Any CPU
		{532F85C9-F589-40E7-814F-F0463A927788}.Debug|Any CPU.ActiveCfg = Debug|Any CPU
		{532F85C9-F589-40E7-814F-F0463A927788}.Debug|Any CPU.Build.0 = Debug|Any CPU
		{532F85C9-F589-40E7-814F-F0463A927788}.Debug|x64.ActiveCfg = Debug|Any CPU
		{532F85C9-F589-40E7-814F-F0463A927788}.Debug|x64.Build.0 = Debug|Any CPU
		{532F85C9-F589-40E7-814F-F0463A927788}.Debug|x86.ActiveCfg = Debug|Any CPU
		{532F85C9-F589-40E7-814F-F0463A927788}.Debug|x86.Build.0 = Debug|Any CPU
		{532F85C9-F589-40E7-814F-F0463A927788}.Release|Any CPU.ActiveCfg = Release|Any CPU
		{532F85C9-F589-40E7-814F-F0463A927788}.Release|Any CPU.Build.0 = Release|Any CPU
		{532F85C9-F589-40E7-814F-F0463A927788}.Release|x64.ActiveCfg = Release|Any CPU
		{532F85C9-F589-40E7-814F-F0463A927788}.Release|x64.Build.0 = Release|Any CPU
		{532F85C9-F589-40E7-814F-F0463A927788}.Release|x86.ActiveCfg = Release|Any CPU
		{532F85C9-F589-40E7-814F-F0463A927788}.Release|x86.Build.0 = Release|Any CPU
		{62EF7870-CA1F-4815-BC80-8477D358A16C}.Debug|Any CPU.ActiveCfg = Debug|Any CPU
		{62EF7870-CA1F-4815-BC80-8477D358A16C}.Debug|Any CPU.Build.0 = Debug|Any CPU
		{62EF7870-CA1F-4815-BC80-8477D358A16C}.Debug|x64.ActiveCfg = Debug|Any CPU
		{62EF7870-CA1F-4815-BC80-8477D358A16C}.Debug|x64.Build.0 = Debug|Any CPU
		{62EF7870-CA1F-4815-BC80-8477D358A16C}.Debug|x86.ActiveCfg = Debug|Any CPU
		{62EF7870-CA1F-4815-BC80-8477D358A16C}.Debug|x86.Build.0 = Debug|Any CPU
		{62EF7870-CA1F-4815-BC80-8477D358A16C}.Release|Any CPU.ActiveCfg = Release|Any CPU
		{62EF7870-CA1F-4815-BC80-8477D358A16C}.Release|Any CPU.Build.0 = Release|Any CPU
		{62EF7870-CA1F-4815-BC80-8477D358A16C}.Release|x64.ActiveCfg = Release|Any CPU
		{62EF7870-CA1F-4815-BC80-8477D358A16C}.Release|x64.Build.0 = Release|Any CPU
		{62EF7870-CA1F-4815-BC80-8477D358A16C}.Release|x86.ActiveCfg = Release|Any CPU
		{62EF7870-CA1F-4815-BC80-8477D358A16C}.Release|x86.Build.0 = Release|Any CPU
		{9D0EDBEC-22F9-4C3C-9349-B5888F709B6A}.Debug|Any CPU.ActiveCfg = Debug|Any CPU
		{9D0EDBEC-22F9-4C3C-9349-B5888F709B6A}.Debug|Any CPU.Build.0 = Debug|Any CPU
		{9D0EDBEC-22F9-4C3C-9349-B5888F709B6A}.Debug|x64.ActiveCfg = Debug|Any CPU
		{9D0EDBEC-22F9-4C3C-9349-B5888F709B6A}.Debug|x64.Build.0 = Debug|Any CPU
		{9D0EDBEC-22F9-4C3C-9349-B5888F709B6A}.Debug|x86.ActiveCfg = Debug|Any CPU
		{9D0EDBEC-22F9-4C3C-9349-B5888F709B6A}.Debug|x86.Build.0 = Debug|Any CPU
		{9D0EDBEC-22F9-4C3C-9349-B5888F709B6A}.Release|Any CPU.ActiveCfg = Release|Any CPU
		{9D0EDBEC-22F9-4C3C-9349-B5888F709B6A}.Release|Any CPU.Build.0 = Release|Any CPU
		{9D0EDBEC-22F9-4C3C-9349-B5888F709B6A}.Release|x64.ActiveCfg = Release|Any CPU
		{9D0EDBEC-22F9-4C3C-9349-B5888F709B6A}.Release|x64.Build.0 = Release|Any CPU
		{9D0EDBEC-22F9-4C3C-9349-B5888F709B6A}.Release|x86.ActiveCfg = Release|Any CPU
		{9D0EDBEC-22F9-4C3C-9349-B5888F709B6A}.Release|x86.Build.0 = Release|Any CPU
		{1C16FAC7-9658-4E51-BFB0-0C0370851682}.Debug|Any CPU.ActiveCfg = Debug|Any CPU
		{1C16FAC7-9658-4E51-BFB0-0C0370851682}.Debug|Any CPU.Build.0 = Debug|Any CPU
		{1C16FAC7-9658-4E51-BFB0-0C0370851682}.Debug|x64.ActiveCfg = Debug|Any CPU
		{1C16FAC7-9658-4E51-BFB0-0C0370851682}.Debug|x64.Build.0 = Debug|Any CPU
		{1C16FAC7-9658-4E51-BFB0-0C0370851682}.Debug|x86.ActiveCfg = Debug|Any CPU
		{1C16FAC7-9658-4E51-BFB0-0C0370851682}.Debug|x86.Build.0 = Debug|Any CPU
		{1C16FAC7-9658-4E51-BFB0-0C0370851682}.Release|Any CPU.ActiveCfg = Release|Any CPU
		{1C16FAC7-9658-4E51-BFB0-0C0370851682}.Release|Any CPU.Build.0 = Release|Any CPU
		{1C16FAC7-9658-4E51-BFB0-0C0370851682}.Release|x64.ActiveCfg = Release|Any CPU
		{1C16FAC7-9658-4E51-BFB0-0C0370851682}.Release|x64.Build.0 = Release|Any CPU
		{1C16FAC7-9658-4E51-BFB0-0C0370851682}.Release|x86.ActiveCfg = Release|Any CPU
		{1C16FAC7-9658-4E51-BFB0-0C0370851682}.Release|x86.Build.0 = Release|Any CPU
		{418FC05F-E652-4D52-BEF5-EDC1C58F7EF1}.Debug|Any CPU.ActiveCfg = Debug|Any CPU
		{418FC05F-E652-4D52-BEF5-EDC1C58F7EF1}.Debug|Any CPU.Build.0 = Debug|Any CPU
		{418FC05F-E652-4D52-BEF5-EDC1C58F7EF1}.Debug|x64.ActiveCfg = Debug|Any CPU
		{418FC05F-E652-4D52-BEF5-EDC1C58F7EF1}.Debug|x64.Build.0 = Debug|Any CPU
		{418FC05F-E652-4D52-BEF5-EDC1C58F7EF1}.Debug|x86.ActiveCfg = Debug|Any CPU
		{418FC05F-E652-4D52-BEF5-EDC1C58F7EF1}.Debug|x86.Build.0 = Debug|Any CPU
		{418FC05F-E652-4D52-BEF5-EDC1C58F7EF1}.Release|Any CPU.ActiveCfg = Release|Any CPU
		{418FC05F-E652-4D52-BEF5-EDC1C58F7EF1}.Release|Any CPU.Build.0 = Release|Any CPU
		{418FC05F-E652-4D52-BEF5-EDC1C58F7EF1}.Release|x64.ActiveCfg = Release|Any CPU
		{418FC05F-E652-4D52-BEF5-EDC1C58F7EF1}.Release|x64.Build.0 = Release|Any CPU
		{418FC05F-E652-4D52-BEF5-EDC1C58F7EF1}.Release|x86.ActiveCfg = Release|Any CPU
		{418FC05F-E652-4D52-BEF5-EDC1C58F7EF1}.Release|x86.Build.0 = Release|Any CPU
		{22258F62-7F60-40AE-8BD8-5743EC212181}.Debug|Any CPU.ActiveCfg = Debug|Any CPU
		{22258F62-7F60-40AE-8BD8-5743EC212181}.Debug|Any CPU.Build.0 = Debug|Any CPU
		{22258F62-7F60-40AE-8BD8-5743EC212181}.Debug|x64.ActiveCfg = Debug|Any CPU
		{22258F62-7F60-40AE-8BD8-5743EC212181}.Debug|x64.Build.0 = Debug|Any CPU
		{22258F62-7F60-40AE-8BD8-5743EC212181}.Debug|x86.ActiveCfg = Debug|Any CPU
		{22258F62-7F60-40AE-8BD8-5743EC212181}.Debug|x86.Build.0 = Debug|Any CPU
		{22258F62-7F60-40AE-8BD8-5743EC212181}.Release|Any CPU.ActiveCfg = Release|Any CPU
		{22258F62-7F60-40AE-8BD8-5743EC212181}.Release|Any CPU.Build.0 = Release|Any CPU
		{22258F62-7F60-40AE-8BD8-5743EC212181}.Release|x64.ActiveCfg = Release|Any CPU
		{22258F62-7F60-40AE-8BD8-5743EC212181}.Release|x64.Build.0 = Release|Any CPU
		{22258F62-7F60-40AE-8BD8-5743EC212181}.Release|x86.ActiveCfg = Release|Any CPU
		{22258F62-7F60-40AE-8BD8-5743EC212181}.Release|x86.Build.0 = Release|Any CPU
		{88EAFADB-68FC-4D52-8BFA-68AEE9B38697}.Debug|Any CPU.ActiveCfg = Debug|Any CPU
		{88EAFADB-68FC-4D52-8BFA-68AEE9B38697}.Debug|Any CPU.Build.0 = Debug|Any CPU
		{88EAFADB-68FC-4D52-8BFA-68AEE9B38697}.Debug|x64.ActiveCfg = Debug|Any CPU
		{88EAFADB-68FC-4D52-8BFA-68AEE9B38697}.Debug|x64.Build.0 = Debug|Any CPU
		{88EAFADB-68FC-4D52-8BFA-68AEE9B38697}.Debug|x86.ActiveCfg = Debug|Any CPU
		{88EAFADB-68FC-4D52-8BFA-68AEE9B38697}.Debug|x86.Build.0 = Debug|Any CPU
		{88EAFADB-68FC-4D52-8BFA-68AEE9B38697}.Release|Any CPU.ActiveCfg = Release|Any CPU
		{88EAFADB-68FC-4D52-8BFA-68AEE9B38697}.Release|Any CPU.Build.0 = Release|Any CPU
		{88EAFADB-68FC-4D52-8BFA-68AEE9B38697}.Release|x64.ActiveCfg = Release|Any CPU
		{88EAFADB-68FC-4D52-8BFA-68AEE9B38697}.Release|x64.Build.0 = Release|Any CPU
		{88EAFADB-68FC-4D52-8BFA-68AEE9B38697}.Release|x86.ActiveCfg = Release|Any CPU
		{88EAFADB-68FC-4D52-8BFA-68AEE9B38697}.Release|x86.Build.0 = Release|Any CPU
		{F19DD31F-B6D9-4DED-978F-7B2746A223C1}.Debug|Any CPU.ActiveCfg = Debug|Any CPU
		{F19DD31F-B6D9-4DED-978F-7B2746A223C1}.Debug|Any CPU.Build.0 = Debug|Any CPU
		{F19DD31F-B6D9-4DED-978F-7B2746A223C1}.Debug|x64.ActiveCfg = Debug|Any CPU
		{F19DD31F-B6D9-4DED-978F-7B2746A223C1}.Debug|x64.Build.0 = Debug|Any CPU
		{F19DD31F-B6D9-4DED-978F-7B2746A223C1}.Debug|x86.ActiveCfg = Debug|Any CPU
		{F19DD31F-B6D9-4DED-978F-7B2746A223C1}.Debug|x86.Build.0 = Debug|Any CPU
		{F19DD31F-B6D9-4DED-978F-7B2746A223C1}.Release|Any CPU.ActiveCfg = Release|Any CPU
		{F19DD31F-B6D9-4DED-978F-7B2746A223C1}.Release|Any CPU.Build.0 = Release|Any CPU
		{F19DD31F-B6D9-4DED-978F-7B2746A223C1}.Release|x64.ActiveCfg = Release|Any CPU
		{F19DD31F-B6D9-4DED-978F-7B2746A223C1}.Release|x64.Build.0 = Release|Any CPU
		{F19DD31F-B6D9-4DED-978F-7B2746A223C1}.Release|x86.ActiveCfg = Release|Any CPU
		{F19DD31F-B6D9-4DED-978F-7B2746A223C1}.Release|x86.Build.0 = Release|Any CPU
		{CB358F42-8DC4-43F7-80CC-2BCB535877D6}.Debug|Any CPU.ActiveCfg = Debug|Any CPU
		{CB358F42-8DC4-43F7-80CC-2BCB535877D6}.Debug|Any CPU.Build.0 = Debug|Any CPU
		{CB358F42-8DC4-43F7-80CC-2BCB535877D6}.Debug|x64.ActiveCfg = Debug|Any CPU
		{CB358F42-8DC4-43F7-80CC-2BCB535877D6}.Debug|x64.Build.0 = Debug|Any CPU
		{CB358F42-8DC4-43F7-80CC-2BCB535877D6}.Debug|x86.ActiveCfg = Debug|Any CPU
		{CB358F42-8DC4-43F7-80CC-2BCB535877D6}.Debug|x86.Build.0 = Debug|Any CPU
		{CB358F42-8DC4-43F7-80CC-2BCB535877D6}.Release|Any CPU.ActiveCfg = Release|Any CPU
		{CB358F42-8DC4-43F7-80CC-2BCB535877D6}.Release|Any CPU.Build.0 = Release|Any CPU
		{CB358F42-8DC4-43F7-80CC-2BCB535877D6}.Release|x64.ActiveCfg = Release|Any CPU
		{CB358F42-8DC4-43F7-80CC-2BCB535877D6}.Release|x64.Build.0 = Release|Any CPU
		{CB358F42-8DC4-43F7-80CC-2BCB535877D6}.Release|x86.ActiveCfg = Release|Any CPU
		{CB358F42-8DC4-43F7-80CC-2BCB535877D6}.Release|x86.Build.0 = Release|Any CPU
		{FD35A36E-A1B6-4429-8523-12419CACA8D8}.Debug|Any CPU.ActiveCfg = Debug|Any CPU
		{FD35A36E-A1B6-4429-8523-12419CACA8D8}.Debug|Any CPU.Build.0 = Debug|Any CPU
		{FD35A36E-A1B6-4429-8523-12419CACA8D8}.Debug|x64.ActiveCfg = Debug|Any CPU
		{FD35A36E-A1B6-4429-8523-12419CACA8D8}.Debug|x64.Build.0 = Debug|Any CPU
		{FD35A36E-A1B6-4429-8523-12419CACA8D8}.Debug|x86.ActiveCfg = Debug|Any CPU
		{FD35A36E-A1B6-4429-8523-12419CACA8D8}.Debug|x86.Build.0 = Debug|Any CPU
		{FD35A36E-A1B6-4429-8523-12419CACA8D8}.Release|Any CPU.ActiveCfg = Release|Any CPU
		{FD35A36E-A1B6-4429-8523-12419CACA8D8}.Release|Any CPU.Build.0 = Release|Any CPU
		{FD35A36E-A1B6-4429-8523-12419CACA8D8}.Release|x64.ActiveCfg = Release|Any CPU
		{FD35A36E-A1B6-4429-8523-12419CACA8D8}.Release|x64.Build.0 = Release|Any CPU
		{FD35A36E-A1B6-4429-8523-12419CACA8D8}.Release|x86.ActiveCfg = Release|Any CPU
		{FD35A36E-A1B6-4429-8523-12419CACA8D8}.Release|x86.Build.0 = Release|Any CPU
		{49BA92B1-8721-4587-9D5B-A6A375855180}.Debug|Any CPU.ActiveCfg = Debug|Any CPU
		{49BA92B1-8721-4587-9D5B-A6A375855180}.Debug|Any CPU.Build.0 = Debug|Any CPU
		{49BA92B1-8721-4587-9D5B-A6A375855180}.Debug|x64.ActiveCfg = Debug|Any CPU
		{49BA92B1-8721-4587-9D5B-A6A375855180}.Debug|x64.Build.0 = Debug|Any CPU
		{49BA92B1-8721-4587-9D5B-A6A375855180}.Debug|x86.ActiveCfg = Debug|Any CPU
		{49BA92B1-8721-4587-9D5B-A6A375855180}.Debug|x86.Build.0 = Debug|Any CPU
		{49BA92B1-8721-4587-9D5B-A6A375855180}.Release|Any CPU.ActiveCfg = Release|Any CPU
		{49BA92B1-8721-4587-9D5B-A6A375855180}.Release|Any CPU.Build.0 = Release|Any CPU
		{49BA92B1-8721-4587-9D5B-A6A375855180}.Release|x64.ActiveCfg = Release|Any CPU
		{49BA92B1-8721-4587-9D5B-A6A375855180}.Release|x64.Build.0 = Release|Any CPU
		{49BA92B1-8721-4587-9D5B-A6A375855180}.Release|x86.ActiveCfg = Release|Any CPU
		{49BA92B1-8721-4587-9D5B-A6A375855180}.Release|x86.Build.0 = Release|Any CPU
	EndGlobalSection
	GlobalSection(SolutionProperties) = preSolution
		HideSolutionNode = FALSE
	EndGlobalSection
	GlobalSection(NestedProjects) = preSolution
		{EB6915B4-60EC-458F-B5E1-D896AB13363F} = {13B8928D-1FE1-4B9D-8B2C-E3248612052B}
		{FD3FE2BE-7DB4-4A12-AE3F-68476749A514} = {13B8928D-1FE1-4B9D-8B2C-E3248612052B}
		{0004DB59-E116-45E1-A75E-3B43690FF812} = {1469A562-3184-4A91-A02F-2482CF5FB27F}
		{E570FB73-59CF-4747-9B78-70D4D3D67A09} = {1469A562-3184-4A91-A02F-2482CF5FB27F}
		{8AF032F6-AD70-48B1-A67C-C1ACCD7B524B} = {1469A562-3184-4A91-A02F-2482CF5FB27F}
		{2E812235-2FD3-4E50-A37C-66C11AE0102F} = {B938B88D-2FD2-445F-B194-DEB3FF405ACF}
		{4D8EC9A1-4854-4A88-8FE2-0B62C67110CB} = {B938B88D-2FD2-445F-B194-DEB3FF405ACF}
		{9D2408A7-F77B-4D79-8FE3-5A9B67DF5AD3} = {B938B88D-2FD2-445F-B194-DEB3FF405ACF}
		{33E57F0C-3CDB-4EB8-B6BE-6A0875B42EDE} = {36617B81-CF74-4FCB-A7CA-E95DF3CA92FC}
		{2C7E2059-8542-4BC8-A170-39F6B9EDE548} = {36617B81-CF74-4FCB-A7CA-E95DF3CA92FC}
		{727D7A4D-49ED-4FBF-B713-1091191C78AD} = {2C7E2059-8542-4BC8-A170-39F6B9EDE548}
		{532F85C9-F589-40E7-814F-F0463A927788} = {7A597F60-480C-4BFF-A940-26094BB0CA62}
		{00947D4A-C20E-46E3-90C3-6CD6BC87EE72} = {36617B81-CF74-4FCB-A7CA-E95DF3CA92FC}
		{62EF7870-CA1F-4815-BC80-8477D358A16C} = {3DBE2341-7244-4095-A60C-A0AF7E187C9B}
		{9D0EDBEC-22F9-4C3C-9349-B5888F709B6A} = {3DBE2341-7244-4095-A60C-A0AF7E187C9B}
		{1C16FAC7-9658-4E51-BFB0-0C0370851682} = {3DBE2341-7244-4095-A60C-A0AF7E187C9B}
		{418FC05F-E652-4D52-BEF5-EDC1C58F7EF1} = {3DBE2341-7244-4095-A60C-A0AF7E187C9B}
		{22258F62-7F60-40AE-8BD8-5743EC212181} = {3DBE2341-7244-4095-A60C-A0AF7E187C9B}
		{88EAFADB-68FC-4D52-8BFA-68AEE9B38697} = {3924E1C4-745C-4127-95A5-38456A2BB4EB}
		{F19DD31F-B6D9-4DED-978F-7B2746A223C1} = {3924E1C4-745C-4127-95A5-38456A2BB4EB}
		{CB358F42-8DC4-43F7-80CC-2BCB535877D6} = {3924E1C4-745C-4127-95A5-38456A2BB4EB}
		{FD35A36E-A1B6-4429-8523-12419CACA8D8} = {3924E1C4-745C-4127-95A5-38456A2BB4EB}
		{49BA92B1-8721-4587-9D5B-A6A375855180} = {3924E1C4-745C-4127-95A5-38456A2BB4EB}
	EndGlobalSection
	GlobalSection(ExtensibilityGlobals) = postSolution
		SolutionGuid = {814BFC88-0867-451F-AC8F-20FE107809B4}
	EndGlobalSection
EndGlobal
