Microsoft Visual Studio Solution File, Format Version 12.00
# Visual Studio 15
VisualStudioVersion = 15.0.26814.0
MinimumVisualStudioVersion = 15.0.26730.03
Project("{2150E333-8FDC-42A3-9474-1A3956D46DE8}") = "src", "src", "{A1477614-E825-4204-A684-385004B63AEB}"
	ProjectSection(SolutionItems) = preProject
		test\Directory.Build.props = test\Directory.Build.props
	EndProjectSection
EndProject
Project("{2150E333-8FDC-42A3-9474-1A3956D46DE8}") = "test", "test", "{E399495E-82B8-4C06-8779-C1D02BEF4495}"
	ProjectSection(SolutionItems) = preProject
		test\Directory.Build.props = test\Directory.Build.props
	EndProjectSection
EndProject
Project("{2150E333-8FDC-42A3-9474-1A3956D46DE8}") = "Solution Items", "Solution Items", "{1A060559-74DD-4B5A-BBA1-E8A441E729C1}"
	ProjectSection(SolutionItems) = preProject
		.appveyor.yml = .appveyor.yml
		.gitattributes = .gitattributes
		.gitignore = .gitignore
		.travis.yml = .travis.yml
		build.cmd = build.cmd
		build.ps1 = build.ps1
		build.sh = build.sh
		CONTRIBUTING.md = CONTRIBUTING.md
		Directory.Build.props = Directory.Build.props
		Directory.Build.targets = Directory.Build.targets
		LICENSE.txt = LICENSE.txt
		NuGet.config = NuGet.config
		NuGetPackageVerifier.json = NuGetPackageVerifier.json
		README.md = README.md
		version.xml = version.xml
	EndProjectSection
EndProject
Project("{9A19103F-16F7-4668-BE54-9A1E7A4F7556}") = "FS.Abstractions", "src\FS.Abstractions\FS.Abstractions.csproj", "{DD94B7E8-3A59-4F84-98A0-8139BE259A87}"
EndProject
Project("{9A19103F-16F7-4668-BE54-9A1E7A4F7556}") = "FS.Globbing", "src\FS.Globbing\FS.Globbing.csproj", "{970449A2-3BBB-4E87-8513-C41F109B1A3E}"
EndProject
Project("{9A19103F-16F7-4668-BE54-9A1E7A4F7556}") = "FS.Globbing.Tests", "test\FS.Globbing.Tests\FS.Globbing.Tests.csproj", "{45A5A942-4EFB-4839-AEA3-EB1D2BAB332C}"
EndProject
Project("{9A19103F-16F7-4668-BE54-9A1E7A4F7556}") = "FS.Embedded", "src\FS.Embedded\FS.Embedded.csproj", "{BD98C115-7FA6-4A78-8198-9650A4706B79}"
EndProject
Project("{9A19103F-16F7-4668-BE54-9A1E7A4F7556}") = "FS.Physical", "src\FS.Physical\FS.Physical.csproj", "{BA56E837-C793-4A7D-824D-84492028E066}"
EndProject
Project("{9A19103F-16F7-4668-BE54-9A1E7A4F7556}") = "FS.Embedded.Tests", "test\FS.Embedded.Tests\FS.Embedded.Tests.csproj", "{6B6BA57A-B32D-430A-AF39-09CAA85308C2}"
EndProject
Project("{9A19103F-16F7-4668-BE54-9A1E7A4F7556}") = "FS.Physical.Tests", "test\FS.Physical.Tests\FS.Physical.Tests.csproj", "{66FE5FDF-BBF9-4573-A7B7-53551731C0F9}"
EndProject
Project("{9A19103F-16F7-4668-BE54-9A1E7A4F7556}") = "FS.Composite", "src\FS.Composite\FS.Composite.csproj", "{CAAF52EF-F91B-474D-AC56-FE9D96FF8254}"
EndProject
Project("{9A19103F-16F7-4668-BE54-9A1E7A4F7556}") = "FS.Composite.Tests", "test\FS.Composite.Tests\FS.Composite.Tests.csproj", "{C2EA9BD0-C986-4B60-9E45-5EA51E1EA494}"
EndProject
Project("{2150E333-8FDC-42A3-9474-1A3956D46DE8}") = "build", "build", "{315EAB76-E28A-4A6C-84EE-041E68D90846}"
	ProjectSection(SolutionItems) = preProject
		build\repo.props = build\repo.props
	EndProjectSection
EndProject
Project("{9A19103F-16F7-4668-BE54-9A1E7A4F7556}") = "FS.Embedded.Manifest.Task", "src\FS.Embedded.Manifest.Task\FS.Embedded.Manifest.Task.csproj", "{CDEFB59F-C4D1-4573-A6C7-F11C34936450}"
EndProject
Project("{9A19103F-16F7-4668-BE54-9A1E7A4F7556}") = "FS.Embedded.Manifest.Task.Test", "test\FS.Embedded.Manifest.Task.Test\FS.Embedded.Manifest.Task.Test.csproj", "{AEFA9DDF-5F56-474B-B5E8-61573D389AE6}"
EndProject
Global
	GlobalSection(SolutionConfigurationPlatforms) = preSolution
		Debug|Any CPU = Debug|Any CPU
		Debug|x64 = Debug|x64
		Debug|x86 = Debug|x86
		Release|Any CPU = Release|Any CPU
		Release|x64 = Release|x64
		Release|x86 = Release|x86
	EndGlobalSection
	GlobalSection(ProjectConfigurationPlatforms) = postSolution
		{DD94B7E8-3A59-4F84-98A0-8139BE259A87}.Debug|Any CPU.ActiveCfg = Debug|Any CPU
		{DD94B7E8-3A59-4F84-98A0-8139BE259A87}.Debug|Any CPU.Build.0 = Debug|Any CPU
		{DD94B7E8-3A59-4F84-98A0-8139BE259A87}.Debug|x64.ActiveCfg = Debug|Any CPU
		{DD94B7E8-3A59-4F84-98A0-8139BE259A87}.Debug|x64.Build.0 = Debug|Any CPU
		{DD94B7E8-3A59-4F84-98A0-8139BE259A87}.Debug|x86.ActiveCfg = Debug|Any CPU
		{DD94B7E8-3A59-4F84-98A0-8139BE259A87}.Debug|x86.Build.0 = Debug|Any CPU
		{DD94B7E8-3A59-4F84-98A0-8139BE259A87}.Release|Any CPU.ActiveCfg = Release|Any CPU
		{DD94B7E8-3A59-4F84-98A0-8139BE259A87}.Release|Any CPU.Build.0 = Release|Any CPU
		{DD94B7E8-3A59-4F84-98A0-8139BE259A87}.Release|x64.ActiveCfg = Release|Any CPU
		{DD94B7E8-3A59-4F84-98A0-8139BE259A87}.Release|x64.Build.0 = Release|Any CPU
		{DD94B7E8-3A59-4F84-98A0-8139BE259A87}.Release|x86.ActiveCfg = Release|Any CPU
		{DD94B7E8-3A59-4F84-98A0-8139BE259A87}.Release|x86.Build.0 = Release|Any CPU
		{970449A2-3BBB-4E87-8513-C41F109B1A3E}.Debug|Any CPU.ActiveCfg = Debug|Any CPU
		{970449A2-3BBB-4E87-8513-C41F109B1A3E}.Debug|Any CPU.Build.0 = Debug|Any CPU
		{970449A2-3BBB-4E87-8513-C41F109B1A3E}.Debug|x64.ActiveCfg = Debug|Any CPU
		{970449A2-3BBB-4E87-8513-C41F109B1A3E}.Debug|x64.Build.0 = Debug|Any CPU
		{970449A2-3BBB-4E87-8513-C41F109B1A3E}.Debug|x86.ActiveCfg = Debug|Any CPU
		{970449A2-3BBB-4E87-8513-C41F109B1A3E}.Debug|x86.Build.0 = Debug|Any CPU
		{970449A2-3BBB-4E87-8513-C41F109B1A3E}.Release|Any CPU.ActiveCfg = Release|Any CPU
		{970449A2-3BBB-4E87-8513-C41F109B1A3E}.Release|Any CPU.Build.0 = Release|Any CPU
		{970449A2-3BBB-4E87-8513-C41F109B1A3E}.Release|x64.ActiveCfg = Release|Any CPU
		{970449A2-3BBB-4E87-8513-C41F109B1A3E}.Release|x64.Build.0 = Release|Any CPU
		{970449A2-3BBB-4E87-8513-C41F109B1A3E}.Release|x86.ActiveCfg = Release|Any CPU
		{970449A2-3BBB-4E87-8513-C41F109B1A3E}.Release|x86.Build.0 = Release|Any CPU
		{45A5A942-4EFB-4839-AEA3-EB1D2BAB332C}.Debug|Any CPU.ActiveCfg = Debug|Any CPU
		{45A5A942-4EFB-4839-AEA3-EB1D2BAB332C}.Debug|Any CPU.Build.0 = Debug|Any CPU
		{45A5A942-4EFB-4839-AEA3-EB1D2BAB332C}.Debug|x64.ActiveCfg = Debug|Any CPU
		{45A5A942-4EFB-4839-AEA3-EB1D2BAB332C}.Debug|x64.Build.0 = Debug|Any CPU
		{45A5A942-4EFB-4839-AEA3-EB1D2BAB332C}.Debug|x86.ActiveCfg = Debug|Any CPU
		{45A5A942-4EFB-4839-AEA3-EB1D2BAB332C}.Debug|x86.Build.0 = Debug|Any CPU
		{45A5A942-4EFB-4839-AEA3-EB1D2BAB332C}.Release|Any CPU.ActiveCfg = Release|Any CPU
		{45A5A942-4EFB-4839-AEA3-EB1D2BAB332C}.Release|Any CPU.Build.0 = Release|Any CPU
		{45A5A942-4EFB-4839-AEA3-EB1D2BAB332C}.Release|x64.ActiveCfg = Release|Any CPU
		{45A5A942-4EFB-4839-AEA3-EB1D2BAB332C}.Release|x64.Build.0 = Release|Any CPU
		{45A5A942-4EFB-4839-AEA3-EB1D2BAB332C}.Release|x86.ActiveCfg = Release|Any CPU
		{45A5A942-4EFB-4839-AEA3-EB1D2BAB332C}.Release|x86.Build.0 = Release|Any CPU
		{BD98C115-7FA6-4A78-8198-9650A4706B79}.Debug|Any CPU.ActiveCfg = Debug|Any CPU
		{BD98C115-7FA6-4A78-8198-9650A4706B79}.Debug|Any CPU.Build.0 = Debug|Any CPU
		{BD98C115-7FA6-4A78-8198-9650A4706B79}.Debug|x64.ActiveCfg = Debug|Any CPU
		{BD98C115-7FA6-4A78-8198-9650A4706B79}.Debug|x64.Build.0 = Debug|Any CPU
		{BD98C115-7FA6-4A78-8198-9650A4706B79}.Debug|x86.ActiveCfg = Debug|Any CPU
		{BD98C115-7FA6-4A78-8198-9650A4706B79}.Debug|x86.Build.0 = Debug|Any CPU
		{BD98C115-7FA6-4A78-8198-9650A4706B79}.Release|Any CPU.ActiveCfg = Release|Any CPU
		{BD98C115-7FA6-4A78-8198-9650A4706B79}.Release|Any CPU.Build.0 = Release|Any CPU
		{BD98C115-7FA6-4A78-8198-9650A4706B79}.Release|x64.ActiveCfg = Release|Any CPU
		{BD98C115-7FA6-4A78-8198-9650A4706B79}.Release|x64.Build.0 = Release|Any CPU
		{BD98C115-7FA6-4A78-8198-9650A4706B79}.Release|x86.ActiveCfg = Release|Any CPU
		{BD98C115-7FA6-4A78-8198-9650A4706B79}.Release|x86.Build.0 = Release|Any CPU
		{BA56E837-C793-4A7D-824D-84492028E066}.Debug|Any CPU.ActiveCfg = Debug|Any CPU
		{BA56E837-C793-4A7D-824D-84492028E066}.Debug|Any CPU.Build.0 = Debug|Any CPU
		{BA56E837-C793-4A7D-824D-84492028E066}.Debug|x64.ActiveCfg = Debug|Any CPU
		{BA56E837-C793-4A7D-824D-84492028E066}.Debug|x64.Build.0 = Debug|Any CPU
		{BA56E837-C793-4A7D-824D-84492028E066}.Debug|x86.ActiveCfg = Debug|Any CPU
		{BA56E837-C793-4A7D-824D-84492028E066}.Debug|x86.Build.0 = Debug|Any CPU
		{BA56E837-C793-4A7D-824D-84492028E066}.Release|Any CPU.ActiveCfg = Release|Any CPU
		{BA56E837-C793-4A7D-824D-84492028E066}.Release|Any CPU.Build.0 = Release|Any CPU
		{BA56E837-C793-4A7D-824D-84492028E066}.Release|x64.ActiveCfg = Release|Any CPU
		{BA56E837-C793-4A7D-824D-84492028E066}.Release|x64.Build.0 = Release|Any CPU
		{BA56E837-C793-4A7D-824D-84492028E066}.Release|x86.ActiveCfg = Release|Any CPU
		{BA56E837-C793-4A7D-824D-84492028E066}.Release|x86.Build.0 = Release|Any CPU
		{6B6BA57A-B32D-430A-AF39-09CAA85308C2}.Debug|Any CPU.ActiveCfg = Debug|Any CPU
		{6B6BA57A-B32D-430A-AF39-09CAA85308C2}.Debug|Any CPU.Build.0 = Debug|Any CPU
		{6B6BA57A-B32D-430A-AF39-09CAA85308C2}.Debug|x64.ActiveCfg = Debug|Any CPU
		{6B6BA57A-B32D-430A-AF39-09CAA85308C2}.Debug|x64.Build.0 = Debug|Any CPU
		{6B6BA57A-B32D-430A-AF39-09CAA85308C2}.Debug|x86.ActiveCfg = Debug|Any CPU
		{6B6BA57A-B32D-430A-AF39-09CAA85308C2}.Debug|x86.Build.0 = Debug|Any CPU
		{6B6BA57A-B32D-430A-AF39-09CAA85308C2}.Release|Any CPU.ActiveCfg = Release|Any CPU
		{6B6BA57A-B32D-430A-AF39-09CAA85308C2}.Release|Any CPU.Build.0 = Release|Any CPU
		{6B6BA57A-B32D-430A-AF39-09CAA85308C2}.Release|x64.ActiveCfg = Release|Any CPU
		{6B6BA57A-B32D-430A-AF39-09CAA85308C2}.Release|x64.Build.0 = Release|Any CPU
		{6B6BA57A-B32D-430A-AF39-09CAA85308C2}.Release|x86.ActiveCfg = Release|Any CPU
		{6B6BA57A-B32D-430A-AF39-09CAA85308C2}.Release|x86.Build.0 = Release|Any CPU
		{66FE5FDF-BBF9-4573-A7B7-53551731C0F9}.Debug|Any CPU.ActiveCfg = Debug|Any CPU
		{66FE5FDF-BBF9-4573-A7B7-53551731C0F9}.Debug|Any CPU.Build.0 = Debug|Any CPU
		{66FE5FDF-BBF9-4573-A7B7-53551731C0F9}.Debug|x64.ActiveCfg = Debug|Any CPU
		{66FE5FDF-BBF9-4573-A7B7-53551731C0F9}.Debug|x64.Build.0 = Debug|Any CPU
		{66FE5FDF-BBF9-4573-A7B7-53551731C0F9}.Debug|x86.ActiveCfg = Debug|Any CPU
		{66FE5FDF-BBF9-4573-A7B7-53551731C0F9}.Debug|x86.Build.0 = Debug|Any CPU
		{66FE5FDF-BBF9-4573-A7B7-53551731C0F9}.Release|Any CPU.ActiveCfg = Release|Any CPU
		{66FE5FDF-BBF9-4573-A7B7-53551731C0F9}.Release|Any CPU.Build.0 = Release|Any CPU
		{66FE5FDF-BBF9-4573-A7B7-53551731C0F9}.Release|x64.ActiveCfg = Release|Any CPU
		{66FE5FDF-BBF9-4573-A7B7-53551731C0F9}.Release|x64.Build.0 = Release|Any CPU
		{66FE5FDF-BBF9-4573-A7B7-53551731C0F9}.Release|x86.ActiveCfg = Release|Any CPU
		{66FE5FDF-BBF9-4573-A7B7-53551731C0F9}.Release|x86.Build.0 = Release|Any CPU
		{CAAF52EF-F91B-474D-AC56-FE9D96FF8254}.Debug|Any CPU.ActiveCfg = Debug|Any CPU
		{CAAF52EF-F91B-474D-AC56-FE9D96FF8254}.Debug|Any CPU.Build.0 = Debug|Any CPU
		{CAAF52EF-F91B-474D-AC56-FE9D96FF8254}.Debug|x64.ActiveCfg = Debug|Any CPU
		{CAAF52EF-F91B-474D-AC56-FE9D96FF8254}.Debug|x64.Build.0 = Debug|Any CPU
		{CAAF52EF-F91B-474D-AC56-FE9D96FF8254}.Debug|x86.ActiveCfg = Debug|Any CPU
		{CAAF52EF-F91B-474D-AC56-FE9D96FF8254}.Debug|x86.Build.0 = Debug|Any CPU
		{CAAF52EF-F91B-474D-AC56-FE9D96FF8254}.Release|Any CPU.ActiveCfg = Release|Any CPU
		{CAAF52EF-F91B-474D-AC56-FE9D96FF8254}.Release|Any CPU.Build.0 = Release|Any CPU
		{CAAF52EF-F91B-474D-AC56-FE9D96FF8254}.Release|x64.ActiveCfg = Release|Any CPU
		{CAAF52EF-F91B-474D-AC56-FE9D96FF8254}.Release|x64.Build.0 = Release|Any CPU
		{CAAF52EF-F91B-474D-AC56-FE9D96FF8254}.Release|x86.ActiveCfg = Release|Any CPU
		{CAAF52EF-F91B-474D-AC56-FE9D96FF8254}.Release|x86.Build.0 = Release|Any CPU
		{C2EA9BD0-C986-4B60-9E45-5EA51E1EA494}.Debug|Any CPU.ActiveCfg = Debug|Any CPU
		{C2EA9BD0-C986-4B60-9E45-5EA51E1EA494}.Debug|Any CPU.Build.0 = Debug|Any CPU
		{C2EA9BD0-C986-4B60-9E45-5EA51E1EA494}.Debug|x64.ActiveCfg = Debug|Any CPU
		{C2EA9BD0-C986-4B60-9E45-5EA51E1EA494}.Debug|x64.Build.0 = Debug|Any CPU
		{C2EA9BD0-C986-4B60-9E45-5EA51E1EA494}.Debug|x86.ActiveCfg = Debug|Any CPU
		{C2EA9BD0-C986-4B60-9E45-5EA51E1EA494}.Debug|x86.Build.0 = Debug|Any CPU
		{C2EA9BD0-C986-4B60-9E45-5EA51E1EA494}.Release|Any CPU.ActiveCfg = Release|Any CPU
		{C2EA9BD0-C986-4B60-9E45-5EA51E1EA494}.Release|Any CPU.Build.0 = Release|Any CPU
		{C2EA9BD0-C986-4B60-9E45-5EA51E1EA494}.Release|x64.ActiveCfg = Release|Any CPU
		{C2EA9BD0-C986-4B60-9E45-5EA51E1EA494}.Release|x64.Build.0 = Release|Any CPU
		{C2EA9BD0-C986-4B60-9E45-5EA51E1EA494}.Release|x86.ActiveCfg = Release|Any CPU
		{C2EA9BD0-C986-4B60-9E45-5EA51E1EA494}.Release|x86.Build.0 = Release|Any CPU
		{CDEFB59F-C4D1-4573-A6C7-F11C34936450}.Debug|Any CPU.ActiveCfg = Debug|Any CPU
		{CDEFB59F-C4D1-4573-A6C7-F11C34936450}.Debug|Any CPU.Build.0 = Debug|Any CPU
		{CDEFB59F-C4D1-4573-A6C7-F11C34936450}.Debug|x64.ActiveCfg = Debug|Any CPU
		{CDEFB59F-C4D1-4573-A6C7-F11C34936450}.Debug|x64.Build.0 = Debug|Any CPU
		{CDEFB59F-C4D1-4573-A6C7-F11C34936450}.Debug|x86.ActiveCfg = Debug|Any CPU
		{CDEFB59F-C4D1-4573-A6C7-F11C34936450}.Debug|x86.Build.0 = Debug|Any CPU
		{CDEFB59F-C4D1-4573-A6C7-F11C34936450}.Release|Any CPU.ActiveCfg = Release|Any CPU
		{CDEFB59F-C4D1-4573-A6C7-F11C34936450}.Release|Any CPU.Build.0 = Release|Any CPU
		{CDEFB59F-C4D1-4573-A6C7-F11C34936450}.Release|x64.ActiveCfg = Release|Any CPU
		{CDEFB59F-C4D1-4573-A6C7-F11C34936450}.Release|x64.Build.0 = Release|Any CPU
		{CDEFB59F-C4D1-4573-A6C7-F11C34936450}.Release|x86.ActiveCfg = Release|Any CPU
		{CDEFB59F-C4D1-4573-A6C7-F11C34936450}.Release|x86.Build.0 = Release|Any CPU
		{AEFA9DDF-5F56-474B-B5E8-61573D389AE6}.Debug|Any CPU.ActiveCfg = Debug|Any CPU
		{AEFA9DDF-5F56-474B-B5E8-61573D389AE6}.Debug|Any CPU.Build.0 = Debug|Any CPU
		{AEFA9DDF-5F56-474B-B5E8-61573D389AE6}.Debug|x64.ActiveCfg = Debug|Any CPU
		{AEFA9DDF-5F56-474B-B5E8-61573D389AE6}.Debug|x64.Build.0 = Debug|Any CPU
		{AEFA9DDF-5F56-474B-B5E8-61573D389AE6}.Debug|x86.ActiveCfg = Debug|Any CPU
		{AEFA9DDF-5F56-474B-B5E8-61573D389AE6}.Debug|x86.Build.0 = Debug|Any CPU
		{AEFA9DDF-5F56-474B-B5E8-61573D389AE6}.Release|Any CPU.ActiveCfg = Release|Any CPU
		{AEFA9DDF-5F56-474B-B5E8-61573D389AE6}.Release|Any CPU.Build.0 = Release|Any CPU
		{AEFA9DDF-5F56-474B-B5E8-61573D389AE6}.Release|x64.ActiveCfg = Release|Any CPU
		{AEFA9DDF-5F56-474B-B5E8-61573D389AE6}.Release|x64.Build.0 = Release|Any CPU
		{AEFA9DDF-5F56-474B-B5E8-61573D389AE6}.Release|x86.ActiveCfg = Release|Any CPU
		{AEFA9DDF-5F56-474B-B5E8-61573D389AE6}.Release|x86.Build.0 = Release|Any CPU
	EndGlobalSection
	GlobalSection(SolutionProperties) = preSolution
		HideSolutionNode = FALSE
	EndGlobalSection
	GlobalSection(NestedProjects) = preSolution
		{DD94B7E8-3A59-4F84-98A0-8139BE259A87} = {A1477614-E825-4204-A684-385004B63AEB}
		{970449A2-3BBB-4E87-8513-C41F109B1A3E} = {A1477614-E825-4204-A684-385004B63AEB}
		{45A5A942-4EFB-4839-AEA3-EB1D2BAB332C} = {E399495E-82B8-4C06-8779-C1D02BEF4495}
		{BD98C115-7FA6-4A78-8198-9650A4706B79} = {A1477614-E825-4204-A684-385004B63AEB}
		{BA56E837-C793-4A7D-824D-84492028E066} = {A1477614-E825-4204-A684-385004B63AEB}
		{6B6BA57A-B32D-430A-AF39-09CAA85308C2} = {E399495E-82B8-4C06-8779-C1D02BEF4495}
		{66FE5FDF-BBF9-4573-A7B7-53551731C0F9} = {E399495E-82B8-4C06-8779-C1D02BEF4495}
		{CAAF52EF-F91B-474D-AC56-FE9D96FF8254} = {A1477614-E825-4204-A684-385004B63AEB}
		{C2EA9BD0-C986-4B60-9E45-5EA51E1EA494} = {E399495E-82B8-4C06-8779-C1D02BEF4495}
		{315EAB76-E28A-4A6C-84EE-041E68D90846} = {1A060559-74DD-4B5A-BBA1-E8A441E729C1}
		{CDEFB59F-C4D1-4573-A6C7-F11C34936450} = {A1477614-E825-4204-A684-385004B63AEB}
		{AEFA9DDF-5F56-474B-B5E8-61573D389AE6} = {E399495E-82B8-4C06-8779-C1D02BEF4495}
	EndGlobalSection
	GlobalSection(ExtensibilityGlobals) = postSolution
		SolutionGuid = {E7B0BEF0-05DF-4276-8F71-176D1067D2D7}
	EndGlobalSection
EndGlobal
