
Microsoft Visual Studio Solution File, Format Version 12.00
# Visual Studio 15
VisualStudioVersion = 15.0.27004.2008
MinimumVisualStudioVersion = 10.0.40219.1
Project("{2150E333-8FDC-42A3-9474-1A3956D46DE8}") = "src", "src", "{0ACA47C2-6B67-46B8-A661-C564E4450DE4}"
EndProject
Project("{2150E333-8FDC-42A3-9474-1A3956D46DE8}") = "test", "test", "{A7C2238C-5C0F-4D33-BE66-4015985CE962}"
EndProject
Project("{9A19103F-16F7-4668-BE54-9A1E7A4F7556}") = "Microsoft.Extensions.Http", "src\Microsoft.Extensions.Http\Microsoft.Extensions.Http.csproj", "{99E3492F-87BB-4506-8D2B-D1C7101655DC}"
EndProject
Project("{9A19103F-16F7-4668-BE54-9A1E7A4F7556}") = "Microsoft.Extensions.Http.Test", "test\Microsoft.Extensions.Http.Test\Microsoft.Extensions.Http.Test.csproj", "{752F6163-AE48-46D3-8A6D-695BBF3629CB}"
EndProject
Project("{2150E333-8FDC-42A3-9474-1A3956D46DE8}") = "samples", "samples", "{FF6B150F-C423-41BB-9563-55A0DFEAE21C}"
EndProject
Project("{9A19103F-16F7-4668-BE54-9A1E7A4F7556}") = "HttpClientFactorySample", "samples\HttpClientFactorySample\HttpClientFactorySample.csproj", "{42C81623-6316-4C15-9E41-84AF48608C47}"
EndProject
Project("{2150E333-8FDC-42A3-9474-1A3956D46DE8}") = "build", "build", "{EBF25046-7C9B-4F84-ACEA-E836012F4459}"
	ProjectSection(SolutionItems) = preProject
		build\dependencies.props = build\dependencies.props
		build\repo.props = build\repo.props
	EndProjectSection
EndProject
Global
	GlobalSection(SolutionConfigurationPlatforms) = preSolution
		Debug|Any CPU = Debug|Any CPU
		Release|Any CPU = Release|Any CPU
	EndGlobalSection
	GlobalSection(ProjectConfigurationPlatforms) = postSolution
		{99E3492F-87BB-4506-8D2B-D1C7101655DC}.Debug|Any CPU.ActiveCfg = Debug|Any CPU
		{99E3492F-87BB-4506-8D2B-D1C7101655DC}.Debug|Any CPU.Build.0 = Debug|Any CPU
		{99E3492F-87BB-4506-8D2B-D1C7101655DC}.Release|Any CPU.ActiveCfg = Release|Any CPU
		{99E3492F-87BB-4506-8D2B-D1C7101655DC}.Release|Any CPU.Build.0 = Release|Any CPU
		{752F6163-AE48-46D3-8A6D-695BBF3629CB}.Debug|Any CPU.ActiveCfg = Debug|Any CPU
		{752F6163-AE48-46D3-8A6D-695BBF3629CB}.Debug|Any CPU.Build.0 = Debug|Any CPU
		{752F6163-AE48-46D3-8A6D-695BBF3629CB}.Release|Any CPU.ActiveCfg = Release|Any CPU
		{752F6163-AE48-46D3-8A6D-695BBF3629CB}.Release|Any CPU.Build.0 = Release|Any CPU
		{42C81623-6316-4C15-9E41-84AF48608C47}.Debug|Any CPU.ActiveCfg = Debug|Any CPU
		{42C81623-6316-4C15-9E41-84AF48608C47}.Debug|Any CPU.Build.0 = Debug|Any CPU
		{42C81623-6316-4C15-9E41-84AF48608C47}.Release|Any CPU.ActiveCfg = Release|Any CPU
		{42C81623-6316-4C15-9E41-84AF48608C47}.Release|Any CPU.Build.0 = Release|Any CPU
	EndGlobalSection
	GlobalSection(SolutionProperties) = preSolution
		HideSolutionNode = FALSE
	EndGlobalSection
	GlobalSection(NestedProjects) = preSolution
		{99E3492F-87BB-4506-8D2B-D1C7101655DC} = {0ACA47C2-6B67-46B8-A661-C564E4450DE4}
		{752F6163-AE48-46D3-8A6D-695BBF3629CB} = {A7C2238C-5C0F-4D33-BE66-4015985CE962}
		{42C81623-6316-4C15-9E41-84AF48608C47} = {FF6B150F-C423-41BB-9563-55A0DFEAE21C}
	EndGlobalSection
	GlobalSection(ExtensibilityGlobals) = postSolution
		SolutionGuid = {002C7A25-D737-4B87-AFBB-B6E0FB2DB0D3}
	EndGlobalSection
EndGlobal
