Microsoft Visual Studio Solution File, Format Version 12.00
# Visual Studio 15
VisualStudioVersion = 15.0.26127.0
MinimumVisualStudioVersion = 10.0.40219.1
Project("{FAE04EC0-301F-11D3-BF4B-00C04F79EFBC}") = "Microsoft.Extensions.Logging", "src\Microsoft.Extensions.Logging\Microsoft.Extensions.Logging.csproj", "{19D1B6C5-8A62-4387-8816-C54874D1DF5F}"
EndProject
Project("{2150E333-8FDC-42A3-9474-1A3956D46DE8}") = "test", "test", "{09920C51-6220-4D8D-94DC-E70C13446187}"
EndProject
Project("{FAE04EC0-301F-11D3-BF4B-00C04F79EFBC}") = "Microsoft.Extensions.Logging.Test", "test\Microsoft.Extensions.Logging.Test\Microsoft.Extensions.Logging.Test.csproj", "{96B1D6A8-7E40-43C7-813F-898DC8192DDE}"
EndProject
Project("{FAE04EC0-301F-11D3-BF4B-00C04F79EFBC}") = "Microsoft.Extensions.Logging.Abstractions", "src\Microsoft.Extensions.Logging.Abstractions\Microsoft.Extensions.Logging.Abstractions.csproj", "{8221FA95-4B1A-44BF-925F-8AC1A317CC7C}"
EndProject
Project("{2150E333-8FDC-42A3-9474-1A3956D46DE8}") = "samples", "samples", "{8C1F5D80-88EA-4961-84DC-7AC6E13951F4}"
EndProject
Project("{FAE04EC0-301F-11D3-BF4B-00C04F79EFBC}") = "SampleApp", "samples\SampleApp\SampleApp.csproj", "{550E0247-0BDD-4016-A29B-250F075686FD}"
EndProject
Project("{FAE04EC0-301F-11D3-BF4B-00C04F79EFBC}") = "Microsoft.Extensions.Logging.Console", "src\Microsoft.Extensions.Logging.Console\Microsoft.Extensions.Logging.Console.csproj", "{75A4DE6D-BBAA-4D59-829D-94009E759A18}"
EndProject
Project("{2150E333-8FDC-42A3-9474-1A3956D46DE8}") = "src", "src", "{699DB330-0095-4266-B7B0-3EAB3710CA49}"
EndProject
Project("{FAE04EC0-301F-11D3-BF4B-00C04F79EFBC}") = "Microsoft.Extensions.Logging.TraceSource", "src\Microsoft.Extensions.Logging.TraceSource\Microsoft.Extensions.Logging.TraceSource.csproj", "{1A3EB66F-9E64-4676-852F-24995549ED8A}"
EndProject
Project("{FAE04EC0-301F-11D3-BF4B-00C04F79EFBC}") = "Microsoft.Extensions.Logging.Debug", "src\Microsoft.Extensions.Logging.Debug\Microsoft.Extensions.Logging.Debug.csproj", "{FFEDC225-D5BD-44E0-B7A6-A98FCFECC694}"
EndProject
Project("{FAE04EC0-301F-11D3-BF4B-00C04F79EFBC}") = "Microsoft.Extensions.Logging.EventLog", "src\Microsoft.Extensions.Logging.EventLog\Microsoft.Extensions.Logging.EventLog.csproj", "{5D211C4A-6421-48F8-8AF9-D3BDC7DECD97}"
EndProject
Project("{FAE04EC0-301F-11D3-BF4B-00C04F79EFBC}") = "Microsoft.Extensions.Logging.Testing", "src\Microsoft.Extensions.Logging.Testing\Microsoft.Extensions.Logging.Testing.csproj", "{379AA56B-E1A6-4133-9A45-7F70385F39FB}"
EndProject
Project("{FAE04EC0-301F-11D3-BF4B-00C04F79EFBC}") = "Microsoft.Extensions.Logging.Testing.Tests", "test\Microsoft.Extensions.Logging.Testing.Tests\Microsoft.Extensions.Logging.Testing.Tests.csproj", "{6FA3EFAE-2DBC-4532-A5A0-C2EBD8DD672F}"
EndProject
Project("{FAE04EC0-301F-11D3-BF4B-00C04F79EFBC}") = "Microsoft.Extensions.Logging.EventSource", "src\Microsoft.Extensions.Logging.EventSource\Microsoft.Extensions.Logging.EventSource.csproj", "{84073E58-1802-4525-A9E5-1E6A70DAF0B2}"
EndProject
Project("{FAE04EC0-301F-11D3-BF4B-00C04F79EFBC}") = "Microsoft.Extensions.Logging.EventSource.Test", "test\Microsoft.Extensions.Logging.EventSource.Test\Microsoft.Extensions.Logging.EventSource.Test.csproj", "{F3B898C3-D441-4207-A92B-420D6E73CA5D}"
EndProject
Project("{FAE04EC0-301F-11D3-BF4B-00C04F79EFBC}") = "Microsoft.Extensions.Logging.AzureAppServices", "src\Microsoft.Extensions.Logging.AzureAppServices\Microsoft.Extensions.Logging.AzureAppServices.csproj", "{854133D5-6252-4A0A-B682-BDBB83B62AE6}"
EndProject
Project("{FAE04EC0-301F-11D3-BF4B-00C04F79EFBC}") = "Microsoft.Extensions.Logging.AzureAppServices.Test", "test\Microsoft.Extensions.Logging.AzureAppServices.Test\Microsoft.Extensions.Logging.AzureAppServices.Test.csproj", "{B4A43221-DE95-47BB-A2D4-2DC761FC9419}"
EndProject
Global
	GlobalSection(SolutionConfigurationPlatforms) = preSolution
		Debug|Any CPU = Debug|Any CPU
		Debug|Mixed Platforms = Debug|Mixed Platforms
		Debug|x86 = Debug|x86
		Release|Any CPU = Release|Any CPU
		Release|Mixed Platforms = Release|Mixed Platforms
		Release|x86 = Release|x86
	EndGlobalSection
	GlobalSection(ProjectConfigurationPlatforms) = postSolution
		{19D1B6C5-8A62-4387-8816-C54874D1DF5F}.Debug|Any CPU.ActiveCfg = Debug|Any CPU
		{19D1B6C5-8A62-4387-8816-C54874D1DF5F}.Debug|Any CPU.Build.0 = Debug|Any CPU
		{19D1B6C5-8A62-4387-8816-C54874D1DF5F}.Debug|Mixed Platforms.ActiveCfg = Debug|Any CPU
		{19D1B6C5-8A62-4387-8816-C54874D1DF5F}.Debug|Mixed Platforms.Build.0 = Debug|Any CPU
		{19D1B6C5-8A62-4387-8816-C54874D1DF5F}.Debug|x86.ActiveCfg = Debug|Any CPU
		{19D1B6C5-8A62-4387-8816-C54874D1DF5F}.Release|Any CPU.ActiveCfg = Release|Any CPU
		{19D1B6C5-8A62-4387-8816-C54874D1DF5F}.Release|Any CPU.Build.0 = Release|Any CPU
		{19D1B6C5-8A62-4387-8816-C54874D1DF5F}.Release|Mixed Platforms.ActiveCfg = Release|Any CPU
		{19D1B6C5-8A62-4387-8816-C54874D1DF5F}.Release|Mixed Platforms.Build.0 = Release|Any CPU
		{19D1B6C5-8A62-4387-8816-C54874D1DF5F}.Release|x86.ActiveCfg = Release|Any CPU
		{96B1D6A8-7E40-43C7-813F-898DC8192DDE}.Debug|Any CPU.ActiveCfg = Debug|Any CPU
		{96B1D6A8-7E40-43C7-813F-898DC8192DDE}.Debug|Any CPU.Build.0 = Debug|Any CPU
		{96B1D6A8-7E40-43C7-813F-898DC8192DDE}.Debug|Mixed Platforms.ActiveCfg = Debug|Any CPU
		{96B1D6A8-7E40-43C7-813F-898DC8192DDE}.Debug|Mixed Platforms.Build.0 = Debug|Any CPU
		{96B1D6A8-7E40-43C7-813F-898DC8192DDE}.Debug|x86.ActiveCfg = Debug|Any CPU
		{96B1D6A8-7E40-43C7-813F-898DC8192DDE}.Release|Any CPU.ActiveCfg = Release|Any CPU
		{96B1D6A8-7E40-43C7-813F-898DC8192DDE}.Release|Any CPU.Build.0 = Release|Any CPU
		{96B1D6A8-7E40-43C7-813F-898DC8192DDE}.Release|Mixed Platforms.ActiveCfg = Release|Any CPU
		{96B1D6A8-7E40-43C7-813F-898DC8192DDE}.Release|Mixed Platforms.Build.0 = Release|Any CPU
		{96B1D6A8-7E40-43C7-813F-898DC8192DDE}.Release|x86.ActiveCfg = Release|Any CPU
		{8221FA95-4B1A-44BF-925F-8AC1A317CC7C}.Debug|Any CPU.ActiveCfg = Debug|Any CPU
		{8221FA95-4B1A-44BF-925F-8AC1A317CC7C}.Debug|Any CPU.Build.0 = Debug|Any CPU
		{8221FA95-4B1A-44BF-925F-8AC1A317CC7C}.Debug|Mixed Platforms.ActiveCfg = Debug|Any CPU
		{8221FA95-4B1A-44BF-925F-8AC1A317CC7C}.Debug|Mixed Platforms.Build.0 = Debug|Any CPU
		{8221FA95-4B1A-44BF-925F-8AC1A317CC7C}.Debug|x86.ActiveCfg = Debug|Any CPU
		{8221FA95-4B1A-44BF-925F-8AC1A317CC7C}.Release|Any CPU.ActiveCfg = Release|Any CPU
		{8221FA95-4B1A-44BF-925F-8AC1A317CC7C}.Release|Any CPU.Build.0 = Release|Any CPU
		{8221FA95-4B1A-44BF-925F-8AC1A317CC7C}.Release|Mixed Platforms.ActiveCfg = Release|Any CPU
		{8221FA95-4B1A-44BF-925F-8AC1A317CC7C}.Release|Mixed Platforms.Build.0 = Release|Any CPU
		{8221FA95-4B1A-44BF-925F-8AC1A317CC7C}.Release|x86.ActiveCfg = Release|Any CPU
		{550E0247-0BDD-4016-A29B-250F075686FD}.Debug|Any CPU.ActiveCfg = Debug|Any CPU
		{550E0247-0BDD-4016-A29B-250F075686FD}.Debug|Any CPU.Build.0 = Debug|Any CPU
		{550E0247-0BDD-4016-A29B-250F075686FD}.Debug|Mixed Platforms.ActiveCfg = Debug|Any CPU
		{550E0247-0BDD-4016-A29B-250F075686FD}.Debug|Mixed Platforms.Build.0 = Debug|Any CPU
		{550E0247-0BDD-4016-A29B-250F075686FD}.Debug|x86.ActiveCfg = Debug|Any CPU
		{550E0247-0BDD-4016-A29B-250F075686FD}.Release|Any CPU.ActiveCfg = Release|Any CPU
		{550E0247-0BDD-4016-A29B-250F075686FD}.Release|Any CPU.Build.0 = Release|Any CPU
		{550E0247-0BDD-4016-A29B-250F075686FD}.Release|Mixed Platforms.ActiveCfg = Release|Any CPU
		{550E0247-0BDD-4016-A29B-250F075686FD}.Release|Mixed Platforms.Build.0 = Release|Any CPU
		{550E0247-0BDD-4016-A29B-250F075686FD}.Release|x86.ActiveCfg = Release|Any CPU
		{75A4DE6D-BBAA-4D59-829D-94009E759A18}.Debug|Any CPU.ActiveCfg = Debug|Any CPU
		{75A4DE6D-BBAA-4D59-829D-94009E759A18}.Debug|Any CPU.Build.0 = Debug|Any CPU
		{75A4DE6D-BBAA-4D59-829D-94009E759A18}.Debug|Mixed Platforms.ActiveCfg = Debug|Any CPU
		{75A4DE6D-BBAA-4D59-829D-94009E759A18}.Debug|Mixed Platforms.Build.0 = Debug|Any CPU
		{75A4DE6D-BBAA-4D59-829D-94009E759A18}.Debug|x86.ActiveCfg = Debug|Any CPU
		{75A4DE6D-BBAA-4D59-829D-94009E759A18}.Release|Any CPU.ActiveCfg = Release|Any CPU
		{75A4DE6D-BBAA-4D59-829D-94009E759A18}.Release|Any CPU.Build.0 = Release|Any CPU
		{75A4DE6D-BBAA-4D59-829D-94009E759A18}.Release|Mixed Platforms.ActiveCfg = Release|Any CPU
		{75A4DE6D-BBAA-4D59-829D-94009E759A18}.Release|Mixed Platforms.Build.0 = Release|Any CPU
		{75A4DE6D-BBAA-4D59-829D-94009E759A18}.Release|x86.ActiveCfg = Release|Any CPU
		{1A3EB66F-9E64-4676-852F-24995549ED8A}.Debug|Any CPU.ActiveCfg = Debug|Any CPU
		{1A3EB66F-9E64-4676-852F-24995549ED8A}.Debug|Any CPU.Build.0 = Debug|Any CPU
		{1A3EB66F-9E64-4676-852F-24995549ED8A}.Debug|Mixed Platforms.ActiveCfg = Debug|Any CPU
		{1A3EB66F-9E64-4676-852F-24995549ED8A}.Debug|Mixed Platforms.Build.0 = Debug|Any CPU
		{1A3EB66F-9E64-4676-852F-24995549ED8A}.Debug|x86.ActiveCfg = Debug|Any CPU
		{1A3EB66F-9E64-4676-852F-24995549ED8A}.Debug|x86.Build.0 = Debug|Any CPU
		{1A3EB66F-9E64-4676-852F-24995549ED8A}.Release|Any CPU.ActiveCfg = Release|Any CPU
		{1A3EB66F-9E64-4676-852F-24995549ED8A}.Release|Any CPU.Build.0 = Release|Any CPU
		{1A3EB66F-9E64-4676-852F-24995549ED8A}.Release|Mixed Platforms.ActiveCfg = Release|Any CPU
		{1A3EB66F-9E64-4676-852F-24995549ED8A}.Release|Mixed Platforms.Build.0 = Release|Any CPU
		{1A3EB66F-9E64-4676-852F-24995549ED8A}.Release|x86.ActiveCfg = Release|Any CPU
		{1A3EB66F-9E64-4676-852F-24995549ED8A}.Release|x86.Build.0 = Release|Any CPU
		{FFEDC225-D5BD-44E0-B7A6-A98FCFECC694}.Debug|Any CPU.ActiveCfg = Debug|Any CPU
		{FFEDC225-D5BD-44E0-B7A6-A98FCFECC694}.Debug|Any CPU.Build.0 = Debug|Any CPU
		{FFEDC225-D5BD-44E0-B7A6-A98FCFECC694}.Debug|Mixed Platforms.ActiveCfg = Debug|Any CPU
		{FFEDC225-D5BD-44E0-B7A6-A98FCFECC694}.Debug|Mixed Platforms.Build.0 = Debug|Any CPU
		{FFEDC225-D5BD-44E0-B7A6-A98FCFECC694}.Debug|x86.ActiveCfg = Debug|Any CPU
		{FFEDC225-D5BD-44E0-B7A6-A98FCFECC694}.Debug|x86.Build.0 = Debug|Any CPU
		{FFEDC225-D5BD-44E0-B7A6-A98FCFECC694}.Release|Any CPU.ActiveCfg = Release|Any CPU
		{FFEDC225-D5BD-44E0-B7A6-A98FCFECC694}.Release|Any CPU.Build.0 = Release|Any CPU
		{FFEDC225-D5BD-44E0-B7A6-A98FCFECC694}.Release|Mixed Platforms.ActiveCfg = Release|Any CPU
		{FFEDC225-D5BD-44E0-B7A6-A98FCFECC694}.Release|Mixed Platforms.Build.0 = Release|Any CPU
		{FFEDC225-D5BD-44E0-B7A6-A98FCFECC694}.Release|x86.ActiveCfg = Release|Any CPU
		{FFEDC225-D5BD-44E0-B7A6-A98FCFECC694}.Release|x86.Build.0 = Release|Any CPU
		{5D211C4A-6421-48F8-8AF9-D3BDC7DECD97}.Debug|Any CPU.ActiveCfg = Debug|Any CPU
		{5D211C4A-6421-48F8-8AF9-D3BDC7DECD97}.Debug|Any CPU.Build.0 = Debug|Any CPU
		{5D211C4A-6421-48F8-8AF9-D3BDC7DECD97}.Debug|Mixed Platforms.ActiveCfg = Debug|Any CPU
		{5D211C4A-6421-48F8-8AF9-D3BDC7DECD97}.Debug|Mixed Platforms.Build.0 = Debug|Any CPU
		{5D211C4A-6421-48F8-8AF9-D3BDC7DECD97}.Debug|x86.ActiveCfg = Debug|Any CPU
		{5D211C4A-6421-48F8-8AF9-D3BDC7DECD97}.Debug|x86.Build.0 = Debug|Any CPU
		{5D211C4A-6421-48F8-8AF9-D3BDC7DECD97}.Release|Any CPU.ActiveCfg = Release|Any CPU
		{5D211C4A-6421-48F8-8AF9-D3BDC7DECD97}.Release|Any CPU.Build.0 = Release|Any CPU
		{5D211C4A-6421-48F8-8AF9-D3BDC7DECD97}.Release|Mixed Platforms.ActiveCfg = Release|Any CPU
		{5D211C4A-6421-48F8-8AF9-D3BDC7DECD97}.Release|Mixed Platforms.Build.0 = Release|Any CPU
		{5D211C4A-6421-48F8-8AF9-D3BDC7DECD97}.Release|x86.ActiveCfg = Release|Any CPU
		{5D211C4A-6421-48F8-8AF9-D3BDC7DECD97}.Release|x86.Build.0 = Release|Any CPU
		{379AA56B-E1A6-4133-9A45-7F70385F39FB}.Debug|Any CPU.ActiveCfg = Debug|Any CPU
		{379AA56B-E1A6-4133-9A45-7F70385F39FB}.Debug|Any CPU.Build.0 = Debug|Any CPU
		{379AA56B-E1A6-4133-9A45-7F70385F39FB}.Debug|Mixed Platforms.ActiveCfg = Debug|Any CPU
		{379AA56B-E1A6-4133-9A45-7F70385F39FB}.Debug|Mixed Platforms.Build.0 = Debug|Any CPU
		{379AA56B-E1A6-4133-9A45-7F70385F39FB}.Debug|x86.ActiveCfg = Debug|Any CPU
		{379AA56B-E1A6-4133-9A45-7F70385F39FB}.Debug|x86.Build.0 = Debug|Any CPU
		{379AA56B-E1A6-4133-9A45-7F70385F39FB}.Release|Any CPU.ActiveCfg = Release|Any CPU
		{379AA56B-E1A6-4133-9A45-7F70385F39FB}.Release|Any CPU.Build.0 = Release|Any CPU
		{379AA56B-E1A6-4133-9A45-7F70385F39FB}.Release|Mixed Platforms.ActiveCfg = Release|Any CPU
		{379AA56B-E1A6-4133-9A45-7F70385F39FB}.Release|Mixed Platforms.Build.0 = Release|Any CPU
		{379AA56B-E1A6-4133-9A45-7F70385F39FB}.Release|x86.ActiveCfg = Release|Any CPU
		{379AA56B-E1A6-4133-9A45-7F70385F39FB}.Release|x86.Build.0 = Release|Any CPU
		{6FA3EFAE-2DBC-4532-A5A0-C2EBD8DD672F}.Debug|Any CPU.ActiveCfg = Debug|Any CPU
		{6FA3EFAE-2DBC-4532-A5A0-C2EBD8DD672F}.Debug|Any CPU.Build.0 = Debug|Any CPU
		{6FA3EFAE-2DBC-4532-A5A0-C2EBD8DD672F}.Debug|Mixed Platforms.ActiveCfg = Debug|Any CPU
		{6FA3EFAE-2DBC-4532-A5A0-C2EBD8DD672F}.Debug|Mixed Platforms.Build.0 = Debug|Any CPU
		{6FA3EFAE-2DBC-4532-A5A0-C2EBD8DD672F}.Debug|x86.ActiveCfg = Debug|Any CPU
		{6FA3EFAE-2DBC-4532-A5A0-C2EBD8DD672F}.Debug|x86.Build.0 = Debug|Any CPU
		{6FA3EFAE-2DBC-4532-A5A0-C2EBD8DD672F}.Release|Any CPU.ActiveCfg = Release|Any CPU
		{6FA3EFAE-2DBC-4532-A5A0-C2EBD8DD672F}.Release|Any CPU.Build.0 = Release|Any CPU
		{6FA3EFAE-2DBC-4532-A5A0-C2EBD8DD672F}.Release|Mixed Platforms.ActiveCfg = Release|Any CPU
		{6FA3EFAE-2DBC-4532-A5A0-C2EBD8DD672F}.Release|Mixed Platforms.Build.0 = Release|Any CPU
		{6FA3EFAE-2DBC-4532-A5A0-C2EBD8DD672F}.Release|x86.ActiveCfg = Release|Any CPU
		{6FA3EFAE-2DBC-4532-A5A0-C2EBD8DD672F}.Release|x86.Build.0 = Release|Any CPU
		{84073E58-1802-4525-A9E5-1E6A70DAF0B2}.Debug|Any CPU.ActiveCfg = Debug|Any CPU
		{84073E58-1802-4525-A9E5-1E6A70DAF0B2}.Debug|Any CPU.Build.0 = Debug|Any CPU
		{84073E58-1802-4525-A9E5-1E6A70DAF0B2}.Debug|Mixed Platforms.ActiveCfg = Debug|Any CPU
		{84073E58-1802-4525-A9E5-1E6A70DAF0B2}.Debug|Mixed Platforms.Build.0 = Debug|Any CPU
		{84073E58-1802-4525-A9E5-1E6A70DAF0B2}.Debug|x86.ActiveCfg = Debug|Any CPU
		{84073E58-1802-4525-A9E5-1E6A70DAF0B2}.Debug|x86.Build.0 = Debug|Any CPU
		{84073E58-1802-4525-A9E5-1E6A70DAF0B2}.Release|Any CPU.ActiveCfg = Release|Any CPU
		{84073E58-1802-4525-A9E5-1E6A70DAF0B2}.Release|Any CPU.Build.0 = Release|Any CPU
		{84073E58-1802-4525-A9E5-1E6A70DAF0B2}.Release|Mixed Platforms.ActiveCfg = Release|Any CPU
		{84073E58-1802-4525-A9E5-1E6A70DAF0B2}.Release|Mixed Platforms.Build.0 = Release|Any CPU
		{84073E58-1802-4525-A9E5-1E6A70DAF0B2}.Release|x86.ActiveCfg = Release|Any CPU
		{84073E58-1802-4525-A9E5-1E6A70DAF0B2}.Release|x86.Build.0 = Release|Any CPU
		{F3B898C3-D441-4207-A92B-420D6E73CA5D}.Debug|Any CPU.ActiveCfg = Debug|Any CPU
		{F3B898C3-D441-4207-A92B-420D6E73CA5D}.Debug|Any CPU.Build.0 = Debug|Any CPU
		{F3B898C3-D441-4207-A92B-420D6E73CA5D}.Debug|Mixed Platforms.ActiveCfg = Debug|Any CPU
		{F3B898C3-D441-4207-A92B-420D6E73CA5D}.Debug|Mixed Platforms.Build.0 = Debug|Any CPU
		{F3B898C3-D441-4207-A92B-420D6E73CA5D}.Debug|x86.ActiveCfg = Debug|Any CPU
		{F3B898C3-D441-4207-A92B-420D6E73CA5D}.Debug|x86.Build.0 = Debug|Any CPU
		{F3B898C3-D441-4207-A92B-420D6E73CA5D}.Release|Any CPU.ActiveCfg = Release|Any CPU
		{F3B898C3-D441-4207-A92B-420D6E73CA5D}.Release|Any CPU.Build.0 = Release|Any CPU
		{F3B898C3-D441-4207-A92B-420D6E73CA5D}.Release|Mixed Platforms.ActiveCfg = Release|Any CPU
		{F3B898C3-D441-4207-A92B-420D6E73CA5D}.Release|Mixed Platforms.Build.0 = Release|Any CPU
		{F3B898C3-D441-4207-A92B-420D6E73CA5D}.Release|x86.ActiveCfg = Release|Any CPU
		{F3B898C3-D441-4207-A92B-420D6E73CA5D}.Release|x86.Build.0 = Release|Any CPU
		{854133D5-6252-4A0A-B682-BDBB83B62AE6}.Debug|Any CPU.ActiveCfg = Debug|Any CPU
		{854133D5-6252-4A0A-B682-BDBB83B62AE6}.Debug|Any CPU.Build.0 = Debug|Any CPU
		{854133D5-6252-4A0A-B682-BDBB83B62AE6}.Debug|Mixed Platforms.ActiveCfg = Debug|Any CPU
		{854133D5-6252-4A0A-B682-BDBB83B62AE6}.Debug|Mixed Platforms.Build.0 = Debug|Any CPU
		{854133D5-6252-4A0A-B682-BDBB83B62AE6}.Debug|x86.ActiveCfg = Debug|Any CPU
		{854133D5-6252-4A0A-B682-BDBB83B62AE6}.Debug|x86.Build.0 = Debug|Any CPU
		{854133D5-6252-4A0A-B682-BDBB83B62AE6}.Release|Any CPU.ActiveCfg = Release|Any CPU
		{854133D5-6252-4A0A-B682-BDBB83B62AE6}.Release|Any CPU.Build.0 = Release|Any CPU
		{854133D5-6252-4A0A-B682-BDBB83B62AE6}.Release|Mixed Platforms.ActiveCfg = Release|Any CPU
		{854133D5-6252-4A0A-B682-BDBB83B62AE6}.Release|Mixed Platforms.Build.0 = Release|Any CPU
		{854133D5-6252-4A0A-B682-BDBB83B62AE6}.Release|x86.ActiveCfg = Release|Any CPU
		{854133D5-6252-4A0A-B682-BDBB83B62AE6}.Release|x86.Build.0 = Release|Any CPU
		{B4A43221-DE95-47BB-A2D4-2DC761FC9419}.Debug|Any CPU.ActiveCfg = Debug|Any CPU
		{B4A43221-DE95-47BB-A2D4-2DC761FC9419}.Debug|Any CPU.Build.0 = Debug|Any CPU
		{B4A43221-DE95-47BB-A2D4-2DC761FC9419}.Debug|Mixed Platforms.ActiveCfg = Debug|Any CPU
		{B4A43221-DE95-47BB-A2D4-2DC761FC9419}.Debug|Mixed Platforms.Build.0 = Debug|Any CPU
		{B4A43221-DE95-47BB-A2D4-2DC761FC9419}.Debug|x86.ActiveCfg = Debug|Any CPU
		{B4A43221-DE95-47BB-A2D4-2DC761FC9419}.Debug|x86.Build.0 = Debug|Any CPU
		{B4A43221-DE95-47BB-A2D4-2DC761FC9419}.Release|Any CPU.ActiveCfg = Release|Any CPU
		{B4A43221-DE95-47BB-A2D4-2DC761FC9419}.Release|Any CPU.Build.0 = Release|Any CPU
		{B4A43221-DE95-47BB-A2D4-2DC761FC9419}.Release|Mixed Platforms.ActiveCfg = Release|Any CPU
		{B4A43221-DE95-47BB-A2D4-2DC761FC9419}.Release|Mixed Platforms.Build.0 = Release|Any CPU
		{B4A43221-DE95-47BB-A2D4-2DC761FC9419}.Release|x86.ActiveCfg = Release|Any CPU
		{B4A43221-DE95-47BB-A2D4-2DC761FC9419}.Release|x86.Build.0 = Release|Any CPU
	EndGlobalSection
	GlobalSection(SolutionProperties) = preSolution
		HideSolutionNode = FALSE
	EndGlobalSection
	GlobalSection(NestedProjects) = preSolution
		{19D1B6C5-8A62-4387-8816-C54874D1DF5F} = {699DB330-0095-4266-B7B0-3EAB3710CA49}
		{96B1D6A8-7E40-43C7-813F-898DC8192DDE} = {09920C51-6220-4D8D-94DC-E70C13446187}
		{8221FA95-4B1A-44BF-925F-8AC1A317CC7C} = {699DB330-0095-4266-B7B0-3EAB3710CA49}
		{550E0247-0BDD-4016-A29B-250F075686FD} = {8C1F5D80-88EA-4961-84DC-7AC6E13951F4}
		{75A4DE6D-BBAA-4D59-829D-94009E759A18} = {699DB330-0095-4266-B7B0-3EAB3710CA49}
		{1A3EB66F-9E64-4676-852F-24995549ED8A} = {699DB330-0095-4266-B7B0-3EAB3710CA49}
		{FFEDC225-D5BD-44E0-B7A6-A98FCFECC694} = {699DB330-0095-4266-B7B0-3EAB3710CA49}
		{5D211C4A-6421-48F8-8AF9-D3BDC7DECD97} = {699DB330-0095-4266-B7B0-3EAB3710CA49}
		{379AA56B-E1A6-4133-9A45-7F70385F39FB} = {699DB330-0095-4266-B7B0-3EAB3710CA49}
		{6FA3EFAE-2DBC-4532-A5A0-C2EBD8DD672F} = {09920C51-6220-4D8D-94DC-E70C13446187}
		{84073E58-1802-4525-A9E5-1E6A70DAF0B2} = {699DB330-0095-4266-B7B0-3EAB3710CA49}
		{F3B898C3-D441-4207-A92B-420D6E73CA5D} = {09920C51-6220-4D8D-94DC-E70C13446187}
		{854133D5-6252-4A0A-B682-BDBB83B62AE6} = {699DB330-0095-4266-B7B0-3EAB3710CA49}
		{B4A43221-DE95-47BB-A2D4-2DC761FC9419} = {09920C51-6220-4D8D-94DC-E70C13446187}
	EndGlobalSection
EndGlobal
