
Microsoft Visual Studio Solution File, Format Version 12.00
# Visual Studio 15
VisualStudioVersion = 15.0.26124.0
MinimumVisualStudioVersion = 15.0.26124.0
Project("{2150E333-8FDC-42A3-9474-1A3956D46DE8}") = "src", "src", "{2BBB2AB1-2AE4-4306-AA88-FD66A90AA101}"
EndProject
Project("{2150E333-8FDC-42A3-9474-1A3956D46DE8}") = "build", "build", "{9AD3190E-86E4-419B-9D57-C6FFEF3A01F6}"
	ProjectSection(SolutionItems) = preProject
		build\dependencies.props = build\dependencies.props
		build\sources.props = build\sources.props
	EndProjectSection
EndProject
Project("{9A19103F-16F7-4668-BE54-9A1E7A4F7556}") = "Microsoft.AspNetCore.Razor.LanguageServer", "src\Microsoft.AspNetCore.Razor.LanguageServer\Microsoft.AspNetCore.Razor.LanguageServer.csproj", "{AF5FB0D8-BACD-45DE-B4A2-4CA172DCAEB6}"
EndProject
Project("{2150E333-8FDC-42A3-9474-1A3956D46DE8}") = "modules", "modules", "{BEAA2EDB-B257-4B34-9FA3-2AD973914528}"
EndProject
Project("{2150E333-8FDC-42A3-9474-1A3956D46DE8}") = "Razor", "Razor", "{3C0D9AB8-562E-4736-A31D-839AF8C9D9FD}"
EndProject
Project("{9A19103F-16F7-4668-BE54-9A1E7A4F7556}") = "Microsoft.CodeAnalysis.Razor.Workspaces", "modules\Razor\src\Microsoft.CodeAnalysis.Razor.Workspaces\Microsoft.CodeAnalysis.Razor.Workspaces.csproj", "{A3E388BC-F625-4A6A-AD31-04E8B1DD0D91}"
EndProject
Project("{9A19103F-16F7-4668-BE54-9A1E7A4F7556}") = "Microsoft.CodeAnalysis.Razor", "modules\Razor\src\Microsoft.CodeAnalysis.Razor\Microsoft.CodeAnalysis.Razor.csproj", "{8CFC36F5-61B4-4F56-8311-750C2969B61D}"
EndProject
Project("{9A19103F-16F7-4668-BE54-9A1E7A4F7556}") = "Microsoft.AspNetCore.Razor.Language", "modules\Razor\src\Microsoft.AspNetCore.Razor.Language\Microsoft.AspNetCore.Razor.Language.csproj", "{487B924C-B52C-44B0-A10C-9CCE95138F14}"
EndProject
Project("{9A19103F-16F7-4668-BE54-9A1E7A4F7556}") = "Microsoft.VisualStudio.Editor.Razor", "modules\Razor\src\Microsoft.VisualStudio.Editor.Razor\Microsoft.VisualStudio.Editor.Razor.csproj", "{F8FDEFA7-9574-4FF3-B854-44BD3F8F37C6}"
EndProject
Project("{9A19103F-16F7-4668-BE54-9A1E7A4F7556}") = "Microsoft.AspNetCore.Mvc.Razor.Extensions", "modules\Razor\src\Microsoft.AspNetCore.Mvc.Razor.Extensions\Microsoft.AspNetCore.Mvc.Razor.Extensions.csproj", "{73F9F775-30E0-43DA-AA35-1F0D70130276}"
EndProject
Project("{9A19103F-16F7-4668-BE54-9A1E7A4F7556}") = "Microsoft.AspNetCore.Mvc.Razor.Extensions.Version1_X", "modules\Razor\src\Microsoft.AspNetCore.Mvc.Razor.Extensions.Version1_X\Microsoft.AspNetCore.Mvc.Razor.Extensions.Version1_X.csproj", "{917E8383-55BB-44EB-BECF-4DDFD19174B4}"
EndProject
Project("{2150E333-8FDC-42A3-9474-1A3956D46DE8}") = "test", "test", "{75400311-9729-4D9A-80D2-ADD5286DE405}"
EndProject
Project("{9A19103F-16F7-4668-BE54-9A1E7A4F7556}") = "Microsoft.AspNetCore.Razor.LanguageServer.Test", "test\Microsoft.AspNetCore.Razor.LanguageServer.Test\Microsoft.AspNetCore.Razor.LanguageServer.Test.csproj", "{367BD0CB-B226-4105-B741-77A225722078}"
EndProject
Project("{2150E333-8FDC-42A3-9474-1A3956D46DE8}") = "src", "src", "{9BDFB459-02CA-45BB-AA57-FF4B6C07CC53}"
EndProject
Project("{2150E333-8FDC-42A3-9474-1A3956D46DE8}") = "test", "test", "{B0F1BB2B-99A0-47AD-8D14-CEFBFF58F797}"
EndProject
Project("{9A19103F-16F7-4668-BE54-9A1E7A4F7556}") = "Microsoft.AspNetCore.Razor.Test.Common", "modules\Razor\test\Microsoft.AspNetCore.Razor.Test.Common\Microsoft.AspNetCore.Razor.Test.Common.csproj", "{5CE61EF0-9B19-4FEF-BC48-5E09B774CBCE}"
EndProject
Project("{9A19103F-16F7-4668-BE54-9A1E7A4F7556}") = "Microsoft.CodeAnalysis.Razor.Workspaces.Test.Common", "modules\Razor\test\Microsoft.CodeAnalysis.Razor.Workspaces.Test.Common\Microsoft.CodeAnalysis.Razor.Workspaces.Test.Common.csproj", "{AF97C5AD-8576-406D-B114-8584D5ACD410}"
EndProject
Project("{9A19103F-16F7-4668-BE54-9A1E7A4F7556}") = "Microsoft.VisualStudio.Editor.Razor.Test.Common", "modules\Razor\test\Microsoft.VisualStudio.Editor.Razor.Test.Common\Microsoft.VisualStudio.Editor.Razor.Test.Common.csproj", "{92A80062-7895-403B-ABAB-5EADCC5440AA}"
EndProject
Global
	GlobalSection(SolutionConfigurationPlatforms) = preSolution
		Debug|Any CPU = Debug|Any CPU
		Release|Any CPU = Release|Any CPU
	EndGlobalSection
	GlobalSection(ProjectConfigurationPlatforms) = postSolution
		{AF5FB0D8-BACD-45DE-B4A2-4CA172DCAEB6}.Debug|Any CPU.ActiveCfg = Debug|Any CPU
		{AF5FB0D8-BACD-45DE-B4A2-4CA172DCAEB6}.Debug|Any CPU.Build.0 = Debug|Any CPU
		{AF5FB0D8-BACD-45DE-B4A2-4CA172DCAEB6}.Release|Any CPU.ActiveCfg = Release|Any CPU
		{AF5FB0D8-BACD-45DE-B4A2-4CA172DCAEB6}.Release|Any CPU.Build.0 = Release|Any CPU
		{A3E388BC-F625-4A6A-AD31-04E8B1DD0D91}.Debug|Any CPU.ActiveCfg = Debug|Any CPU
		{A3E388BC-F625-4A6A-AD31-04E8B1DD0D91}.Debug|Any CPU.Build.0 = Debug|Any CPU
		{A3E388BC-F625-4A6A-AD31-04E8B1DD0D91}.Release|Any CPU.ActiveCfg = Release|Any CPU
		{A3E388BC-F625-4A6A-AD31-04E8B1DD0D91}.Release|Any CPU.Build.0 = Release|Any CPU
		{8CFC36F5-61B4-4F56-8311-750C2969B61D}.Debug|Any CPU.ActiveCfg = Debug|Any CPU
		{8CFC36F5-61B4-4F56-8311-750C2969B61D}.Debug|Any CPU.Build.0 = Debug|Any CPU
		{8CFC36F5-61B4-4F56-8311-750C2969B61D}.Release|Any CPU.ActiveCfg = Release|Any CPU
		{8CFC36F5-61B4-4F56-8311-750C2969B61D}.Release|Any CPU.Build.0 = Release|Any CPU
		{487B924C-B52C-44B0-A10C-9CCE95138F14}.Debug|Any CPU.ActiveCfg = Debug|Any CPU
		{487B924C-B52C-44B0-A10C-9CCE95138F14}.Debug|Any CPU.Build.0 = Debug|Any CPU
		{487B924C-B52C-44B0-A10C-9CCE95138F14}.Release|Any CPU.ActiveCfg = Release|Any CPU
		{487B924C-B52C-44B0-A10C-9CCE95138F14}.Release|Any CPU.Build.0 = Release|Any CPU
		{F8FDEFA7-9574-4FF3-B854-44BD3F8F37C6}.Debug|Any CPU.ActiveCfg = Debug|Any CPU
		{F8FDEFA7-9574-4FF3-B854-44BD3F8F37C6}.Debug|Any CPU.Build.0 = Debug|Any CPU
		{F8FDEFA7-9574-4FF3-B854-44BD3F8F37C6}.Release|Any CPU.ActiveCfg = Release|Any CPU
		{F8FDEFA7-9574-4FF3-B854-44BD3F8F37C6}.Release|Any CPU.Build.0 = Release|Any CPU
		{73F9F775-30E0-43DA-AA35-1F0D70130276}.Debug|Any CPU.ActiveCfg = Debug|Any CPU
		{73F9F775-30E0-43DA-AA35-1F0D70130276}.Debug|Any CPU.Build.0 = Debug|Any CPU
		{73F9F775-30E0-43DA-AA35-1F0D70130276}.Release|Any CPU.ActiveCfg = Release|Any CPU
		{73F9F775-30E0-43DA-AA35-1F0D70130276}.Release|Any CPU.Build.0 = Release|Any CPU
		{917E8383-55BB-44EB-BECF-4DDFD19174B4}.Debug|Any CPU.ActiveCfg = Debug|Any CPU
		{917E8383-55BB-44EB-BECF-4DDFD19174B4}.Debug|Any CPU.Build.0 = Debug|Any CPU
		{917E8383-55BB-44EB-BECF-4DDFD19174B4}.Release|Any CPU.ActiveCfg = Release|Any CPU
		{917E8383-55BB-44EB-BECF-4DDFD19174B4}.Release|Any CPU.Build.0 = Release|Any CPU
		{367BD0CB-B226-4105-B741-77A225722078}.Debug|Any CPU.ActiveCfg = Debug|Any CPU
		{367BD0CB-B226-4105-B741-77A225722078}.Debug|Any CPU.Build.0 = Debug|Any CPU
		{367BD0CB-B226-4105-B741-77A225722078}.Release|Any CPU.ActiveCfg = Release|Any CPU
		{367BD0CB-B226-4105-B741-77A225722078}.Release|Any CPU.Build.0 = Release|Any CPU
		{5CE61EF0-9B19-4FEF-BC48-5E09B774CBCE}.Debug|Any CPU.ActiveCfg = Debug|Any CPU
		{5CE61EF0-9B19-4FEF-BC48-5E09B774CBCE}.Debug|Any CPU.Build.0 = Debug|Any CPU
		{5CE61EF0-9B19-4FEF-BC48-5E09B774CBCE}.Release|Any CPU.ActiveCfg = Release|Any CPU
		{5CE61EF0-9B19-4FEF-BC48-5E09B774CBCE}.Release|Any CPU.Build.0 = Release|Any CPU
		{AF97C5AD-8576-406D-B114-8584D5ACD410}.Debug|Any CPU.ActiveCfg = Debug|Any CPU
		{AF97C5AD-8576-406D-B114-8584D5ACD410}.Debug|Any CPU.Build.0 = Debug|Any CPU
		{AF97C5AD-8576-406D-B114-8584D5ACD410}.Release|Any CPU.ActiveCfg = Release|Any CPU
		{AF97C5AD-8576-406D-B114-8584D5ACD410}.Release|Any CPU.Build.0 = Release|Any CPU
		{92A80062-7895-403B-ABAB-5EADCC5440AA}.Debug|Any CPU.ActiveCfg = Debug|Any CPU
		{92A80062-7895-403B-ABAB-5EADCC5440AA}.Debug|Any CPU.Build.0 = Debug|Any CPU
		{92A80062-7895-403B-ABAB-5EADCC5440AA}.Release|Any CPU.ActiveCfg = Release|Any CPU
		{92A80062-7895-403B-ABAB-5EADCC5440AA}.Release|Any CPU.Build.0 = Release|Any CPU
	EndGlobalSection
	GlobalSection(SolutionProperties) = preSolution
		HideSolutionNode = FALSE
	EndGlobalSection
	GlobalSection(NestedProjects) = preSolution
		{AF5FB0D8-BACD-45DE-B4A2-4CA172DCAEB6} = {2BBB2AB1-2AE4-4306-AA88-FD66A90AA101}
		{3C0D9AB8-562E-4736-A31D-839AF8C9D9FD} = {BEAA2EDB-B257-4B34-9FA3-2AD973914528}
		{A3E388BC-F625-4A6A-AD31-04E8B1DD0D91} = {9BDFB459-02CA-45BB-AA57-FF4B6C07CC53}
		{8CFC36F5-61B4-4F56-8311-750C2969B61D} = {9BDFB459-02CA-45BB-AA57-FF4B6C07CC53}
		{487B924C-B52C-44B0-A10C-9CCE95138F14} = {9BDFB459-02CA-45BB-AA57-FF4B6C07CC53}
		{F8FDEFA7-9574-4FF3-B854-44BD3F8F37C6} = {9BDFB459-02CA-45BB-AA57-FF4B6C07CC53}
		{73F9F775-30E0-43DA-AA35-1F0D70130276} = {9BDFB459-02CA-45BB-AA57-FF4B6C07CC53}
		{917E8383-55BB-44EB-BECF-4DDFD19174B4} = {9BDFB459-02CA-45BB-AA57-FF4B6C07CC53}
		{367BD0CB-B226-4105-B741-77A225722078} = {75400311-9729-4D9A-80D2-ADD5286DE405}
		{9BDFB459-02CA-45BB-AA57-FF4B6C07CC53} = {3C0D9AB8-562E-4736-A31D-839AF8C9D9FD}
		{B0F1BB2B-99A0-47AD-8D14-CEFBFF58F797} = {3C0D9AB8-562E-4736-A31D-839AF8C9D9FD}
		{5CE61EF0-9B19-4FEF-BC48-5E09B774CBCE} = {B0F1BB2B-99A0-47AD-8D14-CEFBFF58F797}
		{AF97C5AD-8576-406D-B114-8584D5ACD410} = {B0F1BB2B-99A0-47AD-8D14-CEFBFF58F797}
		{92A80062-7895-403B-ABAB-5EADCC5440AA} = {B0F1BB2B-99A0-47AD-8D14-CEFBFF58F797}
	EndGlobalSection
	GlobalSection(ExtensibilityGlobals) = postSolution
		SolutionGuid = {ED1782EB-ABE7-4615-80E2-442006DF2826}
	EndGlobalSection
EndGlobal
