Microsoft Visual Studio Solution File, Format Version 12.00
# Visual Studio 15
VisualStudioVersion = 15.0.26228.4
MinimumVisualStudioVersion = 10.0.40219.1
Project("{2150E333-8FDC-42A3-9474-1A3956D46DE8}") = "src", "src", "{5525B6EA-8BBB-4437-BD09-419AE380BBA8}"
EndProject
Project("{2150E333-8FDC-42A3-9474-1A3956D46DE8}") = "test", "test", "{09F799F3-E521-466F-B155-B89E2746C8C9}"
EndProject
Project("{FAE04EC0-301F-11D3-BF4B-00C04F79EFBC}") = "Microsoft.AspNetCore.Testing", "src\Microsoft.AspNetCore.Testing\Microsoft.AspNetCore.Testing.csproj", "{09BE5203-8042-4338-9713-E44169342E72}"
EndProject
Project("{FAE04EC0-301F-11D3-BF4B-00C04F79EFBC}") = "Sample.Tests", "test\Sample.Tests\Sample.Tests.csproj", "{25D18D0B-119C-4AB4-BCA6-AC06179335FA}"
EndProject
Project("{FAE04EC0-301F-11D3-BF4B-00C04F79EFBC}") = "Microsoft.AspNetCore.Testing.Tests", "test\Microsoft.AspNetCore.Testing.Tests\Microsoft.AspNetCore.Testing.Tests.csproj", "{C9F758D6-17A3-4BF1-BCCD-972B1DA959FC}"
EndProject
Global
	GlobalSection(SolutionConfigurationPlatforms) = preSolution
		Debug|Any CPU = Debug|Any CPU
		Release|Any CPU = Release|Any CPU
	EndGlobalSection
	GlobalSection(ProjectConfigurationPlatforms) = postSolution
		{09BE5203-8042-4338-9713-E44169342E72}.Debug|Any CPU.ActiveCfg = Debug|Any CPU
		{09BE5203-8042-4338-9713-E44169342E72}.Debug|Any CPU.Build.0 = Debug|Any CPU
		{09BE5203-8042-4338-9713-E44169342E72}.Release|Any CPU.ActiveCfg = Release|Any CPU
		{09BE5203-8042-4338-9713-E44169342E72}.Release|Any CPU.Build.0 = Release|Any CPU
		{25D18D0B-119C-4AB4-BCA6-AC06179335FA}.Debug|Any CPU.ActiveCfg = Debug|Any CPU
		{25D18D0B-119C-4AB4-BCA6-AC06179335FA}.Debug|Any CPU.Build.0 = Debug|Any CPU
		{25D18D0B-119C-4AB4-BCA6-AC06179335FA}.Release|Any CPU.ActiveCfg = Release|Any CPU
		{25D18D0B-119C-4AB4-BCA6-AC06179335FA}.Release|Any CPU.Build.0 = Release|Any CPU
		{C9F758D6-17A3-4BF1-BCCD-972B1DA959FC}.Debug|Any CPU.ActiveCfg = Debug|Any CPU
		{C9F758D6-17A3-4BF1-BCCD-972B1DA959FC}.Debug|Any CPU.Build.0 = Debug|Any CPU
		{C9F758D6-17A3-4BF1-BCCD-972B1DA959FC}.Release|Any CPU.ActiveCfg = Release|Any CPU
		{C9F758D6-17A3-4BF1-BCCD-972B1DA959FC}.Release|Any CPU.Build.0 = Release|Any CPU
	EndGlobalSection
	GlobalSection(SolutionProperties) = preSolution
		HideSolutionNode = FALSE
	EndGlobalSection
	GlobalSection(NestedProjects) = preSolution
		{09BE5203-8042-4338-9713-E44169342E72} = {5525B6EA-8BBB-4437-BD09-419AE380BBA8}
		{25D18D0B-119C-4AB4-BCA6-AC06179335FA} = {09F799F3-E521-466F-B155-B89E2746C8C9}
		{C9F758D6-17A3-4BF1-BCCD-972B1DA959FC} = {09F799F3-E521-466F-B155-B89E2746C8C9}
	EndGlobalSection
EndGlobal
