
Microsoft Visual Studio Solution File, Format Version 12.00
# Visual Studio 2013
VisualStudioVersion = 12.0.21005.1
MinimumVisualStudioVersion = 10.0.40219.1
Project("{2150E333-8FDC-42A3-9474-1A3956D46DE8}") = "src", "src", "{5525B6EA-8BBB-4437-BD09-419AE380BBA8}"
EndProject
Project("{2150E333-8FDC-42A3-9474-1A3956D46DE8}") = "net45", "net45", "{D2EDB163-538E-47C3-A8E5-0633FBC9D668}"
EndProject
Project("{FAE04EC0-301F-11D3-BF4B-00C04F79EFBC}") = "Xunit.KRunner.net45", "src\Xunit.KRunner\Xunit.KRunner.net45.csproj", "{C9D4238C-63BD-4277-A240-9F61647EA884}"
EndProject
Project("{2150E333-8FDC-42A3-9474-1A3956D46DE8}") = "test", "test", "{09F799F3-E521-466F-B155-B89E2746C8C9}"
EndProject
Project("{2150E333-8FDC-42A3-9474-1A3956D46DE8}") = "net45", "net45", "{9D51B712-05C0-499D-BE81-0395142837A0}"
EndProject
Project("{FAE04EC0-301F-11D3-BF4B-00C04F79EFBC}") = "Sample.Tests.net45", "test\Sample.Tests\Sample.Tests.net45.csproj", "{69FBE3CD-3381-4C54-A323-5A724E8A7B4F}"
EndProject
Project("{2150E333-8FDC-42A3-9474-1A3956D46DE8}") = "k10", "k10", "{A345517E-DA14-47AC-B514-54E97D179E97}"
EndProject
Project("{FAE04EC0-301F-11D3-BF4B-00C04F79EFBC}") = "Xunit.KRunner.k10", "src\Xunit.KRunner\Xunit.KRunner.k10.csproj", "{DDC3C708-5EF4-48B9-BBFF-63AE727A7949}"
EndProject
Project("{2150E333-8FDC-42A3-9474-1A3956D46DE8}") = "k10", "k10", "{FDE66C09-CED8-4CF8-8C80-01AFA0C0CA02}"
EndProject
Project("{FAE04EC0-301F-11D3-BF4B-00C04F79EFBC}") = "Sample.Tests.k10", "test\Sample.Tests\Sample.Tests.k10.csproj", "{9902DB70-F3E0-42D6-A0DA-585E4091D781}"
EndProject
Project("{FAE04EC0-301F-11D3-BF4B-00C04F79EFBC}") = "Microsoft.AspNet.Testing.net45", "src\Microsoft.AspNet.Testing\Microsoft.AspNet.Testing.net45.csproj", "{EF15F677-FA00-4DFB-A60E-7E2FBDE0FC3F}"
EndProject
Project("{FAE04EC0-301F-11D3-BF4B-00C04F79EFBC}") = "Microsoft.AspNet.Testing.k10", "src\Microsoft.AspNet.Testing\Microsoft.AspNet.Testing.k10.csproj", "{817A11AB-E345-4921-B870-72817E70BD3D}"
EndProject
Global
	GlobalSection(SolutionConfigurationPlatforms) = preSolution
		Debug|Any CPU = Debug|Any CPU
		Release|Any CPU = Release|Any CPU
	EndGlobalSection
	GlobalSection(ProjectConfigurationPlatforms) = postSolution
		{C9D4238C-63BD-4277-A240-9F61647EA884}.Debug|Any CPU.ActiveCfg = Debug|Any CPU
		{C9D4238C-63BD-4277-A240-9F61647EA884}.Debug|Any CPU.Build.0 = Debug|Any CPU
		{C9D4238C-63BD-4277-A240-9F61647EA884}.Release|Any CPU.ActiveCfg = Release|Any CPU
		{C9D4238C-63BD-4277-A240-9F61647EA884}.Release|Any CPU.Build.0 = Release|Any CPU
		{69FBE3CD-3381-4C54-A323-5A724E8A7B4F}.Debug|Any CPU.ActiveCfg = Debug|Any CPU
		{69FBE3CD-3381-4C54-A323-5A724E8A7B4F}.Debug|Any CPU.Build.0 = Debug|Any CPU
		{69FBE3CD-3381-4C54-A323-5A724E8A7B4F}.Release|Any CPU.ActiveCfg = Release|Any CPU
		{69FBE3CD-3381-4C54-A323-5A724E8A7B4F}.Release|Any CPU.Build.0 = Release|Any CPU
		{DDC3C708-5EF4-48B9-BBFF-63AE727A7949}.Debug|Any CPU.ActiveCfg = Debug|Any CPU
		{DDC3C708-5EF4-48B9-BBFF-63AE727A7949}.Debug|Any CPU.Build.0 = Debug|Any CPU
		{DDC3C708-5EF4-48B9-BBFF-63AE727A7949}.Release|Any CPU.ActiveCfg = Release|Any CPU
		{DDC3C708-5EF4-48B9-BBFF-63AE727A7949}.Release|Any CPU.Build.0 = Release|Any CPU
		{9902DB70-F3E0-42D6-A0DA-585E4091D781}.Debug|Any CPU.ActiveCfg = Debug|Any CPU
		{9902DB70-F3E0-42D6-A0DA-585E4091D781}.Debug|Any CPU.Build.0 = Debug|Any CPU
		{9902DB70-F3E0-42D6-A0DA-585E4091D781}.Release|Any CPU.ActiveCfg = Release|Any CPU
		{9902DB70-F3E0-42D6-A0DA-585E4091D781}.Release|Any CPU.Build.0 = Release|Any CPU
		{EF15F677-FA00-4DFB-A60E-7E2FBDE0FC3F}.Debug|Any CPU.ActiveCfg = Debug|Any CPU
		{EF15F677-FA00-4DFB-A60E-7E2FBDE0FC3F}.Debug|Any CPU.Build.0 = Debug|Any CPU
		{EF15F677-FA00-4DFB-A60E-7E2FBDE0FC3F}.Release|Any CPU.ActiveCfg = Release|Any CPU
		{EF15F677-FA00-4DFB-A60E-7E2FBDE0FC3F}.Release|Any CPU.Build.0 = Release|Any CPU
		{817A11AB-E345-4921-B870-72817E70BD3D}.Debug|Any CPU.ActiveCfg = Debug|Any CPU
		{817A11AB-E345-4921-B870-72817E70BD3D}.Debug|Any CPU.Build.0 = Debug|Any CPU
		{817A11AB-E345-4921-B870-72817E70BD3D}.Release|Any CPU.ActiveCfg = Release|Any CPU
		{817A11AB-E345-4921-B870-72817E70BD3D}.Release|Any CPU.Build.0 = Release|Any CPU
	EndGlobalSection
	GlobalSection(SolutionProperties) = preSolution
		HideSolutionNode = FALSE
	EndGlobalSection
	GlobalSection(NestedProjects) = preSolution
		{D2EDB163-538E-47C3-A8E5-0633FBC9D668} = {5525B6EA-8BBB-4437-BD09-419AE380BBA8}
		{A345517E-DA14-47AC-B514-54E97D179E97} = {5525B6EA-8BBB-4437-BD09-419AE380BBA8}
		{C9D4238C-63BD-4277-A240-9F61647EA884} = {D2EDB163-538E-47C3-A8E5-0633FBC9D668}
		{EF15F677-FA00-4DFB-A60E-7E2FBDE0FC3F} = {D2EDB163-538E-47C3-A8E5-0633FBC9D668}
		{9D51B712-05C0-499D-BE81-0395142837A0} = {09F799F3-E521-466F-B155-B89E2746C8C9}
		{FDE66C09-CED8-4CF8-8C80-01AFA0C0CA02} = {09F799F3-E521-466F-B155-B89E2746C8C9}
		{69FBE3CD-3381-4C54-A323-5A724E8A7B4F} = {9D51B712-05C0-499D-BE81-0395142837A0}
		{DDC3C708-5EF4-48B9-BBFF-63AE727A7949} = {A345517E-DA14-47AC-B514-54E97D179E97}
		{817A11AB-E345-4921-B870-72817E70BD3D} = {A345517E-DA14-47AC-B514-54E97D179E97}
		{9902DB70-F3E0-42D6-A0DA-585E4091D781} = {FDE66C09-CED8-4CF8-8C80-01AFA0C0CA02}
	EndGlobalSection
EndGlobal
