
Microsoft Visual Studio Solution File, Format Version 12.00
# Visual Studio Version 16
VisualStudioVersion = 16.0.28527.54
MinimumVisualStudioVersion = 10.0.40219.1
Project("{9A19103F-16F7-4668-BE54-9A1E7A4F7556}") = "Microsoft.Extensions.Hosting.Systemd", "Systemd\src\Microsoft.Extensions.Hosting.Systemd.csproj", "{A7356D45-9A20-493C-9C95-EEF54727D931}"
EndProject
Project("{9A19103F-16F7-4668-BE54-9A1E7A4F7556}") = "Microsoft.Extensions.Hosting.Systemd.Tests", "Systemd\test\Microsoft.Extensions.Hosting.Systemd.Tests.csproj", "{0A1C6C61-F5C6-4688-8C86-3B4D8DB0E6FF}"
EndProject
Project("{9A19103F-16F7-4668-BE54-9A1E7A4F7556}") = "Microsoft.Extensions.Hosting.WindowsServices", "WindowsServices\src\Microsoft.Extensions.Hosting.WindowsServices.csproj", "{EC466ABD-86DF-42A8-A307-1F0B28B36A2F}"
EndProject
Project("{9A19103F-16F7-4668-BE54-9A1E7A4F7556}") = "Microsoft.Extensions.Hosting.WindowsServices.Tests", "WindowsServices\test\Microsoft.Extensions.Hosting.WindowsServices.Tests.csproj", "{1A3BC0DA-CB53-4C21-BDD0-2B2CF83655FA}"
EndProject
Global
	GlobalSection(SolutionConfigurationPlatforms) = preSolution
		Debug|Any CPU = Debug|Any CPU
		Release|Any CPU = Release|Any CPU
	EndGlobalSection
	GlobalSection(ProjectConfigurationPlatforms) = postSolution
		{A7356D45-9A20-493C-9C95-EEF54727D931}.Debug|Any CPU.ActiveCfg = Debug|Any CPU
		{A7356D45-9A20-493C-9C95-EEF54727D931}.Debug|Any CPU.Build.0 = Debug|Any CPU
		{A7356D45-9A20-493C-9C95-EEF54727D931}.Release|Any CPU.ActiveCfg = Release|Any CPU
		{A7356D45-9A20-493C-9C95-EEF54727D931}.Release|Any CPU.Build.0 = Release|Any CPU
		{0A1C6C61-F5C6-4688-8C86-3B4D8DB0E6FF}.Debug|Any CPU.ActiveCfg = Debug|Any CPU
		{0A1C6C61-F5C6-4688-8C86-3B4D8DB0E6FF}.Debug|Any CPU.Build.0 = Debug|Any CPU
		{0A1C6C61-F5C6-4688-8C86-3B4D8DB0E6FF}.Release|Any CPU.ActiveCfg = Release|Any CPU
		{0A1C6C61-F5C6-4688-8C86-3B4D8DB0E6FF}.Release|Any CPU.Build.0 = Release|Any CPU
		{EC466ABD-86DF-42A8-A307-1F0B28B36A2F}.Debug|Any CPU.ActiveCfg = Debug|Any CPU
		{EC466ABD-86DF-42A8-A307-1F0B28B36A2F}.Debug|Any CPU.Build.0 = Debug|Any CPU
		{EC466ABD-86DF-42A8-A307-1F0B28B36A2F}.Release|Any CPU.ActiveCfg = Release|Any CPU
		{EC466ABD-86DF-42A8-A307-1F0B28B36A2F}.Release|Any CPU.Build.0 = Release|Any CPU
		{1A3BC0DA-CB53-4C21-BDD0-2B2CF83655FA}.Debug|Any CPU.ActiveCfg = Debug|Any CPU
		{1A3BC0DA-CB53-4C21-BDD0-2B2CF83655FA}.Debug|Any CPU.Build.0 = Debug|Any CPU
		{1A3BC0DA-CB53-4C21-BDD0-2B2CF83655FA}.Release|Any CPU.ActiveCfg = Release|Any CPU
		{1A3BC0DA-CB53-4C21-BDD0-2B2CF83655FA}.Release|Any CPU.Build.0 = Release|Any CPU
	EndGlobalSection
	GlobalSection(SolutionProperties) = preSolution
		HideSolutionNode = FALSE
	EndGlobalSection
	GlobalSection(ExtensibilityGlobals) = postSolution
		SolutionGuid = {6F68EA96-ED05-47B1-A422-FF13D7154E99}
	EndGlobalSection
EndGlobal
