
Microsoft Visual Studio Solution File, Format Version 12.00
# Visual Studio 15
VisualStudioVersion = 15.0.26124.0
MinimumVisualStudioVersion = 15.0.26124.0
Project("{2150E333-8FDC-42A3-9474-1A3956D46DE8}") = "Async", "Async", "{45E85FB6-49C9-452A-B739-FF308725E866}"
EndProject
Project("{FAE04EC0-301F-11D3-BF4B-00C04F79EFBC}") = "Microsoft.Dotnet.Analyzers.Async", "Async\src\Microsoft.Dotnet.Analyzers.Async.csproj", "{74DE3A2D-B201-4137-A5E8-5B4E02EE1F76}"
EndProject
Project("{FAE04EC0-301F-11D3-BF4B-00C04F79EFBC}") = "Microsoft.Dotnet.Analyzers.Async.Tests", "Async\test\Microsoft.Dotnet.Analyzers.Async.Tests.csproj", "{9FB94D15-7095-4C13-B2C1-39F7036CBE6D}"
EndProject
Global
	GlobalSection(SolutionConfigurationPlatforms) = preSolution
		Debug|Any CPU = Debug|Any CPU
		Debug|x64 = Debug|x64
		Debug|x86 = Debug|x86
		Release|Any CPU = Release|Any CPU
		Release|x64 = Release|x64
		Release|x86 = Release|x86
	EndGlobalSection
	GlobalSection(SolutionProperties) = preSolution
		HideSolutionNode = FALSE
	EndGlobalSection
	GlobalSection(ProjectConfigurationPlatforms) = postSolution
		{74DE3A2D-B201-4137-A5E8-5B4E02EE1F76}.Debug|Any CPU.ActiveCfg = Debug|Any CPU
		{74DE3A2D-B201-4137-A5E8-5B4E02EE1F76}.Debug|Any CPU.Build.0 = Debug|Any CPU
		{74DE3A2D-B201-4137-A5E8-5B4E02EE1F76}.Debug|x64.ActiveCfg = Debug|Any CPU
		{74DE3A2D-B201-4137-A5E8-5B4E02EE1F76}.Debug|x64.Build.0 = Debug|Any CPU
		{74DE3A2D-B201-4137-A5E8-5B4E02EE1F76}.Debug|x86.ActiveCfg = Debug|Any CPU
		{74DE3A2D-B201-4137-A5E8-5B4E02EE1F76}.Debug|x86.Build.0 = Debug|Any CPU
		{74DE3A2D-B201-4137-A5E8-5B4E02EE1F76}.Release|Any CPU.ActiveCfg = Release|Any CPU
		{74DE3A2D-B201-4137-A5E8-5B4E02EE1F76}.Release|Any CPU.Build.0 = Release|Any CPU
		{74DE3A2D-B201-4137-A5E8-5B4E02EE1F76}.Release|x64.ActiveCfg = Release|Any CPU
		{74DE3A2D-B201-4137-A5E8-5B4E02EE1F76}.Release|x64.Build.0 = Release|Any CPU
		{74DE3A2D-B201-4137-A5E8-5B4E02EE1F76}.Release|x86.ActiveCfg = Release|Any CPU
		{74DE3A2D-B201-4137-A5E8-5B4E02EE1F76}.Release|x86.Build.0 = Release|Any CPU
		{9FB94D15-7095-4C13-B2C1-39F7036CBE6D}.Debug|Any CPU.ActiveCfg = Debug|Any CPU
		{9FB94D15-7095-4C13-B2C1-39F7036CBE6D}.Debug|Any CPU.Build.0 = Debug|Any CPU
		{9FB94D15-7095-4C13-B2C1-39F7036CBE6D}.Debug|x64.ActiveCfg = Debug|Any CPU
		{9FB94D15-7095-4C13-B2C1-39F7036CBE6D}.Debug|x64.Build.0 = Debug|Any CPU
		{9FB94D15-7095-4C13-B2C1-39F7036CBE6D}.Debug|x86.ActiveCfg = Debug|Any CPU
		{9FB94D15-7095-4C13-B2C1-39F7036CBE6D}.Debug|x86.Build.0 = Debug|Any CPU
		{9FB94D15-7095-4C13-B2C1-39F7036CBE6D}.Release|Any CPU.ActiveCfg = Release|Any CPU
		{9FB94D15-7095-4C13-B2C1-39F7036CBE6D}.Release|Any CPU.Build.0 = Release|Any CPU
		{9FB94D15-7095-4C13-B2C1-39F7036CBE6D}.Release|x64.ActiveCfg = Release|Any CPU
		{9FB94D15-7095-4C13-B2C1-39F7036CBE6D}.Release|x64.Build.0 = Release|Any CPU
		{9FB94D15-7095-4C13-B2C1-39F7036CBE6D}.Release|x86.ActiveCfg = Release|Any CPU
		{9FB94D15-7095-4C13-B2C1-39F7036CBE6D}.Release|x86.Build.0 = Release|Any CPU
	EndGlobalSection
	GlobalSection(NestedProjects) = preSolution
		{74DE3A2D-B201-4137-A5E8-5B4E02EE1F76} = {45E85FB6-49C9-452A-B739-FF308725E866}
		{9FB94D15-7095-4C13-B2C1-39F7036CBE6D} = {45E85FB6-49C9-452A-B739-FF308725E866}
	EndGlobalSection
EndGlobal
